<?xml version="1.0" encoding="utf-8"?>
<Project ToolsVersion="4.0" xmlns="http://schemas.microsoft.com/developer/msbuild/2003">
  <ItemGroup>
    <Filter Include="Source Files">
      <UniqueIdentifier>{4FC737F1-C7A5-4376-A066-2A32D752A2FF}</UniqueIdentifier>
      <Extensions>cpp;c;cc;cxx;c++;cppm;ixx;def;odl;idl;hpj;bat;asm;asmx</Extensions>
    </Filter>
    <Filter Include="Header Files">
      <UniqueIdentifier>{93995380-89BD-4b04-88EB-625FBE52EBFB}</UniqueIdentifier>
      <Extensions>h;hh;hpp;hxx;h++;hm;inl;inc;ipp;xsd</Extensions>
    </Filter>
    <Filter Include="Resource Files">
      <UniqueIdentifier>{67DA6AB6-F800-4c08-8B7A-83BB121AAD01}</UniqueIdentifier>
      <Extensions>rc;ico;cur;bmp;dlg;rc2;rct;bin;rgs;gif;jpg;jpeg;jpe;resx;tiff;tif;png;wav;mfcribbon-ms</Extensions>
    </Filter>
  </ItemGroup>
  <ItemGroup>
    <ClCompile Include="src\Components\AIState.cpp">
      <Filter>Source Files</Filter>
    </ClCompile>
    <ClCompile Include="src\Managers\UIManager.cpp">
      <Filter>Source Files</Filter>
    </ClCompile>
    <ClCompile Include="src\Physics\ParticleSystem.cpp">
      <Filter>Source Files</Filter>
    </ClCompile>
    <ClCompile Include="src\Physics\Physics2D.cpp">
      <Filter>Source Files</Filter>
    </ClCompile>
    <ClCompile Include="src\D3D11Renderer\D3D11Utils.cpp">
      <Filter>Source Files</Filter>
    </ClCompile>
    <ClCompile Include="src\ResourceSystem\FTMeshGroup.cpp">
      <Filter>Source Files</Filter>
    </ClCompile>
    <ClCompile Include="src\ResourceSystem\Animation\FTSpriteAnimation.cpp">
      <Filter>Source Files</Filter>
    </ClCompile>
    <ClCompile Include="src\ResourceSystem\FTTexture.cpp">
      <Filter>Source Files</Filter>
    </ClCompile>
    <ClCompile Include="src\ResourceSystem\FTTileMap.cpp">
      <Filter>Source Files</Filter>
    </ClCompile>
    <ClCompile Include="src\ResourceSystem\GeometryGenerator.cpp">
      <Filter>Source Files</Filter>
    </ClCompile>
    <ClCompile Include="src\ResourceSystem\Tile.cpp">
      <Filter>Source Files</Filter>
    </ClCompile>
    <ClCompile Include="src\ResourceSystem\FTShape.cpp">
      <Filter>Source Files</Filter>
    </ClCompile>
    <ClCompile Include="src\Managers\CollisionManager.cpp">
      <Filter>Source Files</Filter>
    </ClCompile>
    <ClCompile Include="src\Components\CharacterAI\AgentBehavior.cpp">
      <Filter>Source Files</Filter>
    </ClCompile>
    <ClCompile Include="src\Components\CharacterAI\Seek.cpp">
      <Filter>Source Files</Filter>
    </ClCompile>
    <ClCompile Include="src\Components\CharacterAI\Flee.cpp">
      <Filter>Source Files</Filter>
    </ClCompile>
    <ClCompile Include="src\Components\CharacterAI\Pursue.cpp">
      <Filter>Source Files</Filter>
    </ClCompile>
    <ClCompile Include="src\Components\UIs\ButtonUI.cpp">
      <Filter>Source Files</Filter>
    </ClCompile>
    <ClCompile Include="src\Components\UIs\PanelUI.cpp">
      <Filter>Source Files</Filter>
    </ClCompile>
    <ClCompile Include="src\Components\UIs\UI.cpp">
      <Filter>Source Files</Filter>
    </ClCompile>
    <ClCompile Include="src\Components\AI.cpp">
      <Filter>Source Files</Filter>
    </ClCompile>
    <ClCompile Include="src\Components\Animator.cpp">
      <Filter>Source Files</Filter>
    </ClCompile>
    <ClCompile Include="src\Components\BoxCollider2D.cpp">
      <Filter>Source Files</Filter>
    </ClCompile>
    <ClCompile Include="src\Components\CircleCollider2D.cpp">
      <Filter>Source Files</Filter>
    </ClCompile>
    <ClCompile Include="src\Components\Collider2D.cpp">
      <Filter>Source Files</Filter>
    </ClCompile>
    <ClCompile Include="src\Components\MeshRenderer.cpp">
      <Filter>Source Files</Filter>
    </ClCompile>
    <ClCompile Include="src\Components\Rigidbody2D.cpp">
      <Filter>Source Files</Filter>
    </ClCompile>
    <ClCompile Include="src\Components\SpriteRenderer.cpp">
      <Filter>Source Files</Filter>
    </ClCompile>
    <ClCompile Include="src\Components\TileMapRenderer.cpp">
      <Filter>Source Files</Filter>
    </ClCompile>
    <ClCompile Include="src\Components\UIs\TextRenderer.cpp">
      <Filter>Source Files</Filter>
    </ClCompile>
    <ClCompile Include="src\ResourceSystem\FTFontMap.cpp">
      <Filter>Source Files</Filter>
    </ClCompile>
    <ClCompile Include="src\Managers\LightManager.cpp">
      <Filter>Source Files</Filter>
    </ClCompile>
    <ClCompile Include="src\ResourceSystem\FTMeshData.cpp">
      <Filter>Source Files</Filter>
    </ClCompile>
    <ClCompile Include="src\ResourceSystem\FTMeshDataPack.cpp">
      <Filter>Source Files</Filter>
    </ClCompile>
    <ClCompile Include="include\delegates\Delegates.cpp">
      <Filter>Source Files</Filter>
    </ClCompile>
    <ClCompile Include="src\ResourceSystem\FTRectangle.cpp">
      <Filter>Source Files</Filter>
    </ClCompile>
    <ClCompile Include="src\Managers\DebugShapes.cpp">
      <Filter>Source Files</Filter>
    </ClCompile>
    <ClCompile Include="src\ResourceSystem\FTMaterials\FTMaterial.cpp">
      <Filter>Source Files</Filter>
    </ClCompile>
    <ClCompile Include="src\ResourceSystem\FTShaders\FTShader.cpp">
      <Filter>Source Files</Filter>
    </ClCompile>
    <ClCompile Include="src\ResourceSystem\FTShaders\FTVertexShader.cpp">
      <Filter>Source Files</Filter>
    </ClCompile>
    <ClCompile Include="src\ResourceSystem\FTShaders\FTPixelShader.cpp">
      <Filter>Source Files</Filter>
    </ClCompile>
    <ClCompile Include="src\ResourceSystem\FTMaterials\StandardMaterial.cpp">
      <Filter>Source Files</Filter>
    </ClCompile>
    <ClCompile Include="src\ResourceSystem\FTCubemap\FTCubemap.cpp">
      <Filter>Source Files</Filter>
    </ClCompile>
    <ClCompile Include="src\Managers\AnimationManager.cpp">
      <Filter>Source Files</Filter>
    </ClCompile>
    <ClCompile Include="src\ResourceSystem\Animation\AnimationFrame.cpp">
      <Filter>Source Files</Filter>
    </ClCompile>
    <ClCompile Include="src\ResourceSystem\GenericData\FTCSV.cpp">
      <Filter>Source Files</Filter>
    </ClCompile>
    <ClCompile Include="src\ResourceSystem\GenericData\FTJSON.cpp">
      <Filter>Source Files</Filter>
    </ClCompile>
    <ClCompile Include="src\ResourceSystem\Animation\FTSpineAnimation.cpp">
      <Filter>Source Files</Filter>
    </ClCompile>
    <ClCompile Include="src\Managers\FTSpineLoader.cpp">
      <Filter>Source Files</Filter>
    </ClCompile>
    <ClCompile Include="src\Managers\SoundManager.cpp">
      <Filter>Source Files</Filter>
    </ClCompile>
    <ClCompile Include="src\ResourceSystem\Sound\Sound.cpp">
      <Filter>Source Files</Filter>
    </ClCompile>
    <ClCompile Include="include\stb_vorbis.c">
      <Filter>Source Files</Filter>
    </ClCompile>
    <ClCompile Include="src\ResourceSystem\GenericData\FTText.cpp">
      <Filter>Source Files</Filter>
    </ClCompile>
    <ClCompile Include="src\Components\SpineAnimator.cpp">
      <Filter>Source Files</Filter>
    </ClCompile>
    <ClCompile Include="src\ResourceSystem\FTFont\FTFont.cpp">
      <Filter>Source Files</Filter>
    </ClCompile>
    <ClCompile Include="src\ResourceSystem\FTFont\FontChar.cpp">
      <Filter>Source Files</Filter>
    </ClCompile>
    <ClCompile Include="src\Managers\FontManager.cpp">
      <Filter>Source Files</Filter>
    </ClCompile>
    <ClCompile Include="src\ResourceSystem\FTMaterials\SpriteAnimMat.cpp">
      <Filter>Source Files</Filter>
    </ClCompile>
    <ClCompile Include="src\ResourceSystem\FTShaders\FTGeometryShader.cpp">
      <Filter>Source Files</Filter>
    </ClCompile>
    <ClCompile Include="src\ResourceSystem\FTSprite\FTSprite.cpp">
      <Filter>Source Files</Filter>
    </ClCompile>
    <ClCompile Include="include\spine\Animation.cpp">
      <Filter>Source Files</Filter>
    </ClCompile>
    <ClCompile Include="include\spine\AnimationState.cpp">
      <Filter>Source Files</Filter>
    </ClCompile>
    <ClCompile Include="include\spine\AnimationStateData.cpp">
      <Filter>Source Files</Filter>
    </ClCompile>
    <ClCompile Include="include\spine\Atlas.cpp">
      <Filter>Source Files</Filter>
    </ClCompile>
    <ClCompile Include="include\spine\AtlasAttachmentLoader.cpp">
      <Filter>Source Files</Filter>
    </ClCompile>
    <ClCompile Include="include\spine\Attachment.cpp">
      <Filter>Source Files</Filter>
    </ClCompile>
    <ClCompile Include="include\spine\AttachmentLoader.cpp">
      <Filter>Source Files</Filter>
    </ClCompile>
    <ClCompile Include="include\spine\AttachmentTimeline.cpp">
      <Filter>Source Files</Filter>
    </ClCompile>
    <ClCompile Include="include\spine\Bone.cpp">
      <Filter>Source Files</Filter>
    </ClCompile>
    <ClCompile Include="include\spine\BoneData.cpp">
      <Filter>Source Files</Filter>
    </ClCompile>
    <ClCompile Include="include\spine\BoundingBoxAttachment.cpp">
      <Filter>Source Files</Filter>
    </ClCompile>
    <ClCompile Include="include\spine\ClippingAttachment.cpp">
      <Filter>Source Files</Filter>
    </ClCompile>
    <ClCompile Include="include\spine\ColorTimeline.cpp">
      <Filter>Source Files</Filter>
    </ClCompile>
    <ClCompile Include="include\spine\ConstraintData.cpp">
      <Filter>Source Files</Filter>
    </ClCompile>
    <ClCompile Include="include\spine\CurveTimeline.cpp">
      <Filter>Source Files</Filter>
    </ClCompile>
    <ClCompile Include="include\spine\DeformTimeline.cpp">
      <Filter>Source Files</Filter>
    </ClCompile>
    <ClCompile Include="include\spine\DrawOrderTimeline.cpp">
      <Filter>Source Files</Filter>
    </ClCompile>
    <ClCompile Include="include\spine\Event.cpp">
      <Filter>Source Files</Filter>
    </ClCompile>
    <ClCompile Include="include\spine\EventData.cpp">
      <Filter>Source Files</Filter>
    </ClCompile>
    <ClCompile Include="include\spine\EventTimeline.cpp">
      <Filter>Source Files</Filter>
    </ClCompile>
    <ClCompile Include="include\spine\Extension.cpp">
      <Filter>Source Files</Filter>
    </ClCompile>
    <ClCompile Include="include\spine\IkConstraint.cpp">
      <Filter>Source Files</Filter>
    </ClCompile>
    <ClCompile Include="include\spine\IkConstraintData.cpp">
      <Filter>Source Files</Filter>
    </ClCompile>
    <ClCompile Include="include\spine\IkConstraintTimeline.cpp">
      <Filter>Source Files</Filter>
    </ClCompile>
    <ClCompile Include="include\spine\InheritTimeline.cpp">
      <Filter>Source Files</Filter>
    </ClCompile>
    <ClCompile Include="include\spine\Json.cpp">
      <Filter>Source Files</Filter>
    </ClCompile>
    <ClCompile Include="include\spine\LinkedMesh.cpp">
      <Filter>Source Files</Filter>
    </ClCompile>
    <ClCompile Include="include\spine\Log.cpp">
      <Filter>Source Files</Filter>
    </ClCompile>
    <ClCompile Include="include\spine\MathUtil.cpp">
      <Filter>Source Files</Filter>
    </ClCompile>
    <ClCompile Include="include\spine\MeshAttachment.cpp">
      <Filter>Source Files</Filter>
    </ClCompile>
    <ClCompile Include="include\spine\PathAttachment.cpp">
      <Filter>Source Files</Filter>
    </ClCompile>
    <ClCompile Include="include\spine\PathConstraint.cpp">
      <Filter>Source Files</Filter>
    </ClCompile>
    <ClCompile Include="include\spine\PathConstraintData.cpp">
      <Filter>Source Files</Filter>
    </ClCompile>
    <ClCompile Include="include\spine\PathConstraintMixTimeline.cpp">
      <Filter>Source Files</Filter>
    </ClCompile>
    <ClCompile Include="include\spine\PathConstraintPositionTimeline.cpp">
      <Filter>Source Files</Filter>
    </ClCompile>
    <ClCompile Include="include\spine\PathConstraintSpacingTimeline.cpp">
      <Filter>Source Files</Filter>
    </ClCompile>
    <ClCompile Include="include\spine\PhysicsConstraint.cpp">
      <Filter>Source Files</Filter>
    </ClCompile>
    <ClCompile Include="include\spine\PhysicsConstraintData.cpp">
      <Filter>Source Files</Filter>
    </ClCompile>
    <ClCompile Include="include\spine\PhysicsConstraintTimeline.cpp">
      <Filter>Source Files</Filter>
    </ClCompile>
    <ClCompile Include="include\spine\PointAttachment.cpp">
      <Filter>Source Files</Filter>
    </ClCompile>
    <ClCompile Include="include\spine\RegionAttachment.cpp">
      <Filter>Source Files</Filter>
    </ClCompile>
    <ClCompile Include="include\spine\RotateTimeline.cpp">
      <Filter>Source Files</Filter>
    </ClCompile>
    <ClCompile Include="include\spine\RTTI.cpp">
      <Filter>Source Files</Filter>
    </ClCompile>
    <ClCompile Include="include\spine\ScaleTimeline.cpp">
      <Filter>Source Files</Filter>
    </ClCompile>
    <ClCompile Include="include\spine\Sequence.cpp">
      <Filter>Source Files</Filter>
    </ClCompile>
    <ClCompile Include="include\spine\SequenceTimeline.cpp">
      <Filter>Source Files</Filter>
    </ClCompile>
    <ClCompile Include="include\spine\ShearTimeline.cpp">
      <Filter>Source Files</Filter>
    </ClCompile>
    <ClCompile Include="include\spine\Skeleton.cpp">
      <Filter>Source Files</Filter>
    </ClCompile>
    <ClCompile Include="include\spine\SkeletonBinary.cpp">
      <Filter>Source Files</Filter>
    </ClCompile>
    <ClCompile Include="include\spine\SkeletonBounds.cpp">
      <Filter>Source Files</Filter>
    </ClCompile>
    <ClCompile Include="include\spine\SkeletonClipping.cpp">
      <Filter>Source Files</Filter>
    </ClCompile>
    <ClCompile Include="include\spine\SkeletonData.cpp">
      <Filter>Source Files</Filter>
    </ClCompile>
    <ClCompile Include="include\spine\SkeletonJson.cpp">
      <Filter>Source Files</Filter>
    </ClCompile>
    <ClCompile Include="include\spine\SkeletonRenderer.cpp">
      <Filter>Source Files</Filter>
    </ClCompile>
    <ClCompile Include="include\spine\Skin.cpp">
      <Filter>Source Files</Filter>
    </ClCompile>
    <ClCompile Include="include\spine\Slot.cpp">
      <Filter>Source Files</Filter>
    </ClCompile>
    <ClCompile Include="include\spine\SlotData.cpp">
      <Filter>Source Files</Filter>
    </ClCompile>
    <ClCompile Include="include\spine\SpineObject.cpp">
      <Filter>Source Files</Filter>
    </ClCompile>
    <ClCompile Include="include\spine\TextureLoader.cpp">
      <Filter>Source Files</Filter>
    </ClCompile>
    <ClCompile Include="include\spine\Timeline.cpp">
      <Filter>Source Files</Filter>
    </ClCompile>
    <ClCompile Include="include\spine\TransformConstraint.cpp">
      <Filter>Source Files</Filter>
    </ClCompile>
    <ClCompile Include="include\spine\TransformConstraintData.cpp">
      <Filter>Source Files</Filter>
    </ClCompile>
    <ClCompile Include="include\spine\TransformConstraintTimeline.cpp">
      <Filter>Source Files</Filter>
    </ClCompile>
    <ClCompile Include="include\spine\TranslateTimeline.cpp">
      <Filter>Source Files</Filter>
    </ClCompile>
    <ClCompile Include="include\spine\Triangulator.cpp">
      <Filter>Source Files</Filter>
    </ClCompile>
    <ClCompile Include="include\spine\Updatable.cpp">
      <Filter>Source Files</Filter>
    </ClCompile>
    <ClCompile Include="include\spine\VertexAttachment.cpp">
      <Filter>Source Files</Filter>
    </ClCompile>
    <ClCompile Include="src\ResourceSystem\D3D11PSO.cpp">
      <Filter>Source Files</Filter>
    </ClCompile>
    <ClCompile Include="src\D3D11Renderer\D3D11Renderer.cpp">
      <Filter>Source Files</Filter>
    </ClCompile>
    <ClCompile Include="src\D3D11Renderer\D3D11Window.cpp">
      <Filter>Source Files</Filter>
    </ClCompile>
    <ClCompile Include="src\D3D11Renderer\D3D11InputDevice.cpp">
      <Filter>Source Files</Filter>
    </ClCompile>
  </ItemGroup>
  <ItemGroup>
    <ClInclude Include="src\Components\AIState.h">
      <Filter>Header Files</Filter>
    </ClInclude>
    <ClInclude Include="src\Components\SpriteComponent.h">
      <Filter>Header Files</Filter>
    </ClInclude>
    <ClInclude Include="src\Managers\UIManager.h">
      <Filter>Header Files</Filter>
    </ClInclude>
    <ClInclude Include="src\Physics\ParticleSystem.h">
      <Filter>Header Files</Filter>
    </ClInclude>
    <ClInclude Include="src\Physics\Physics2D.h">
      <Filter>Header Files</Filter>
    </ClInclude>
    <ClInclude Include="src\Physics\Ray.h">
      <Filter>Header Files</Filter>
    </ClInclude>
    <ClInclude Include="src\Physics\RayCastHit2D.h">
      <Filter>Header Files</Filter>
    </ClInclude>
    <ClInclude Include="src\D3D11Renderer\D3D11Utils.h">
      <Filter>Header Files</Filter>
    </ClInclude>
    <ClInclude Include="src\ResourceSystem\FTMeshGroup.h">
      <Filter>Header Files</Filter>
    </ClInclude>
    <ClInclude Include="src\ResourceSystem\Animation\FTSpriteAnimation.h">
      <Filter>Header Files</Filter>
    </ClInclude>
    <ClInclude Include="src\ResourceSystem\FTTexture.h">
      <Filter>Header Files</Filter>
    </ClInclude>
    <ClInclude Include="src\ResourceSystem\FTTileMap.h">
      <Filter>Header Files</Filter>
    </ClInclude>
    <ClInclude Include="src\ResourceSystem\GeometryGenerator.h">
      <Filter>Header Files</Filter>
    </ClInclude>
    <ClInclude Include="src\ResourceSystem\Mesh.h">
      <Filter>Header Files</Filter>
    </ClInclude>
    <ClInclude Include="src\ResourceSystem\MeshConstantData.h">
      <Filter>Header Files</Filter>
    </ClInclude>
    <ClInclude Include="src\ResourceSystem\Tile.h">
      <Filter>Header Files</Filter>
    </ClInclude>
    <ClInclude Include="src\ResourceSystem\Vertex.h">
      <Filter>Header Files</Filter>
    </ClInclude>
    <ClInclude Include="src\FileSystem\ChunkFileKeys.h">
      <Filter>Header Files</Filter>
    </ClInclude>
    <ClInclude Include="src\ResourceSystem\FTShape.h">
      <Filter>Header Files</Filter>
    </ClInclude>
    <ClInclude Include="src\Managers\CollisionManager.h">
      <Filter>Header Files</Filter>
    </ClInclude>
    <ClInclude Include="src\Components\CharacterAI\Steering.h">
      <Filter>Header Files</Filter>
    </ClInclude>
    <ClInclude Include="src\Components\CharacterAI\AgentBehavior.h">
      <Filter>Header Files</Filter>
    </ClInclude>
    <ClInclude Include="src\Components\CharacterAI\Seek.h">
      <Filter>Header Files</Filter>
    </ClInclude>
    <ClInclude Include="src\Components\CharacterAI\Flee.h">
      <Filter>Header Files</Filter>
    </ClInclude>
    <ClInclude Include="src\Components\CharacterAI\Pursue.h">
      <Filter>Header Files</Filter>
    </ClInclude>
    <ClInclude Include="src\Components\UIs\ButtonUI.h">
      <Filter>Header Files</Filter>
    </ClInclude>
    <ClInclude Include="src\Components\UIs\PanelUI.h">
      <Filter>Header Files</Filter>
    </ClInclude>
    <ClInclude Include="src\Components\UIs\UI.h">
      <Filter>Header Files</Filter>
    </ClInclude>
    <ClInclude Include="src\Components\AI.h">
      <Filter>Header Files</Filter>
    </ClInclude>
    <ClInclude Include="src\Components\Animator.h">
      <Filter>Header Files</Filter>
    </ClInclude>
    <ClInclude Include="src\Components\BatchHeaders.h">
      <Filter>Header Files</Filter>
    </ClInclude>
    <ClInclude Include="src\Components\BoxCollider2D.h">
      <Filter>Header Files</Filter>
    </ClInclude>
    <ClInclude Include="src\Components\CircleCollider2D.h">
      <Filter>Header Files</Filter>
    </ClInclude>
    <ClInclude Include="src\Components\Collider2D.h">
      <Filter>Header Files</Filter>
    </ClInclude>
    <ClInclude Include="src\Components\MeshRenderer.h">
      <Filter>Header Files</Filter>
    </ClInclude>
    <ClInclude Include="src\Components\Rigidbody2D.h">
      <Filter>Header Files</Filter>
    </ClInclude>
    <ClInclude Include="src\Components\SpriteRenderer.h">
      <Filter>Header Files</Filter>
    </ClInclude>
    <ClInclude Include="src\Components\TileMapRenderer.h">
      <Filter>Header Files</Filter>
    </ClInclude>
    <ClInclude Include="src\Components\UIs\TextRenderer.h">
      <Filter>Header Files</Filter>
    </ClInclude>
    <ClInclude Include="src\ResourceSystem\FTFontMap.h">
      <Filter>Header Files</Filter>
    </ClInclude>
    <ClInclude Include="src\ResourceSystem\TextAttribute.h">
      <Filter>Header Files</Filter>
    </ClInclude>
    <ClInclude Include="src\ResourceSystem\Light.h">
      <Filter>Header Files</Filter>
    </ClInclude>
    <ClInclude Include="src\ResourceSystem\FTMaterials\FTMaterial.h">
      <Filter>Header Files</Filter>
    </ClInclude>
    <ClInclude Include="src\FileSystem\MaterialFileKeys.h">
      <Filter>Header Files</Filter>
    </ClInclude>
    <ClInclude Include="src\Managers\LightManager.h">
      <Filter>Header Files</Filter>
    </ClInclude>
    <ClInclude Include="include\spine\Animation.h">
      <Filter>Header Files</Filter>
    </ClInclude>
    <ClInclude Include="include\spine\AnimationState.h">
      <Filter>Header Files</Filter>
    </ClInclude>
    <ClInclude Include="include\spine\AnimationStateData.h">
      <Filter>Header Files</Filter>
    </ClInclude>
    <ClInclude Include="include\spine\Atlas.h">
      <Filter>Header Files</Filter>
    </ClInclude>
    <ClInclude Include="include\spine\AtlasAttachmentLoader.h">
      <Filter>Header Files</Filter>
    </ClInclude>
    <ClInclude Include="include\spine\Attachment.h">
      <Filter>Header Files</Filter>
    </ClInclude>
    <ClInclude Include="include\spine\AttachmentLoader.h">
      <Filter>Header Files</Filter>
    </ClInclude>
    <ClInclude Include="include\spine\AttachmentTimeline.h">
      <Filter>Header Files</Filter>
    </ClInclude>
    <ClInclude Include="include\spine\AttachmentType.h">
      <Filter>Header Files</Filter>
    </ClInclude>
    <ClInclude Include="include\spine\BlendMode.h">
      <Filter>Header Files</Filter>
    </ClInclude>
    <ClInclude Include="include\spine\BlockAllocator.h">
      <Filter>Header Files</Filter>
    </ClInclude>
    <ClInclude Include="include\spine\Bone.h">
      <Filter>Header Files</Filter>
    </ClInclude>
    <ClInclude Include="include\spine\BoneData.h">
      <Filter>Header Files</Filter>
    </ClInclude>
    <ClInclude Include="include\spine\BoundingBoxAttachment.h">
      <Filter>Header Files</Filter>
    </ClInclude>
    <ClInclude Include="include\spine\ClippingAttachment.h">
      <Filter>Header Files</Filter>
    </ClInclude>
    <ClInclude Include="include\spine\Color.h">
      <Filter>Header Files</Filter>
    </ClInclude>
    <ClInclude Include="include\spine\ColorTimeline.h">
      <Filter>Header Files</Filter>
    </ClInclude>
    <ClInclude Include="include\spine\ConstraintData.h">
      <Filter>Header Files</Filter>
    </ClInclude>
    <ClInclude Include="include\spine\ContainerUtil.h">
      <Filter>Header Files</Filter>
    </ClInclude>
    <ClInclude Include="include\spine\CurveTimeline.h">
      <Filter>Header Files</Filter>
    </ClInclude>
    <ClInclude Include="include\spine\Debug.h">
      <Filter>Header Files</Filter>
    </ClInclude>
    <ClInclude Include="include\spine\DeformTimeline.h">
      <Filter>Header Files</Filter>
    </ClInclude>
    <ClInclude Include="include\spine\dll.h">
      <Filter>Header Files</Filter>
    </ClInclude>
    <ClInclude Include="include\spine\DrawOrderTimeline.h">
      <Filter>Header Files</Filter>
    </ClInclude>
    <ClInclude Include="include\spine\Event.h">
      <Filter>Header Files</Filter>
    </ClInclude>
    <ClInclude Include="include\spine\EventData.h">
      <Filter>Header Files</Filter>
    </ClInclude>
    <ClInclude Include="include\spine\EventTimeline.h">
      <Filter>Header Files</Filter>
    </ClInclude>
    <ClInclude Include="include\spine\Extension.h">
      <Filter>Header Files</Filter>
    </ClInclude>
    <ClInclude Include="include\spine\HashMap.h">
      <Filter>Header Files</Filter>
    </ClInclude>
    <ClInclude Include="include\spine\HasRendererObject.h">
      <Filter>Header Files</Filter>
    </ClInclude>
    <ClInclude Include="include\spine\IkConstraint.h">
      <Filter>Header Files</Filter>
    </ClInclude>
    <ClInclude Include="include\spine\IkConstraintData.h">
      <Filter>Header Files</Filter>
    </ClInclude>
    <ClInclude Include="include\spine\IkConstraintTimeline.h">
      <Filter>Header Files</Filter>
    </ClInclude>
    <ClInclude Include="include\spine\Inherit.h">
      <Filter>Header Files</Filter>
    </ClInclude>
    <ClInclude Include="include\spine\InheritTimeline.h">
      <Filter>Header Files</Filter>
    </ClInclude>
    <ClInclude Include="include\spine\Json.h">
      <Filter>Header Files</Filter>
    </ClInclude>
    <ClInclude Include="include\spine\LinkedMesh.h">
      <Filter>Header Files</Filter>
    </ClInclude>
    <ClInclude Include="include\spine\Log.h">
      <Filter>Header Files</Filter>
    </ClInclude>
    <ClInclude Include="include\spine\MathUtil.h">
      <Filter>Header Files</Filter>
    </ClInclude>
    <ClInclude Include="include\spine\MeshAttachment.h">
      <Filter>Header Files</Filter>
    </ClInclude>
    <ClInclude Include="include\spine\MixBlend.h">
      <Filter>Header Files</Filter>
    </ClInclude>
    <ClInclude Include="include\spine\MixDirection.h">
      <Filter>Header Files</Filter>
    </ClInclude>
    <ClInclude Include="include\spine\PathAttachment.h">
      <Filter>Header Files</Filter>
    </ClInclude>
    <ClInclude Include="include\spine\PathConstraint.h">
      <Filter>Header Files</Filter>
    </ClInclude>
    <ClInclude Include="include\spine\PathConstraintData.h">
      <Filter>Header Files</Filter>
    </ClInclude>
    <ClInclude Include="include\spine\PathConstraintMixTimeline.h">
      <Filter>Header Files</Filter>
    </ClInclude>
    <ClInclude Include="include\spine\PathConstraintPositionTimeline.h">
      <Filter>Header Files</Filter>
    </ClInclude>
    <ClInclude Include="include\spine\PathConstraintSpacingTimeline.h">
      <Filter>Header Files</Filter>
    </ClInclude>
    <ClInclude Include="include\spine\Physics.h">
      <Filter>Header Files</Filter>
    </ClInclude>
    <ClInclude Include="include\spine\PhysicsConstraint.h">
      <Filter>Header Files</Filter>
    </ClInclude>
    <ClInclude Include="include\spine\PhysicsConstraintData.h">
      <Filter>Header Files</Filter>
    </ClInclude>
    <ClInclude Include="include\spine\PhysicsConstraintTimeline.h">
      <Filter>Header Files</Filter>
    </ClInclude>
    <ClInclude Include="include\spine\PointAttachment.h">
      <Filter>Header Files</Filter>
    </ClInclude>
    <ClInclude Include="include\spine\Pool.h">
      <Filter>Header Files</Filter>
    </ClInclude>
    <ClInclude Include="include\spine\PositionMode.h">
      <Filter>Header Files</Filter>
    </ClInclude>
    <ClInclude Include="include\spine\Property.h">
      <Filter>Header Files</Filter>
    </ClInclude>
    <ClInclude Include="include\spine\RegionAttachment.h">
      <Filter>Header Files</Filter>
    </ClInclude>
    <ClInclude Include="include\spine\RotateMode.h">
      <Filter>Header Files</Filter>
    </ClInclude>
    <ClInclude Include="include\spine\RotateTimeline.h">
      <Filter>Header Files</Filter>
    </ClInclude>
    <ClInclude Include="include\spine\RTTI.h">
      <Filter>Header Files</Filter>
    </ClInclude>
    <ClInclude Include="include\spine\ScaleTimeline.h">
      <Filter>Header Files</Filter>
    </ClInclude>
    <ClInclude Include="include\spine\Sequence.h">
      <Filter>Header Files</Filter>
    </ClInclude>
    <ClInclude Include="include\spine\SequenceTimeline.h">
      <Filter>Header Files</Filter>
    </ClInclude>
    <ClInclude Include="include\spine\ShearTimeline.h">
      <Filter>Header Files</Filter>
    </ClInclude>
    <ClInclude Include="include\spine\Skeleton.h">
      <Filter>Header Files</Filter>
    </ClInclude>
    <ClInclude Include="include\spine\SkeletonBinary.h">
      <Filter>Header Files</Filter>
    </ClInclude>
    <ClInclude Include="include\spine\SkeletonBounds.h">
      <Filter>Header Files</Filter>
    </ClInclude>
    <ClInclude Include="include\spine\SkeletonClipping.h">
      <Filter>Header Files</Filter>
    </ClInclude>
    <ClInclude Include="include\spine\SkeletonData.h">
      <Filter>Header Files</Filter>
    </ClInclude>
    <ClInclude Include="include\spine\SkeletonJson.h">
      <Filter>Header Files</Filter>
    </ClInclude>
    <ClInclude Include="include\spine\SkeletonRenderer.h">
      <Filter>Header Files</Filter>
    </ClInclude>
    <ClInclude Include="include\spine\Skin.h">
      <Filter>Header Files</Filter>
    </ClInclude>
    <ClInclude Include="include\spine\Slot.h">
      <Filter>Header Files</Filter>
    </ClInclude>
    <ClInclude Include="include\spine\SlotData.h">
      <Filter>Header Files</Filter>
    </ClInclude>
    <ClInclude Include="include\spine\SpacingMode.h">
      <Filter>Header Files</Filter>
    </ClInclude>
    <ClInclude Include="include\spine\spine.h">
      <Filter>Header Files</Filter>
    </ClInclude>
    <ClInclude Include="include\spine\SpineObject.h">
      <Filter>Header Files</Filter>
    </ClInclude>
    <ClInclude Include="include\spine\SpineString.h">
      <Filter>Header Files</Filter>
    </ClInclude>
    <ClInclude Include="include\spine\TextureLoader.h">
      <Filter>Header Files</Filter>
    </ClInclude>
    <ClInclude Include="include\spine\TextureRegion.h">
      <Filter>Header Files</Filter>
    </ClInclude>
    <ClInclude Include="include\spine\Timeline.h">
      <Filter>Header Files</Filter>
    </ClInclude>
    <ClInclude Include="include\spine\TransformConstraint.h">
      <Filter>Header Files</Filter>
    </ClInclude>
    <ClInclude Include="include\spine\TransformConstraintData.h">
      <Filter>Header Files</Filter>
    </ClInclude>
    <ClInclude Include="include\spine\TransformConstraintTimeline.h">
      <Filter>Header Files</Filter>
    </ClInclude>
    <ClInclude Include="include\spine\TranslateTimeline.h">
      <Filter>Header Files</Filter>
    </ClInclude>
    <ClInclude Include="include\spine\Triangulator.h">
      <Filter>Header Files</Filter>
    </ClInclude>
    <ClInclude Include="include\spine\Updatable.h">
      <Filter>Header Files</Filter>
    </ClInclude>
    <ClInclude Include="include\spine\Vector.h">
      <Filter>Header Files</Filter>
    </ClInclude>
    <ClInclude Include="include\spine\Version.h">
      <Filter>Header Files</Filter>
    </ClInclude>
    <ClInclude Include="include\spine\VertexAttachment.h">
      <Filter>Header Files</Filter>
    </ClInclude>
    <ClInclude Include="include\spine\Vertices.h">
      <Filter>Header Files</Filter>
    </ClInclude>
    <ClInclude Include="src\ResourceSystem\FTMeshData.h">
      <Filter>Header Files</Filter>
    </ClInclude>
    <ClInclude Include="include\assimp\Common\assbin_chunks.h">
      <Filter>Header Files</Filter>
    </ClInclude>
    <ClInclude Include="include\assimp\Common\BaseProcess.h">
      <Filter>Header Files</Filter>
    </ClInclude>
    <ClInclude Include="include\assimp\Common\Compression.h">
      <Filter>Header Files</Filter>
    </ClInclude>
    <ClInclude Include="include\assimp\Common\DefaultProgressHandler.h">
      <Filter>Header Files</Filter>
    </ClInclude>
    <ClInclude Include="include\assimp\Common\FileLogStream.h">
      <Filter>Header Files</Filter>
    </ClInclude>
    <ClInclude Include="include\assimp\Common\FileSystemFilter.h">
      <Filter>Header Files</Filter>
    </ClInclude>
    <ClInclude Include="include\assimp\Common\IFF.h">
      <Filter>Header Files</Filter>
    </ClInclude>
    <ClInclude Include="include\assimp\Common\Importer.h">
      <Filter>Header Files</Filter>
    </ClInclude>
    <ClInclude Include="include\assimp\Common\Maybe.h">
      <Filter>Header Files</Filter>
    </ClInclude>
    <ClInclude Include="include\assimp\Common\PolyTools.h">
      <Filter>Header Files</Filter>
    </ClInclude>
    <ClInclude Include="include\assimp\Common\ScenePreprocessor.h">
      <Filter>Header Files</Filter>
    </ClInclude>
    <ClInclude Include="include\assimp\Common\ScenePrivate.h">
      <Filter>Header Files</Filter>
    </ClInclude>
    <ClInclude Include="include\assimp\Common\simd.h">
      <Filter>Header Files</Filter>
    </ClInclude>
    <ClInclude Include="include\assimp\Common\StackAllocator.h">
      <Filter>Header Files</Filter>
    </ClInclude>
    <ClInclude Include="include\assimp\Common\StbCommon.h">
      <Filter>Header Files</Filter>
    </ClInclude>
    <ClInclude Include="include\assimp\Common\StdOStreamLogStream.h">
      <Filter>Header Files</Filter>
    </ClInclude>
    <ClInclude Include="include\assimp\Common\TargetAnimation.h">
      <Filter>Header Files</Filter>
    </ClInclude>
    <ClInclude Include="include\assimp\Common\VertexTriangleAdjacency.h">
      <Filter>Header Files</Filter>
    </ClInclude>
    <ClInclude Include="include\assimp\Common\Win32DebugLogStream.h">
      <Filter>Header Files</Filter>
    </ClInclude>
    <ClInclude Include="include\assimp\AssetLib\3DS\3DSExporter.h">
      <Filter>Header Files</Filter>
    </ClInclude>
    <ClInclude Include="include\assimp\AssetLib\3DS\3DSHelper.h">
      <Filter>Header Files</Filter>
    </ClInclude>
    <ClInclude Include="include\assimp\AssetLib\3DS\3DSLoader.h">
      <Filter>Header Files</Filter>
    </ClInclude>
    <ClInclude Include="include\assimp\AssetLib\3MF\3MFTypes.h">
      <Filter>Header Files</Filter>
    </ClInclude>
    <ClInclude Include="include\assimp\AssetLib\3MF\3MFXmlTags.h">
      <Filter>Header Files</Filter>
    </ClInclude>
    <ClInclude Include="include\assimp\AssetLib\3MF\D3MFExporter.h">
      <Filter>Header Files</Filter>
    </ClInclude>
    <ClInclude Include="include\assimp\AssetLib\3MF\D3MFImporter.h">
      <Filter>Header Files</Filter>
    </ClInclude>
    <ClInclude Include="include\assimp\AssetLib\3MF\D3MFOpcPackage.h">
      <Filter>Header Files</Filter>
    </ClInclude>
    <ClInclude Include="include\assimp\AssetLib\3MF\XmlSerializer.h">
      <Filter>Header Files</Filter>
    </ClInclude>
    <ClInclude Include="include\assimp\AssetLib\AC\ACLoader.h">
      <Filter>Header Files</Filter>
    </ClInclude>
    <ClInclude Include="include\assimp\AssetLib\AMF\AMFImporter.hpp">
      <Filter>Header Files</Filter>
    </ClInclude>
    <ClInclude Include="include\assimp\AssetLib\AMF\AMFImporter_Node.hpp">
      <Filter>Header Files</Filter>
    </ClInclude>
    <ClInclude Include="include\assimp\AssetLib\ASE\ASELoader.h">
      <Filter>Header Files</Filter>
    </ClInclude>
    <ClInclude Include="include\assimp\AssetLib\ASE\ASEParser.h">
      <Filter>Header Files</Filter>
    </ClInclude>
    <ClInclude Include="include\assimp\AssetLib\Assbin\AssbinExporter.h">
      <Filter>Header Files</Filter>
    </ClInclude>
    <ClInclude Include="include\assimp\AssetLib\Assbin\AssbinFileWriter.h">
      <Filter>Header Files</Filter>
    </ClInclude>
    <ClInclude Include="include\assimp\AssetLib\Assbin\AssbinLoader.h">
      <Filter>Header Files</Filter>
    </ClInclude>
    <ClInclude Include="include\assimp\AssetLib\Assjson\cencode.h">
      <Filter>Header Files</Filter>
    </ClInclude>
    <ClInclude Include="include\assimp\AssetLib\Assjson\mesh_splitter.h">
      <Filter>Header Files</Filter>
    </ClInclude>
    <ClInclude Include="include\assimp\AssetLib\Assxml\AssxmlExporter.h">
      <Filter>Header Files</Filter>
    </ClInclude>
    <ClInclude Include="include\assimp\AssetLib\Assxml\AssxmlFileWriter.h">
      <Filter>Header Files</Filter>
    </ClInclude>
    <ClInclude Include="include\assimp\AssetLib\B3D\B3DImporter.h">
      <Filter>Header Files</Filter>
    </ClInclude>
    <ClInclude Include="include\assimp\AssetLib\Blender\BlenderBMesh.h">
      <Filter>Header Files</Filter>
    </ClInclude>
    <ClInclude Include="include\assimp\AssetLib\Blender\BlenderCustomData.h">
      <Filter>Header Files</Filter>
    </ClInclude>
    <ClInclude Include="include\assimp\AssetLib\Blender\BlenderDNA.h">
      <Filter>Header Files</Filter>
    </ClInclude>
    <ClInclude Include="include\assimp\AssetLib\Blender\BlenderIntermediate.h">
      <Filter>Header Files</Filter>
    </ClInclude>
    <ClInclude Include="include\assimp\AssetLib\Blender\BlenderLoader.h">
      <Filter>Header Files</Filter>
    </ClInclude>
    <ClInclude Include="include\assimp\AssetLib\Blender\BlenderModifier.h">
      <Filter>Header Files</Filter>
    </ClInclude>
    <ClInclude Include="include\assimp\AssetLib\Blender\BlenderScene.h">
      <Filter>Header Files</Filter>
    </ClInclude>
    <ClInclude Include="include\assimp\AssetLib\Blender\BlenderSceneGen.h">
      <Filter>Header Files</Filter>
    </ClInclude>
    <ClInclude Include="include\assimp\AssetLib\Blender\BlenderTessellator.h">
      <Filter>Header Files</Filter>
    </ClInclude>
    <ClInclude Include="include\assimp\AssetLib\BVH\BVHLoader.h">
      <Filter>Header Files</Filter>
    </ClInclude>
    <ClInclude Include="include\assimp\AssetLib\C4D\C4DImporter.h">
      <Filter>Header Files</Filter>
    </ClInclude>
    <ClInclude Include="include\assimp\AssetLib\COB\COBLoader.h">
      <Filter>Header Files</Filter>
    </ClInclude>
    <ClInclude Include="include\assimp\AssetLib\COB\COBScene.h">
      <Filter>Header Files</Filter>
    </ClInclude>
    <ClInclude Include="include\assimp\AssetLib\Collada\ColladaExporter.h">
      <Filter>Header Files</Filter>
    </ClInclude>
    <ClInclude Include="include\assimp\AssetLib\Collada\ColladaHelper.h">
      <Filter>Header Files</Filter>
    </ClInclude>
    <ClInclude Include="include\assimp\AssetLib\Collada\ColladaLoader.h">
      <Filter>Header Files</Filter>
    </ClInclude>
    <ClInclude Include="include\assimp\AssetLib\Collada\ColladaParser.h">
      <Filter>Header Files</Filter>
    </ClInclude>
    <ClInclude Include="include\assimp\AssetLib\CSM\CSMLoader.h">
      <Filter>Header Files</Filter>
    </ClInclude>
    <ClInclude Include="include\assimp\AssetLib\DXF\DXFHelper.h">
      <Filter>Header Files</Filter>
    </ClInclude>
    <ClInclude Include="include\assimp\AssetLib\DXF\DXFLoader.h">
      <Filter>Header Files</Filter>
    </ClInclude>
    <ClInclude Include="include\assimp\AssetLib\FBX\FBXCommon.h">
      <Filter>Header Files</Filter>
    </ClInclude>
    <ClInclude Include="include\assimp\AssetLib\FBX\FBXCompileConfig.h">
      <Filter>Header Files</Filter>
    </ClInclude>
    <ClInclude Include="include\assimp\AssetLib\FBX\FBXConverter.h">
      <Filter>Header Files</Filter>
    </ClInclude>
    <ClInclude Include="include\assimp\AssetLib\FBX\FBXDocument.h">
      <Filter>Header Files</Filter>
    </ClInclude>
    <ClInclude Include="include\assimp\AssetLib\FBX\FBXDocumentUtil.h">
      <Filter>Header Files</Filter>
    </ClInclude>
    <ClInclude Include="include\assimp\AssetLib\FBX\FBXExporter.h">
      <Filter>Header Files</Filter>
    </ClInclude>
    <ClInclude Include="include\assimp\AssetLib\FBX\FBXExportNode.h">
      <Filter>Header Files</Filter>
    </ClInclude>
    <ClInclude Include="include\assimp\AssetLib\FBX\FBXExportProperty.h">
      <Filter>Header Files</Filter>
    </ClInclude>
    <ClInclude Include="include\assimp\AssetLib\FBX\FBXImporter.h">
      <Filter>Header Files</Filter>
    </ClInclude>
    <ClInclude Include="include\assimp\AssetLib\FBX\FBXImportSettings.h">
      <Filter>Header Files</Filter>
    </ClInclude>
    <ClInclude Include="include\assimp\AssetLib\FBX\FBXMeshGeometry.h">
      <Filter>Header Files</Filter>
    </ClInclude>
    <ClInclude Include="include\assimp\AssetLib\FBX\FBXParser.h">
      <Filter>Header Files</Filter>
    </ClInclude>
    <ClInclude Include="include\assimp\AssetLib\FBX\FBXProperties.h">
      <Filter>Header Files</Filter>
    </ClInclude>
    <ClInclude Include="include\assimp\AssetLib\FBX\FBXTokenizer.h">
      <Filter>Header Files</Filter>
    </ClInclude>
    <ClInclude Include="include\assimp\AssetLib\FBX\FBXUtil.h">
      <Filter>Header Files</Filter>
    </ClInclude>
    <ClInclude Include="include\assimp\AssetLib\glTF\glTFAsset.h">
      <Filter>Header Files</Filter>
    </ClInclude>
    <ClInclude Include="include\assimp\AssetLib\glTF\glTFAssetWriter.h">
      <Filter>Header Files</Filter>
    </ClInclude>
    <ClInclude Include="include\assimp\AssetLib\glTF\glTFCommon.h">
      <Filter>Header Files</Filter>
    </ClInclude>
    <ClInclude Include="include\assimp\AssetLib\glTF\glTFExporter.h">
      <Filter>Header Files</Filter>
    </ClInclude>
    <ClInclude Include="include\assimp\AssetLib\glTF\glTFImporter.h">
      <Filter>Header Files</Filter>
    </ClInclude>
    <ClInclude Include="include\assimp\AssetLib\glTF2\glTF2Asset.h">
      <Filter>Header Files</Filter>
    </ClInclude>
    <ClInclude Include="include\assimp\AssetLib\glTF2\glTF2AssetWriter.h">
      <Filter>Header Files</Filter>
    </ClInclude>
    <ClInclude Include="include\assimp\AssetLib\glTF2\glTF2Exporter.h">
      <Filter>Header Files</Filter>
    </ClInclude>
    <ClInclude Include="include\assimp\AssetLib\glTF2\glTF2Importer.h">
      <Filter>Header Files</Filter>
    </ClInclude>
    <ClInclude Include="include\assimp\AssetLib\HMP\HalfLifeFileData.h">
      <Filter>Header Files</Filter>
    </ClInclude>
    <ClInclude Include="include\assimp\AssetLib\HMP\HMPFileData.h">
      <Filter>Header Files</Filter>
    </ClInclude>
    <ClInclude Include="include\assimp\AssetLib\HMP\HMPLoader.h">
      <Filter>Header Files</Filter>
    </ClInclude>
    <ClInclude Include="include\assimp\AssetLib\IFC\IFCLoader.h">
      <Filter>Header Files</Filter>
    </ClInclude>
    <ClInclude Include="include\assimp\AssetLib\IFC\IFCReaderGen_2x3.h">
      <Filter>Header Files</Filter>
    </ClInclude>
    <ClInclude Include="include\assimp\AssetLib\IFC\IFCReaderGen_4.h">
      <Filter>Header Files</Filter>
    </ClInclude>
    <ClInclude Include="include\assimp\AssetLib\IFC\IFCUtil.h">
      <Filter>Header Files</Filter>
    </ClInclude>
    <ClInclude Include="include\assimp\AssetLib\IQM\iqm.h">
      <Filter>Header Files</Filter>
    </ClInclude>
    <ClInclude Include="include\assimp\AssetLib\IQM\IQMImporter.h">
      <Filter>Header Files</Filter>
    </ClInclude>
    <ClInclude Include="include\assimp\AssetLib\Irr\IRRLoader.h">
      <Filter>Header Files</Filter>
    </ClInclude>
    <ClInclude Include="include\assimp\AssetLib\Irr\IRRMeshLoader.h">
      <Filter>Header Files</Filter>
    </ClInclude>
    <ClInclude Include="include\assimp\AssetLib\Irr\IRRShared.h">
      <Filter>Header Files</Filter>
    </ClInclude>
    <ClInclude Include="include\assimp\AssetLib\LWO\LWOAnimation.h">
      <Filter>Header Files</Filter>
    </ClInclude>
    <ClInclude Include="include\assimp\AssetLib\LWO\LWOFileData.h">
      <Filter>Header Files</Filter>
    </ClInclude>
    <ClInclude Include="include\assimp\AssetLib\LWO\LWOLoader.h">
      <Filter>Header Files</Filter>
    </ClInclude>
    <ClInclude Include="include\assimp\AssetLib\LWS\LWSLoader.h">
      <Filter>Header Files</Filter>
    </ClInclude>
    <ClInclude Include="include\assimp\AssetLib\M3D\m3d.h">
      <Filter>Header Files</Filter>
    </ClInclude>
    <ClInclude Include="include\assimp\AssetLib\M3D\M3DExporter.h">
      <Filter>Header Files</Filter>
    </ClInclude>
    <ClInclude Include="include\assimp\AssetLib\M3D\M3DImporter.h">
      <Filter>Header Files</Filter>
    </ClInclude>
    <ClInclude Include="include\assimp\AssetLib\M3D\M3DMaterials.h">
      <Filter>Header Files</Filter>
    </ClInclude>
    <ClInclude Include="include\assimp\AssetLib\M3D\M3DWrapper.h">
      <Filter>Header Files</Filter>
    </ClInclude>
    <ClInclude Include="include\assimp\AssetLib\MD2\MD2FileData.h">
      <Filter>Header Files</Filter>
    </ClInclude>
    <ClInclude Include="include\assimp\AssetLib\MD2\MD2Loader.h">
      <Filter>Header Files</Filter>
    </ClInclude>
    <ClInclude Include="include\assimp\AssetLib\MD2\MD2NormalTable.h">
      <Filter>Header Files</Filter>
    </ClInclude>
    <ClInclude Include="include\assimp\AssetLib\MD3\MD3FileData.h">
      <Filter>Header Files</Filter>
    </ClInclude>
    <ClInclude Include="include\assimp\AssetLib\MD3\MD3Loader.h">
      <Filter>Header Files</Filter>
    </ClInclude>
    <ClInclude Include="include\assimp\AssetLib\MD4\MD4FileData.h">
      <Filter>Header Files</Filter>
    </ClInclude>
    <ClInclude Include="include\assimp\AssetLib\MD5\MD5Loader.h">
      <Filter>Header Files</Filter>
    </ClInclude>
    <ClInclude Include="include\assimp\AssetLib\MD5\MD5Parser.h">
      <Filter>Header Files</Filter>
    </ClInclude>
    <ClInclude Include="include\assimp\AssetLib\MDC\MDCFileData.h">
      <Filter>Header Files</Filter>
    </ClInclude>
    <ClInclude Include="include\assimp\AssetLib\MDC\MDCLoader.h">
      <Filter>Header Files</Filter>
    </ClInclude>
    <ClInclude Include="include\assimp\AssetLib\MDC\MDCNormalTable.h">
      <Filter>Header Files</Filter>
    </ClInclude>
    <ClInclude Include="include\assimp\AssetLib\MDL\HalfLife\HalfLifeMDLBaseHeader.h">
      <Filter>Header Files</Filter>
    </ClInclude>
    <ClInclude Include="include\assimp\AssetLib\MDL\HalfLife\HL1FileData.h">
      <Filter>Header Files</Filter>
    </ClInclude>
    <ClInclude Include="include\assimp\AssetLib\MDL\HalfLife\HL1ImportDefinitions.h">
      <Filter>Header Files</Filter>
    </ClInclude>
    <ClInclude Include="include\assimp\AssetLib\MDL\HalfLife\HL1ImportSettings.h">
      <Filter>Header Files</Filter>
    </ClInclude>
    <ClInclude Include="include\assimp\AssetLib\MDL\HalfLife\HL1MDLLoader.h">
      <Filter>Header Files</Filter>
    </ClInclude>
    <ClInclude Include="include\assimp\AssetLib\MDL\HalfLife\HL1MeshTrivert.h">
      <Filter>Header Files</Filter>
    </ClInclude>
    <ClInclude Include="include\assimp\AssetLib\MDL\HalfLife\LogFunctions.h">
      <Filter>Header Files</Filter>
    </ClInclude>
    <ClInclude Include="include\assimp\AssetLib\MDL\HalfLife\UniqueNameGenerator.h">
      <Filter>Header Files</Filter>
    </ClInclude>
    <ClInclude Include="include\assimp\AssetLib\MDL\MDLDefaultColorMap.h">
      <Filter>Header Files</Filter>
    </ClInclude>
    <ClInclude Include="include\assimp\AssetLib\MDL\MDLFileData.h">
      <Filter>Header Files</Filter>
    </ClInclude>
    <ClInclude Include="include\assimp\AssetLib\MDL\MDLLoader.h">
      <Filter>Header Files</Filter>
    </ClInclude>
    <ClInclude Include="include\assimp\AssetLib\MMD\MMDCpp14.h">
      <Filter>Header Files</Filter>
    </ClInclude>
    <ClInclude Include="include\assimp\AssetLib\MMD\MMDImporter.h">
      <Filter>Header Files</Filter>
    </ClInclude>
    <ClInclude Include="include\assimp\AssetLib\MMD\MMDPmdParser.h">
      <Filter>Header Files</Filter>
    </ClInclude>
    <ClInclude Include="include\assimp\AssetLib\MMD\MMDPmxParser.h">
      <Filter>Header Files</Filter>
    </ClInclude>
    <ClInclude Include="include\assimp\AssetLib\MMD\MMDVmdParser.h">
      <Filter>Header Files</Filter>
    </ClInclude>
    <ClInclude Include="include\assimp\AssetLib\MS3D\MS3DLoader.h">
      <Filter>Header Files</Filter>
    </ClInclude>
    <ClInclude Include="include\assimp\AssetLib\NDO\NDOLoader.h">
      <Filter>Header Files</Filter>
    </ClInclude>
    <ClInclude Include="include\assimp\AssetLib\NFF\NFFLoader.h">
      <Filter>Header Files</Filter>
    </ClInclude>
    <ClInclude Include="include\assimp\AssetLib\Obj\ObjExporter.h">
      <Filter>Header Files</Filter>
    </ClInclude>
    <ClInclude Include="include\assimp\AssetLib\Obj\ObjFileData.h">
      <Filter>Header Files</Filter>
    </ClInclude>
    <ClInclude Include="include\assimp\AssetLib\Obj\ObjFileImporter.h">
      <Filter>Header Files</Filter>
    </ClInclude>
    <ClInclude Include="include\assimp\AssetLib\Obj\ObjFileMtlImporter.h">
      <Filter>Header Files</Filter>
    </ClInclude>
    <ClInclude Include="include\assimp\AssetLib\Obj\ObjFileParser.h">
      <Filter>Header Files</Filter>
    </ClInclude>
    <ClInclude Include="include\assimp\AssetLib\Obj\ObjTools.h">
      <Filter>Header Files</Filter>
    </ClInclude>
    <ClInclude Include="include\assimp\AssetLib\OFF\OFFLoader.h">
      <Filter>Header Files</Filter>
    </ClInclude>
    <ClInclude Include="include\assimp\AssetLib\Ogre\OgreBinarySerializer.h">
      <Filter>Header Files</Filter>
    </ClInclude>
    <ClInclude Include="include\assimp\AssetLib\Ogre\OgreImporter.h">
      <Filter>Header Files</Filter>
    </ClInclude>
    <ClInclude Include="include\assimp\AssetLib\Ogre\OgreParsingUtils.h">
      <Filter>Header Files</Filter>
    </ClInclude>
    <ClInclude Include="include\assimp\AssetLib\Ogre\OgreStructs.h">
      <Filter>Header Files</Filter>
    </ClInclude>
    <ClInclude Include="include\assimp\AssetLib\Ogre\OgreXmlSerializer.h">
      <Filter>Header Files</Filter>
    </ClInclude>
    <ClInclude Include="include\assimp\AssetLib\OpenGEX\OpenGEXExporter.h">
      <Filter>Header Files</Filter>
    </ClInclude>
    <ClInclude Include="include\assimp\AssetLib\OpenGEX\OpenGEXImporter.h">
      <Filter>Header Files</Filter>
    </ClInclude>
    <ClInclude Include="include\assimp\AssetLib\OpenGEX\OpenGEXStructs.h">
      <Filter>Header Files</Filter>
    </ClInclude>
    <ClInclude Include="include\assimp\AssetLib\Ply\PlyExporter.h">
      <Filter>Header Files</Filter>
    </ClInclude>
    <ClInclude Include="include\assimp\AssetLib\Ply\PlyLoader.h">
      <Filter>Header Files</Filter>
    </ClInclude>
    <ClInclude Include="include\assimp\AssetLib\Ply\PlyParser.h">
      <Filter>Header Files</Filter>
    </ClInclude>
    <ClInclude Include="include\assimp\AssetLib\Q3BSP\Q3BSPFileData.h">
      <Filter>Header Files</Filter>
    </ClInclude>
    <ClInclude Include="include\assimp\AssetLib\Q3BSP\Q3BSPFileImporter.h">
      <Filter>Header Files</Filter>
    </ClInclude>
    <ClInclude Include="include\assimp\AssetLib\Q3BSP\Q3BSPFileParser.h">
      <Filter>Header Files</Filter>
    </ClInclude>
    <ClInclude Include="include\assimp\AssetLib\Q3D\Q3DLoader.h">
      <Filter>Header Files</Filter>
    </ClInclude>
    <ClInclude Include="include\assimp\AssetLib\Raw\RawLoader.h">
      <Filter>Header Files</Filter>
    </ClInclude>
    <ClInclude Include="include\assimp\AssetLib\SIB\SIBImporter.h">
      <Filter>Header Files</Filter>
    </ClInclude>
    <ClInclude Include="include\assimp\AssetLib\SMD\SMDLoader.h">
      <Filter>Header Files</Filter>
    </ClInclude>
    <ClInclude Include="include\assimp\AssetLib\Step\StepExporter.h">
      <Filter>Header Files</Filter>
    </ClInclude>
    <ClInclude Include="include\assimp\AssetLib\Step\STEPFile.h">
      <Filter>Header Files</Filter>
    </ClInclude>
    <ClInclude Include="include\assimp\AssetLib\STEPParser\STEPFileEncoding.h">
      <Filter>Header Files</Filter>
    </ClInclude>
    <ClInclude Include="include\assimp\AssetLib\STEPParser\STEPFileReader.h">
      <Filter>Header Files</Filter>
    </ClInclude>
    <ClInclude Include="include\assimp\AssetLib\STL\STLExporter.h">
      <Filter>Header Files</Filter>
    </ClInclude>
    <ClInclude Include="include\assimp\AssetLib\STL\STLLoader.h">
      <Filter>Header Files</Filter>
    </ClInclude>
    <ClInclude Include="include\assimp\AssetLib\Terragen\TerragenLoader.h">
      <Filter>Header Files</Filter>
    </ClInclude>
    <ClInclude Include="include\assimp\AssetLib\Unreal\UnrealLoader.h">
      <Filter>Header Files</Filter>
    </ClInclude>
    <ClInclude Include="include\assimp\AssetLib\USD\USDLoader.h">
      <Filter>Header Files</Filter>
    </ClInclude>
    <ClInclude Include="include\assimp\AssetLib\USD\USDLoaderImplTinyusdz.h">
      <Filter>Header Files</Filter>
    </ClInclude>
    <ClInclude Include="include\assimp\AssetLib\USD\USDLoaderImplTinyusdzHelper.h">
      <Filter>Header Files</Filter>
    </ClInclude>
    <ClInclude Include="include\assimp\AssetLib\USD\USDLoaderUtil.h">
      <Filter>Header Files</Filter>
    </ClInclude>
    <ClInclude Include="include\assimp\AssetLib\USD\USDPreprocessor.h">
      <Filter>Header Files</Filter>
    </ClInclude>
    <ClInclude Include="include\assimp\AssetLib\VRML\VrmlConverter.hpp">
      <Filter>Header Files</Filter>
    </ClInclude>
    <ClInclude Include="include\assimp\AssetLib\X\XFileExporter.h">
      <Filter>Header Files</Filter>
    </ClInclude>
    <ClInclude Include="include\assimp\AssetLib\X\XFileHelper.h">
      <Filter>Header Files</Filter>
    </ClInclude>
    <ClInclude Include="include\assimp\AssetLib\X\XFileImporter.h">
      <Filter>Header Files</Filter>
    </ClInclude>
    <ClInclude Include="include\assimp\AssetLib\X\XFileParser.h">
      <Filter>Header Files</Filter>
    </ClInclude>
    <ClInclude Include="include\assimp\AssetLib\X3D\X3DExporter.hpp">
      <Filter>Header Files</Filter>
    </ClInclude>
    <ClInclude Include="include\assimp\AssetLib\X3D\X3DGeoHelper.h">
      <Filter>Header Files</Filter>
    </ClInclude>
    <ClInclude Include="include\assimp\AssetLib\X3D\X3DImporter.hpp">
      <Filter>Header Files</Filter>
    </ClInclude>
    <ClInclude Include="include\assimp\AssetLib\X3D\X3DImporter_Macro.hpp">
      <Filter>Header Files</Filter>
    </ClInclude>
    <ClInclude Include="include\assimp\AssetLib\X3D\X3DImporter_Node.hpp">
      <Filter>Header Files</Filter>
    </ClInclude>
    <ClInclude Include="include\assimp\AssetLib\X3D\X3DXmlHelper.h">
      <Filter>Header Files</Filter>
    </ClInclude>
    <ClInclude Include="include\assimp\AssetLib\XGL\XGLLoader.h">
      <Filter>Header Files</Filter>
    </ClInclude>
    <ClInclude Include="include\assimp\CApi\CInterfaceIOWrapper.h">
      <Filter>Header Files</Filter>
    </ClInclude>
    <ClInclude Include="include\assimp\Geometry\GeometryUtils.h">
      <Filter>Header Files</Filter>
    </ClInclude>
    <ClInclude Include="include\assimp\Material\MaterialSystem.h">
      <Filter>Header Files</Filter>
    </ClInclude>
    <ClInclude Include="include\assimp\Pbrt\PbrtExporter.h">
      <Filter>Header Files</Filter>
    </ClInclude>
    <ClInclude Include="include\assimp\PostProcessing\ArmaturePopulate.h">
      <Filter>Header Files</Filter>
    </ClInclude>
    <ClInclude Include="include\assimp\PostProcessing\CalcTangentsProcess.h">
      <Filter>Header Files</Filter>
    </ClInclude>
    <ClInclude Include="include\assimp\PostProcessing\ComputeUVMappingProcess.h">
      <Filter>Header Files</Filter>
    </ClInclude>
    <ClInclude Include="include\assimp\PostProcessing\ConvertToLHProcess.h">
      <Filter>Header Files</Filter>
    </ClInclude>
    <ClInclude Include="include\assimp\PostProcessing\DeboneProcess.h">
      <Filter>Header Files</Filter>
    </ClInclude>
    <ClInclude Include="include\assimp\PostProcessing\DropFaceNormalsProcess.h">
      <Filter>Header Files</Filter>
    </ClInclude>
    <ClInclude Include="include\assimp\PostProcessing\EmbedTexturesProcess.h">
      <Filter>Header Files</Filter>
    </ClInclude>
    <ClInclude Include="include\assimp\PostProcessing\FindDegenerates.h">
      <Filter>Header Files</Filter>
    </ClInclude>
    <ClInclude Include="include\assimp\PostProcessing\FindInstancesProcess.h">
      <Filter>Header Files</Filter>
    </ClInclude>
    <ClInclude Include="include\assimp\PostProcessing\FindInvalidDataProcess.h">
      <Filter>Header Files</Filter>
    </ClInclude>
    <ClInclude Include="include\assimp\PostProcessing\FixNormalsStep.h">
      <Filter>Header Files</Filter>
    </ClInclude>
    <ClInclude Include="include\assimp\PostProcessing\GenBoundingBoxesProcess.h">
      <Filter>Header Files</Filter>
    </ClInclude>
    <ClInclude Include="include\assimp\PostProcessing\GenFaceNormalsProcess.h">
      <Filter>Header Files</Filter>
    </ClInclude>
    <ClInclude Include="include\assimp\PostProcessing\GenVertexNormalsProcess.h">
      <Filter>Header Files</Filter>
    </ClInclude>
    <ClInclude Include="include\assimp\PostProcessing\ImproveCacheLocality.h">
      <Filter>Header Files</Filter>
    </ClInclude>
    <ClInclude Include="include\assimp\PostProcessing\JoinVerticesProcess.h">
      <Filter>Header Files</Filter>
    </ClInclude>
    <ClInclude Include="include\assimp\PostProcessing\LimitBoneWeightsProcess.h">
      <Filter>Header Files</Filter>
    </ClInclude>
    <ClInclude Include="include\assimp\PostProcessing\MakeVerboseFormat.h">
      <Filter>Header Files</Filter>
    </ClInclude>
    <ClInclude Include="include\assimp\PostProcessing\OptimizeGraph.h">
      <Filter>Header Files</Filter>
    </ClInclude>
    <ClInclude Include="include\assimp\PostProcessing\OptimizeMeshes.h">
      <Filter>Header Files</Filter>
    </ClInclude>
    <ClInclude Include="include\assimp\PostProcessing\PretransformVertices.h">
      <Filter>Header Files</Filter>
    </ClInclude>
    <ClInclude Include="include\assimp\PostProcessing\ProcessHelper.h">
      <Filter>Header Files</Filter>
    </ClInclude>
    <ClInclude Include="include\assimp\PostProcessing\RemoveRedundantMaterials.h">
      <Filter>Header Files</Filter>
    </ClInclude>
    <ClInclude Include="include\assimp\PostProcessing\RemoveVCProcess.h">
      <Filter>Header Files</Filter>
    </ClInclude>
    <ClInclude Include="include\assimp\PostProcessing\ScaleProcess.h">
      <Filter>Header Files</Filter>
    </ClInclude>
    <ClInclude Include="include\assimp\PostProcessing\SortByPTypeProcess.h">
      <Filter>Header Files</Filter>
    </ClInclude>
    <ClInclude Include="include\assimp\PostProcessing\SplitByBoneCountProcess.h">
      <Filter>Header Files</Filter>
    </ClInclude>
    <ClInclude Include="include\assimp\PostProcessing\SplitLargeMeshes.h">
      <Filter>Header Files</Filter>
    </ClInclude>
    <ClInclude Include="include\assimp\PostProcessing\TextureTransform.h">
      <Filter>Header Files</Filter>
    </ClInclude>
    <ClInclude Include="include\assimp\PostProcessing\TriangulateProcess.h">
      <Filter>Header Files</Filter>
    </ClInclude>
    <ClInclude Include="include\assimp\PostProcessing\ValidateDataStructure.h">
      <Filter>Header Files</Filter>
    </ClInclude>
    <ClInclude Include="src\ResourceSystem\FTMeshDataPack.h">
      <Filter>Header Files</Filter>
    </ClInclude>
    <ClInclude Include="src\Core\FunctionUtils.h">
      <Filter>Header Files</Filter>
    </ClInclude>
    <ClInclude Include="include\delegates\catch.hpp">
      <Filter>Header Files</Filter>
    </ClInclude>
    <ClInclude Include="include\delegates\Delegates.h">
      <Filter>Header Files</Filter>
    </ClInclude>
    <ClInclude Include="src\ResourceSystem\FTRectangle.h">
      <Filter>Header Files</Filter>
    </ClInclude>
    <ClInclude Include="src\Managers\DebugShapes.h">
      <Filter>Header Files</Filter>
    </ClInclude>
    <ClInclude Include="include\Tweeny\dispatcher.h">
      <Filter>Header Files</Filter>
    </ClInclude>
    <ClInclude Include="include\Tweeny\easing.h">
      <Filter>Header Files</Filter>
    </ClInclude>
    <ClInclude Include="include\Tweeny\easingresolve.h">
      <Filter>Header Files</Filter>
    </ClInclude>
    <ClInclude Include="include\Tweeny\int2type.h">
      <Filter>Header Files</Filter>
    </ClInclude>
    <ClInclude Include="include\Tweeny\tween.h">
      <Filter>Header Files</Filter>
    </ClInclude>
    <ClInclude Include="include\Tweeny\tweenpoint.h">
      <Filter>Header Files</Filter>
    </ClInclude>
    <ClInclude Include="include\Tweeny\tweentraits.h">
      <Filter>Header Files</Filter>
    </ClInclude>
    <ClInclude Include="include\Tweeny\tweeny.h">
      <Filter>Header Files</Filter>
    </ClInclude>
    <ClInclude Include="src\ResourceSystem\FTShaders\FTShader.h">
      <Filter>Header Files</Filter>
    </ClInclude>
    <ClInclude Include="src\ResourceSystem\FTShaders\FTVertexShader.h">
      <Filter>Header Files</Filter>
    </ClInclude>
    <ClInclude Include="src\ResourceSystem\FTShaders\FTPixelShader.h">
      <Filter>Header Files</Filter>
    </ClInclude>
    <ClInclude Include="src\ResourceSystem\FTMaterials\StandardMaterial.h">
      <Filter>Header Files</Filter>
    </ClInclude>
    <ClInclude Include="src\ResourceSystem\FTCubemap\FTCubemap.h">
      <Filter>Header Files</Filter>
    </ClInclude>
    <ClInclude Include="src\Managers\AnimationManager.h">
      <Filter>Header Files</Filter>
    </ClInclude>
    <ClInclude Include="src\ResourceSystem\Animation\AnimationFrame.h">
      <Filter>Header Files</Filter>
    </ClInclude>
    <ClInclude Include="src\ResourceSystem\GenericData\FTCSV.h">
      <Filter>Header Files</Filter>
    </ClInclude>
    <ClInclude Include="src\ResourceSystem\GenericData\FTJSON.h">
      <Filter>Header Files</Filter>
    </ClInclude>
    <ClInclude Include="src\ResourceSystem\Animation\FTSpineAnimation.h">
      <Filter>Header Files</Filter>
    </ClInclude>
    <ClInclude Include="src\Managers\FTSpineLoader.h">
      <Filter>Header Files</Filter>
    </ClInclude>
    <ClInclude Include="src\Managers\SoundManager.h">
      <Filter>Header Files</Filter>
    </ClInclude>
    <ClInclude Include="src\ResourceSystem\Sound\Sound.h">
      <Filter>Header Files</Filter>
    </ClInclude>
    <ClInclude Include="src\ResourceSystem\Sound\SoundInstance.h">
      <Filter>Header Files</Filter>
    </ClInclude>
    <ClInclude Include="include\box2d\box2d.h">
      <Filter>Header Files</Filter>
    </ClInclude>
    <ClInclude Include="include\directxmath\DirectXCollision.h">
      <Filter>Header Files</Filter>
    </ClInclude>
    <ClInclude Include="include\directxmath\DirectXColors.h">
      <Filter>Header Files</Filter>
    </ClInclude>
    <ClInclude Include="include\directxmath\DirectXMath.h">
      <Filter>Header Files</Filter>
    </ClInclude>
    <ClInclude Include="include\directxmath\DirectXPackedVector.h">
      <Filter>Header Files</Filter>
    </ClInclude>
    <ClInclude Include="include\directxtk\BufferHelpers.h">
      <Filter>Header Files</Filter>
    </ClInclude>
    <ClInclude Include="include\directxtk\CommonStates.h">
      <Filter>Header Files</Filter>
    </ClInclude>
    <ClInclude Include="include\directxtk\DDSTextureLoader.h">
      <Filter>Header Files</Filter>
    </ClInclude>
    <ClInclude Include="include\directxtk\DirectXHelpers.h">
      <Filter>Header Files</Filter>
    </ClInclude>
    <ClInclude Include="include\directxtk\Effects.h">
      <Filter>Header Files</Filter>
    </ClInclude>
    <ClInclude Include="include\directxtk\GamePad.h">
      <Filter>Header Files</Filter>
    </ClInclude>
    <ClInclude Include="include\directxtk\GeometricPrimitive.h">
      <Filter>Header Files</Filter>
    </ClInclude>
    <ClInclude Include="include\directxtk\GraphicsMemory.h">
      <Filter>Header Files</Filter>
    </ClInclude>
    <ClInclude Include="include\directxtk\Keyboard.h">
      <Filter>Header Files</Filter>
    </ClInclude>
    <ClInclude Include="include\directxtk\Model.h">
      <Filter>Header Files</Filter>
    </ClInclude>
    <ClInclude Include="include\directxtk\Mouse.h">
      <Filter>Header Files</Filter>
    </ClInclude>
    <ClInclude Include="include\directxtk\PostProcess.h">
      <Filter>Header Files</Filter>
    </ClInclude>
    <ClInclude Include="include\directxtk\PrimitiveBatch.h">
      <Filter>Header Files</Filter>
    </ClInclude>
    <ClInclude Include="include\directxtk\ScreenGrab.h">
      <Filter>Header Files</Filter>
    </ClInclude>
    <ClInclude Include="include\directxtk\SimpleMath.h">
      <Filter>Header Files</Filter>
    </ClInclude>
    <ClInclude Include="include\directxtk\SpriteBatch.h">
      <Filter>Header Files</Filter>
    </ClInclude>
    <ClInclude Include="include\directxtk\SpriteFont.h">
      <Filter>Header Files</Filter>
    </ClInclude>
    <ClInclude Include="include\directxtk\VertexTypes.h">
      <Filter>Header Files</Filter>
    </ClInclude>
    <ClInclude Include="include\directxtk\WICTextureLoader.h">
      <Filter>Header Files</Filter>
    </ClInclude>
    <ClInclude Include="include\Tweeny\tweeny-3.2.0.h">
      <Filter>Header Files</Filter>
    </ClInclude>
    <ClInclude Include="include\DirectXTex.h">
      <Filter>Header Files</Filter>
    </ClInclude>
    <ClInclude Include="include\stb_c_lexer.h">
      <Filter>Header Files</Filter>
    </ClInclude>
    <ClInclude Include="include\stb_connected_components.h">
      <Filter>Header Files</Filter>
    </ClInclude>
    <ClInclude Include="include\stb_divide.h">
      <Filter>Header Files</Filter>
    </ClInclude>
    <ClInclude Include="include\stb_ds.h">
      <Filter>Header Files</Filter>
    </ClInclude>
    <ClInclude Include="include\stb_dxt.h">
      <Filter>Header Files</Filter>
    </ClInclude>
    <ClInclude Include="include\stb_easy_font.h">
      <Filter>Header Files</Filter>
    </ClInclude>
    <ClInclude Include="include\stb_herringbone_wang_tile.h">
      <Filter>Header Files</Filter>
    </ClInclude>
    <ClInclude Include="include\stb_hexwave.h">
      <Filter>Header Files</Filter>
    </ClInclude>
    <ClInclude Include="include\stb_image.h">
      <Filter>Header Files</Filter>
    </ClInclude>
    <ClInclude Include="include\stb_image_resize2.h">
      <Filter>Header Files</Filter>
    </ClInclude>
    <ClInclude Include="include\stb_image_write.h">
      <Filter>Header Files</Filter>
    </ClInclude>
    <ClInclude Include="include\stb_include.h">
      <Filter>Header Files</Filter>
    </ClInclude>
    <ClInclude Include="include\stb_leakcheck.h">
      <Filter>Header Files</Filter>
    </ClInclude>
    <ClInclude Include="include\stb_perlin.h">
      <Filter>Header Files</Filter>
    </ClInclude>
    <ClInclude Include="include\stb_rect_pack.h">
      <Filter>Header Files</Filter>
    </ClInclude>
    <ClInclude Include="include\stb_sprintf.h">
      <Filter>Header Files</Filter>
    </ClInclude>
    <ClInclude Include="include\stb_textedit.h">
      <Filter>Header Files</Filter>
    </ClInclude>
    <ClInclude Include="include\stb_tilemap_editor.h">
      <Filter>Header Files</Filter>
    </ClInclude>
    <ClInclude Include="include\stb_truetype.h">
      <Filter>Header Files</Filter>
    </ClInclude>
    <ClInclude Include="include\stb_voxel_render.h">
      <Filter>Header Files</Filter>
    </ClInclude>
    <ClInclude Include="src\ResourceSystem\GenericData\FTText.h">
      <Filter>Header Files</Filter>
    </ClInclude>
    <ClInclude Include="src\Components\SpineAnimator.h">
      <Filter>Header Files</Filter>
    </ClInclude>
    <ClInclude Include="include\json\include\nlohmann\detail\conversions\from_json.hpp">
      <Filter>Header Files</Filter>
    </ClInclude>
    <ClInclude Include="include\json\include\nlohmann\detail\conversions\to_chars.hpp">
      <Filter>Header Files</Filter>
    </ClInclude>
    <ClInclude Include="include\json\include\nlohmann\detail\conversions\to_json.hpp">
      <Filter>Header Files</Filter>
    </ClInclude>
    <ClInclude Include="include\json\include\nlohmann\detail\input\binary_reader.hpp">
      <Filter>Header Files</Filter>
    </ClInclude>
    <ClInclude Include="include\json\include\nlohmann\detail\input\input_adapters.hpp">
      <Filter>Header Files</Filter>
    </ClInclude>
    <ClInclude Include="include\json\include\nlohmann\detail\input\json_sax.hpp">
      <Filter>Header Files</Filter>
    </ClInclude>
    <ClInclude Include="include\json\include\nlohmann\detail\input\lexer.hpp">
      <Filter>Header Files</Filter>
    </ClInclude>
    <ClInclude Include="include\json\include\nlohmann\detail\input\parser.hpp">
      <Filter>Header Files</Filter>
    </ClInclude>
    <ClInclude Include="include\json\include\nlohmann\detail\input\position_t.hpp">
      <Filter>Header Files</Filter>
    </ClInclude>
    <ClInclude Include="include\json\include\nlohmann\detail\iterators\internal_iterator.hpp">
      <Filter>Header Files</Filter>
    </ClInclude>
    <ClInclude Include="include\json\include\nlohmann\detail\iterators\iter_impl.hpp">
      <Filter>Header Files</Filter>
    </ClInclude>
    <ClInclude Include="include\json\include\nlohmann\detail\iterators\iteration_proxy.hpp">
      <Filter>Header Files</Filter>
    </ClInclude>
    <ClInclude Include="include\json\include\nlohmann\detail\iterators\iterator_traits.hpp">
      <Filter>Header Files</Filter>
    </ClInclude>
    <ClInclude Include="include\json\include\nlohmann\detail\iterators\json_reverse_iterator.hpp">
      <Filter>Header Files</Filter>
    </ClInclude>
    <ClInclude Include="include\json\include\nlohmann\detail\iterators\primitive_iterator.hpp">
      <Filter>Header Files</Filter>
    </ClInclude>
    <ClInclude Include="include\json\include\nlohmann\detail\meta\call_std\begin.hpp">
      <Filter>Header Files</Filter>
    </ClInclude>
    <ClInclude Include="include\json\include\nlohmann\detail\meta\call_std\end.hpp">
      <Filter>Header Files</Filter>
    </ClInclude>
    <ClInclude Include="include\json\include\nlohmann\detail\meta\cpp_future.hpp">
      <Filter>Header Files</Filter>
    </ClInclude>
    <ClInclude Include="include\json\include\nlohmann\detail\meta\detected.hpp">
      <Filter>Header Files</Filter>
    </ClInclude>
    <ClInclude Include="include\json\include\nlohmann\detail\meta\identity_tag.hpp">
      <Filter>Header Files</Filter>
    </ClInclude>
    <ClInclude Include="include\json\include\nlohmann\detail\meta\is_sax.hpp">
      <Filter>Header Files</Filter>
    </ClInclude>
    <ClInclude Include="include\json\include\nlohmann\detail\meta\std_fs.hpp">
      <Filter>Header Files</Filter>
    </ClInclude>
    <ClInclude Include="include\json\include\nlohmann\detail\meta\type_traits.hpp">
      <Filter>Header Files</Filter>
    </ClInclude>
    <ClInclude Include="include\json\include\nlohmann\detail\meta\void_t.hpp">
      <Filter>Header Files</Filter>
    </ClInclude>
    <ClInclude Include="include\json\include\nlohmann\detail\output\binary_writer.hpp">
      <Filter>Header Files</Filter>
    </ClInclude>
    <ClInclude Include="include\json\include\nlohmann\detail\output\output_adapters.hpp">
      <Filter>Header Files</Filter>
    </ClInclude>
    <ClInclude Include="include\json\include\nlohmann\detail\output\serializer.hpp">
      <Filter>Header Files</Filter>
    </ClInclude>
    <ClInclude Include="include\json\include\nlohmann\detail\abi_macros.hpp">
      <Filter>Header Files</Filter>
    </ClInclude>
    <ClInclude Include="include\json\include\nlohmann\detail\exceptions.hpp">
      <Filter>Header Files</Filter>
    </ClInclude>
    <ClInclude Include="include\json\include\nlohmann\detail\hash.hpp">
      <Filter>Header Files</Filter>
    </ClInclude>
    <ClInclude Include="include\json\include\nlohmann\detail\json_custom_base_class.hpp">
      <Filter>Header Files</Filter>
    </ClInclude>
    <ClInclude Include="include\json\include\nlohmann\detail\json_pointer.hpp">
      <Filter>Header Files</Filter>
    </ClInclude>
    <ClInclude Include="include\json\include\nlohmann\detail\json_ref.hpp">
      <Filter>Header Files</Filter>
    </ClInclude>
    <ClInclude Include="include\json\include\nlohmann\detail\macro_scope.hpp">
      <Filter>Header Files</Filter>
    </ClInclude>
    <ClInclude Include="include\json\include\nlohmann\detail\macro_unscope.hpp">
      <Filter>Header Files</Filter>
    </ClInclude>
    <ClInclude Include="include\json\include\nlohmann\detail\string_concat.hpp">
      <Filter>Header Files</Filter>
    </ClInclude>
    <ClInclude Include="include\json\include\nlohmann\detail\string_escape.hpp">
      <Filter>Header Files</Filter>
    </ClInclude>
    <ClInclude Include="include\json\include\nlohmann\detail\string_utils.hpp">
      <Filter>Header Files</Filter>
    </ClInclude>
    <ClInclude Include="include\json\include\nlohmann\detail\value_t.hpp">
      <Filter>Header Files</Filter>
    </ClInclude>
    <ClInclude Include="include\json\include\nlohmann\thirdparty\hedley\hedley.hpp">
      <Filter>Header Files</Filter>
    </ClInclude>
    <ClInclude Include="include\json\include\nlohmann\thirdparty\hedley\hedley_undef.hpp">
      <Filter>Header Files</Filter>
    </ClInclude>
    <ClInclude Include="include\json\include\nlohmann\adl_serializer.hpp">
      <Filter>Header Files</Filter>
    </ClInclude>
    <ClInclude Include="include\json\include\nlohmann\byte_container_with_subtype.hpp">
      <Filter>Header Files</Filter>
    </ClInclude>
    <ClInclude Include="include\json\include\nlohmann\json.hpp">
      <Filter>Header Files</Filter>
    </ClInclude>
    <ClInclude Include="include\json\include\nlohmann\json_fwd.hpp">
      <Filter>Header Files</Filter>
    </ClInclude>
    <ClInclude Include="include\json\include\nlohmann\ordered_map.hpp">
      <Filter>Header Files</Filter>
    </ClInclude>
    <ClInclude Include="src\ResourceSystem\FTFont\FTFont.h">
      <Filter>Header Files</Filter>
    </ClInclude>
    <ClInclude Include="src\ResourceSystem\FTFont\FontChar.h">
      <Filter>Header Files</Filter>
    </ClInclude>
    <ClInclude Include="src\ResourceSystem\FTFont\FontKerning.h">
      <Filter>Header Files</Filter>
    </ClInclude>
    <ClInclude Include="src\ResourceSystem\FTFont\TextVertex.h">
      <Filter>Header Files</Filter>
    </ClInclude>
    <ClInclude Include="src\Managers\FontManager.h">
      <Filter>Header Files</Filter>
    </ClInclude>
    <ClInclude Include="src\ResourceSystem\FTMaterials\SpriteAnimMat.h">
      <Filter>Header Files</Filter>
    </ClInclude>
    <ClInclude Include="src\ResourceSystem\ResPath.h">
      <Filter>Header Files</Filter>
    </ClInclude>
    <ClInclude Include="src\ResourceSystem\FTShaders\FTGeometryShader.h">
      <Filter>Header Files</Filter>
    </ClInclude>
    <ClInclude Include="src\ResourceSystem\FTSprite\FTSprite.h">
      <Filter>Header Files</Filter>
    </ClInclude>
    <ClInclude Include="include\assimp\Compiler\poppack1.h">
      <Filter>Header Files</Filter>
    </ClInclude>
    <ClInclude Include="include\assimp\Compiler\pstdint.h">
      <Filter>Header Files</Filter>
    </ClInclude>
    <ClInclude Include="include\assimp\Compiler\pushpack1.h">
      <Filter>Header Files</Filter>
    </ClInclude>
    <ClInclude Include="include\assimp\port\AndroidJNI\AndroidJNIIOSystem.h">
      <Filter>Header Files</Filter>
    </ClInclude>
    <ClInclude Include="include\assimp\port\AndroidJNI\BundledAssetIOSystem.h">
      <Filter>Header Files</Filter>
    </ClInclude>
    <ClInclude Include="include\assimp\res\assimp\revision.h">
      <Filter>Header Files</Filter>
    </ClInclude>
    <ClInclude Include="include\assimp\aabb.h">
      <Filter>Header Files</Filter>
    </ClInclude>
    <ClInclude Include="include\assimp\ai_assert.h">
      <Filter>Header Files</Filter>
    </ClInclude>
    <ClInclude Include="include\assimp\anim.h">
      <Filter>Header Files</Filter>
    </ClInclude>
    <ClInclude Include="include\assimp\AssertHandler.h">
      <Filter>Header Files</Filter>
    </ClInclude>
    <ClInclude Include="include\assimp\Base64.hpp">
      <Filter>Header Files</Filter>
    </ClInclude>
    <ClInclude Include="include\assimp\BaseImporter.h">
      <Filter>Header Files</Filter>
    </ClInclude>
    <ClInclude Include="include\assimp\Bitmap.h">
      <Filter>Header Files</Filter>
    </ClInclude>
    <ClInclude Include="include\assimp\BlobIOSystem.h">
      <Filter>Header Files</Filter>
    </ClInclude>
    <ClInclude Include="include\assimp\ByteSwapper.h">
      <Filter>Header Files</Filter>
    </ClInclude>
    <ClInclude Include="include\assimp\camera.h">
      <Filter>Header Files</Filter>
    </ClInclude>
    <ClInclude Include="include\assimp\cexport.h">
      <Filter>Header Files</Filter>
    </ClInclude>
    <ClInclude Include="include\assimp\cfileio.h">
      <Filter>Header Files</Filter>
    </ClInclude>
    <ClInclude Include="include\assimp\cimport.h">
      <Filter>Header Files</Filter>
    </ClInclude>
    <ClInclude Include="include\assimp\ColladaMetaData.h">
      <Filter>Header Files</Filter>
    </ClInclude>
    <ClInclude Include="include\assimp\color4.h">
      <Filter>Header Files</Filter>
    </ClInclude>
    <ClInclude Include="include\assimp\commonMetaData.h">
      <Filter>Header Files</Filter>
    </ClInclude>
    <ClInclude Include="include\assimp\config.h">
      <Filter>Header Files</Filter>
    </ClInclude>
    <ClInclude Include="include\assimp\CreateAnimMesh.h">
      <Filter>Header Files</Filter>
    </ClInclude>
    <ClInclude Include="include\assimp\DefaultIOStream.h">
      <Filter>Header Files</Filter>
    </ClInclude>
    <ClInclude Include="include\assimp\DefaultIOSystem.h">
      <Filter>Header Files</Filter>
    </ClInclude>
    <ClInclude Include="include\assimp\DefaultLogger.hpp">
      <Filter>Header Files</Filter>
    </ClInclude>
    <ClInclude Include="include\assimp\defs.h">
      <Filter>Header Files</Filter>
    </ClInclude>
    <ClInclude Include="include\assimp\Exceptional.h">
      <Filter>Header Files</Filter>
    </ClInclude>
    <ClInclude Include="include\assimp\Exporter.hpp">
      <Filter>Header Files</Filter>
    </ClInclude>
    <ClInclude Include="include\assimp\fast_atof.h">
      <Filter>Header Files</Filter>
    </ClInclude>
    <ClInclude Include="include\assimp\GenericProperty.h">
      <Filter>Header Files</Filter>
    </ClInclude>
    <ClInclude Include="include\assimp\GltfMaterial.h">
      <Filter>Header Files</Filter>
    </ClInclude>
    <ClInclude Include="include\assimp\Hash.h">
      <Filter>Header Files</Filter>
    </ClInclude>
    <ClInclude Include="include\assimp\Importer.hpp">
      <Filter>Header Files</Filter>
    </ClInclude>
    <ClInclude Include="include\assimp\importerdesc.h">
      <Filter>Header Files</Filter>
    </ClInclude>
    <ClInclude Include="include\assimp\IOStream.hpp">
      <Filter>Header Files</Filter>
    </ClInclude>
    <ClInclude Include="include\assimp\IOStreamBuffer.h">
      <Filter>Header Files</Filter>
    </ClInclude>
    <ClInclude Include="include\assimp\IOSystem.hpp">
      <Filter>Header Files</Filter>
    </ClInclude>
    <ClInclude Include="include\assimp\light.h">
      <Filter>Header Files</Filter>
    </ClInclude>
    <ClInclude Include="include\assimp\LineSplitter.h">
      <Filter>Header Files</Filter>
    </ClInclude>
    <ClInclude Include="include\assimp\LogAux.h">
      <Filter>Header Files</Filter>
    </ClInclude>
    <ClInclude Include="include\assimp\Logger.hpp">
      <Filter>Header Files</Filter>
    </ClInclude>
    <ClInclude Include="include\assimp\LogStream.hpp">
      <Filter>Header Files</Filter>
    </ClInclude>
    <ClInclude Include="include\assimp\material.h">
      <Filter>Header Files</Filter>
    </ClInclude>
    <ClInclude Include="include\assimp\MathFunctions.h">
      <Filter>Header Files</Filter>
    </ClInclude>
    <ClInclude Include="include\assimp\matrix3x3.h">
      <Filter>Header Files</Filter>
    </ClInclude>
    <ClInclude Include="include\assimp\matrix4x4.h">
      <Filter>Header Files</Filter>
    </ClInclude>
    <ClInclude Include="include\assimp\MemoryIOWrapper.h">
      <Filter>Header Files</Filter>
    </ClInclude>
    <ClInclude Include="include\assimp\mesh.h">
      <Filter>Header Files</Filter>
    </ClInclude>
    <ClInclude Include="include\assimp\metadata.h">
      <Filter>Header Files</Filter>
    </ClInclude>
    <ClInclude Include="include\assimp\NullLogger.hpp">
      <Filter>Header Files</Filter>
    </ClInclude>
    <ClInclude Include="include\assimp\ObjMaterial.h">
      <Filter>Header Files</Filter>
    </ClInclude>
    <ClInclude Include="include\assimp\ParsingUtils.h">
      <Filter>Header Files</Filter>
    </ClInclude>
    <ClInclude Include="include\assimp\pbrmaterial.h">
      <Filter>Header Files</Filter>
    </ClInclude>
    <ClInclude Include="include\assimp\postprocess.h">
      <Filter>Header Files</Filter>
    </ClInclude>
    <ClInclude Include="include\assimp\Profiler.h">
      <Filter>Header Files</Filter>
    </ClInclude>
    <ClInclude Include="include\assimp\ProgressHandler.hpp">
      <Filter>Header Files</Filter>
    </ClInclude>
    <ClInclude Include="include\assimp\qnan.h">
      <Filter>Header Files</Filter>
    </ClInclude>
    <ClInclude Include="include\assimp\quaternion.h">
      <Filter>Header Files</Filter>
    </ClInclude>
    <ClInclude Include="include\assimp\RemoveComments.h">
      <Filter>Header Files</Filter>
    </ClInclude>
    <ClInclude Include="include\assimp\revision.h">
      <Filter>Header Files</Filter>
    </ClInclude>
    <ClInclude Include="include\assimp\scene.h">
      <Filter>Header Files</Filter>
    </ClInclude>
    <ClInclude Include="include\assimp\SceneCombiner.h">
      <Filter>Header Files</Filter>
    </ClInclude>
    <ClInclude Include="include\assimp\SGSpatialSort.h">
      <Filter>Header Files</Filter>
    </ClInclude>
    <ClInclude Include="include\assimp\SkeletonMeshBuilder.h">
      <Filter>Header Files</Filter>
    </ClInclude>
    <ClInclude Include="include\assimp\SmallVector.h">
      <Filter>Header Files</Filter>
    </ClInclude>
    <ClInclude Include="include\assimp\SmoothingGroups.h">
      <Filter>Header Files</Filter>
    </ClInclude>
    <ClInclude Include="include\assimp\SpatialSort.h">
      <Filter>Header Files</Filter>
    </ClInclude>
    <ClInclude Include="include\assimp\StandardShapes.h">
      <Filter>Header Files</Filter>
    </ClInclude>
    <ClInclude Include="include\assimp\StreamReader.h">
      <Filter>Header Files</Filter>
    </ClInclude>
    <ClInclude Include="include\assimp\StreamWriter.h">
      <Filter>Header Files</Filter>
    </ClInclude>
    <ClInclude Include="include\assimp\StringComparison.h">
      <Filter>Header Files</Filter>
    </ClInclude>
    <ClInclude Include="include\assimp\StringUtils.h">
      <Filter>Header Files</Filter>
    </ClInclude>
    <ClInclude Include="include\assimp\Subdivision.h">
      <Filter>Header Files</Filter>
    </ClInclude>
    <ClInclude Include="include\assimp\texture.h">
      <Filter>Header Files</Filter>
    </ClInclude>
    <ClInclude Include="include\assimp\TinyFormatter.h">
      <Filter>Header Files</Filter>
    </ClInclude>
    <ClInclude Include="include\assimp\types.h">
      <Filter>Header Files</Filter>
    </ClInclude>
    <ClInclude Include="include\assimp\vector2.h">
      <Filter>Header Files</Filter>
    </ClInclude>
    <ClInclude Include="include\assimp\vector3.h">
      <Filter>Header Files</Filter>
    </ClInclude>
    <ClInclude Include="include\assimp\version.h">
      <Filter>Header Files</Filter>
    </ClInclude>
    <ClInclude Include="include\assimp\Vertex.h">
      <Filter>Header Files</Filter>
    </ClInclude>
    <ClInclude Include="include\assimp\XmlParser.h">
      <Filter>Header Files</Filter>
    </ClInclude>
    <ClInclude Include="include\assimp\XMLTools.h">
      <Filter>Header Files</Filter>
    </ClInclude>
    <ClInclude Include="include\assimp\ZipArchiveIOSystem.h">
      <Filter>Header Files</Filter>
    </ClInclude>
    <ClInclude Include="src\ResourceSystem\D3D11PSO.h">
      <Filter>Header Files</Filter>
    </ClInclude>
    <ClInclude Include="src\D3D11Renderer\D3D11Renderer.h">
      <Filter>Header Files</Filter>
    </ClInclude>
    <ClInclude Include="src\D3D11Renderer\D3D11Window.h">
      <Filter>Header Files</Filter>
    </ClInclude>
    <ClInclude Include="src\D3D11Renderer\WindowProcess.h">
      <Filter>Header Files</Filter>
    </ClInclude>
    <ClInclude Include="src\D3D11Renderer\D3D11InputDevice.h">
      <Filter>Header Files</Filter>
    </ClInclude>
  </ItemGroup>
  <ItemGroup>
    <None Include="vcpkg.json" />
    <None Include="include\assimp\Common\StackAllocator.inl">
      <Filter>Header Files</Filter>
    </None>
    <None Include="include\assimp\AssetLib\Blender\BlenderDNA.inl">
      <Filter>Header Files</Filter>
    </None>
    <None Include="include\assimp\AssetLib\glTF\glTFAsset.inl">
      <Filter>Header Files</Filter>
    </None>
    <None Include="include\assimp\AssetLib\glTF\glTFAssetWriter.inl">
      <Filter>Header Files</Filter>
    </None>
    <None Include="include\assimp\AssetLib\glTF2\glTF2Asset.inl">
      <Filter>Header Files</Filter>
    </None>
    <None Include="include\assimp\AssetLib\glTF2\glTF2AssetWriter.inl">
      <Filter>Header Files</Filter>
    </None>
    <None Include="include\Tweeny\tween.tcc" />
    <None Include="include\Tweeny\tweenone.tcc" />
    <None Include="include\Tweeny\tweenpoint.tcc" />
    <None Include="include\Tweeny\tweeny.tcc" />
    <None Include="include\directxmath\DirectXCollision.inl">
      <Filter>Header Files</Filter>
    </None>
    <None Include="include\directxmath\DirectXMathConvert.inl">
      <Filter>Header Files</Filter>
    </None>
    <None Include="include\directxmath\DirectXMathMatrix.inl">
      <Filter>Header Files</Filter>
    </None>
    <None Include="include\directxmath\DirectXMathMisc.inl">
      <Filter>Header Files</Filter>
    </None>
    <None Include="include\directxmath\DirectXMathVector.inl">
      <Filter>Header Files</Filter>
    </None>
    <None Include="include\directxmath\DirectXPackedVector.inl">
      <Filter>Header Files</Filter>
    </None>
    <None Include="include\directxtk\SimpleMath.inl">
      <Filter>Header Files</Filter>
    </None>
    <None Include="include\DirectXTex.inl">
      <Filter>Header Files</Filter>
    </None>
    <None Include="Assets\Shaders\2D\SpriteAnim.hlsli" />
    <None Include="Assets\Shaders\Common.hlsli" />
    <None Include="include\assimp\color4.inl">
      <Filter>Header Files</Filter>
    </None>
    <None Include="include\assimp\material.inl">
      <Filter>Header Files</Filter>
    </None>
    <None Include="include\assimp\matrix3x3.inl">
      <Filter>Header Files</Filter>
    </None>
    <None Include="include\assimp\matrix4x4.inl">
      <Filter>Header Files</Filter>
    </None>
    <None Include="include\assimp\quaternion.inl">
      <Filter>Header Files</Filter>
    </None>
    <None Include="include\assimp\SmoothingGroups.inl">
      <Filter>Header Files</Filter>
    </None>
    <None Include="include\assimp\vector2.inl">
      <Filter>Header Files</Filter>
    </None>
    <None Include="include\assimp\vector3.inl">
      <Filter>Header Files</Filter>
    </None>
    <None Include=".clang-format" />
  </ItemGroup>
  <ItemGroup>
    <FxCompile Include="Assets\Shaders\2D\SpriteAnimGS.hlsl" />
    <FxCompile Include="Assets\Shaders\2D\SpriteAnimPS.hlsl" />
    <FxCompile Include="Assets\Shaders\2D\SpriteAnimVS.hlsl" />
    <FxCompile Include="Assets\Shaders\2D\TextRenderer2DPS.hlsl" />
    <FxCompile Include="Assets\Shaders\2D\TextRenderer2DVS.hlsl" />
    <FxCompile Include="Assets\Shaders\2D\Texture2DPS.hlsl" />
    <FxCompile Include="Assets\Shaders\2D\Texture2DSpinePS.hlsl" />
    <FxCompile Include="Assets\Shaders\DebugShapeGS.hlsl" />
    <FxCompile Include="Assets\Shaders\DebugShapePS.hlsl" />
    <FxCompile Include="Assets\Shaders\DebugShapeVS.hlsl" />
    <FxCompile Include="Assets\Shaders\TextureVS.hlsl" />
    <FxCompile Include="Assets\Shaders\TextureVSSpine.hlsl" />
  </ItemGroup>
  <ItemGroup>
    <Library Include="lib\soloud_static.lib" />
  </ItemGroup>
  <ItemGroup>
    <ResourceCompile Include="include\assimp\res\assimp.rc">
      <Filter>Resource Files</Filter>
    </ResourceCompile>
  </ItemGroup>
</Project>