<?xml version="1.0" encoding="utf-8"?>
<Project ToolsVersion="4.0" xmlns="http://schemas.microsoft.com/developer/msbuild/2003">
  <ItemGroup>
    <Filter Include="Source Files">
      <UniqueIdentifier>{4FC737F1-C7A5-4376-A066-2A32D752A2FF}</UniqueIdentifier>
      <Extensions>cpp;c;cc;cxx;c++;cppm;ixx;def;odl;idl;hpj;bat;asm;asmx</Extensions>
    </Filter>
    <Filter Include="Header Files">
      <UniqueIdentifier>{93995380-89BD-4b04-88EB-625FBE52EBFB}</UniqueIdentifier>
      <Extensions>h;hh;hpp;hxx;h++;hm;inl;inc;ipp;xsd</Extensions>
    </Filter>
    <Filter Include="Resource Files">
      <UniqueIdentifier>{67DA6AB6-F800-4c08-8B7A-83BB121AAD01}</UniqueIdentifier>
      <Extensions>rc;ico;cur;bmp;dlg;rc2;rct;bin;rgs;gif;jpg;jpeg;jpe;resx;tiff;tif;png;wav;mfcribbon-ms</Extensions>
    </Filter>
  </ItemGroup>
  <ItemGroup>
    <ClCompile Include="src\Actors\Actor.cpp">
      <Filter>Source Files</Filter>
    </ClCompile>
    <ClCompile Include="src\Actors\Transform.cpp">
      <Filter>Source Files</Filter>
    </ClCompile>
    <ClCompile Include="src\Components\AIState.cpp">
      <Filter>Source Files</Filter>
    </ClCompile>
    <ClCompile Include="src\Components\Component.cpp">
      <Filter>Source Files</Filter>
    </ClCompile>
    <ClCompile Include="src\Components\GunFiringBehavior.cpp">
      <Filter>Source Files</Filter>
    </ClCompile>
    <ClCompile Include="src\Core\EventFunctions.cpp">
      <Filter>Source Files</Filter>
    </ClCompile>
    <ClCompile Include="src\Core\FTCore.cpp">
      <Filter>Source Files</Filter>
    </ClCompile>
    <ClCompile Include="src\Core\Timer.cpp">
      <Filter>Source Files</Filter>
    </ClCompile>
    <ClCompile Include="src\FileSystem\ChunkLoader.cpp">
      <Filter>Source Files</Filter>
    </ClCompile>
    <ClCompile Include="src\Managers\EventManager.cpp">
      <Filter>Source Files</Filter>
    </ClCompile>
    <ClCompile Include="src\Managers\KeyInputManager.cpp">
      <Filter>Source Files</Filter>
    </ClCompile>
    <ClCompile Include="src\Managers\ResourceManager.cpp">
      <Filter>Source Files</Filter>
    </ClCompile>
    <ClCompile Include="src\Managers\SceneManager.cpp">
      <Filter>Source Files</Filter>
    </ClCompile>
    <ClCompile Include="src\Managers\UIManager.cpp">
      <Filter>Source Files</Filter>
    </ClCompile>
    <ClCompile Include="src\Math\FTMath.cpp">
      <Filter>Source Files</Filter>
    </ClCompile>
    <ClCompile Include="src\Math\Random.cpp">
      <Filter>Source Files</Filter>
    </ClCompile>
    <ClCompile Include="src\Physics\ParticleSystem.cpp">
      <Filter>Source Files</Filter>
    </ClCompile>
    <ClCompile Include="src\Physics\Physics2D.cpp">
      <Filter>Source Files</Filter>
    </ClCompile>
    <ClCompile Include="src\Renderer\Camera.cpp">
      <Filter>Source Files</Filter>
    </ClCompile>
    <ClCompile Include="src\Renderer\D3D11Utils.cpp">
      <Filter>Source Files</Filter>
    </ClCompile>
    <ClCompile Include="src\Renderer\FoxtrotRenderer.cpp">
      <Filter>Source Files</Filter>
    </ClCompile>
    <ClCompile Include="src\Renderer\FTRect.cpp">
      <Filter>Source Files</Filter>
    </ClCompile>
    <ClCompile Include="src\ResourceSystem\FTBasicMeshGroup.cpp">
      <Filter>Source Files</Filter>
    </ClCompile>
    <ClCompile Include="src\ResourceSystem\FTResource.cpp">
      <Filter>Source Files</Filter>
    </ClCompile>
    <ClCompile Include="src\ResourceSystem\FTSpriteAnimation.cpp">
      <Filter>Source Files</Filter>
    </ClCompile>
    <ClCompile Include="src\ResourceSystem\FTTexture.cpp">
      <Filter>Source Files</Filter>
    </ClCompile>
    <ClCompile Include="src\ResourceSystem\FTTileMap.cpp">
      <Filter>Source Files</Filter>
    </ClCompile>
    <ClCompile Include="src\ResourceSystem\GeometryGenerator.cpp">
      <Filter>Source Files</Filter>
    </ClCompile>
    <ClCompile Include="src\ResourceSystem\Tile.cpp">
      <Filter>Source Files</Filter>
    </ClCompile>
    <ClCompile Include="src\Scenes\Scene.cpp">
      <Filter>Source Files</Filter>
    </ClCompile>
    <ClCompile Include="src\ResourceSystem\FTPremade.cpp">
      <Filter>Source Files</Filter>
    </ClCompile>
    <ClCompile Include="src\FileSystem\FileIOHelper.cpp">
      <Filter>Source Files</Filter>
    </ClCompile>
    <ClCompile Include="src\ResourceSystem\FTShape.cpp">
      <Filter>Source Files</Filter>
    </ClCompile>
    <ClCompile Include="src\Managers\CollisionManager.cpp">
      <Filter>Source Files</Filter>
    </ClCompile>
    <ClCompile Include="src\Components\ActorBehaviors\Bullet\BulletBehavior.cpp">
      <Filter>Source Files</Filter>
    </ClCompile>
    <ClCompile Include="src\Components\CharacterAI\AgentBehavior.cpp">
      <Filter>Source Files</Filter>
    </ClCompile>
    <ClCompile Include="src\Components\CharacterAI\Seek.cpp">
      <Filter>Source Files</Filter>
    </ClCompile>
    <ClCompile Include="src\Components\CharacterAI\Flee.cpp">
      <Filter>Source Files</Filter>
    </ClCompile>
    <ClCompile Include="src\Components\CharacterAI\Pursue.cpp">
      <Filter>Source Files</Filter>
    </ClCompile>
    <ClCompile Include="src\Components\UIs\ButtonUI.cpp">
      <Filter>Source Files</Filter>
    </ClCompile>
    <ClCompile Include="src\Components\UIs\PanelUI.cpp">
      <Filter>Source Files</Filter>
    </ClCompile>
    <ClCompile Include="src\Components\UIs\UI.cpp">
      <Filter>Source Files</Filter>
    </ClCompile>
    <ClCompile Include="src\Components\AI.cpp">
      <Filter>Source Files</Filter>
    </ClCompile>
    <ClCompile Include="src\Components\Animator.cpp">
      <Filter>Source Files</Filter>
    </ClCompile>
    <ClCompile Include="src\Components\BoxCollider2D.cpp">
      <Filter>Source Files</Filter>
    </ClCompile>
    <ClCompile Include="src\Components\CircleCollider2D.cpp">
      <Filter>Source Files</Filter>
    </ClCompile>
    <ClCompile Include="src\Components\Collider2D.cpp">
      <Filter>Source Files</Filter>
    </ClCompile>
    <ClCompile Include="src\Components\InputMove.cpp">
      <Filter>Source Files</Filter>
    </ClCompile>
    <ClCompile Include="src\Components\MeshRenderer.cpp">
      <Filter>Source Files</Filter>
    </ClCompile>
    <ClCompile Include="src\Components\Move.cpp">
      <Filter>Source Files</Filter>
    </ClCompile>
    <ClCompile Include="src\Components\Rigidbody2D.cpp">
      <Filter>Source Files</Filter>
    </ClCompile>
    <ClCompile Include="src\Components\SpriteRenderer.cpp">
      <Filter>Source Files</Filter>
    </ClCompile>
    <ClCompile Include="src\Components\TileMapRenderer.cpp">
      <Filter>Source Files</Filter>
    </ClCompile>
    <ClCompile Include="src\Components\UIs\TextRenderer.cpp">
      <Filter>Source Files</Filter>
    </ClCompile>
    <ClCompile Include="src\ResourceSystem\FTFontMap.cpp">
      <Filter>Source Files</Filter>
    </ClCompile>
    <ClCompile Include="src\Behaviors\FTBehavior.cpp">
      <Filter>Source Files</Filter>
    </ClCompile>
    <ClCompile Include="src\Renderer\FTSpineTextureLoader.cpp">
      <Filter>Source Files</Filter>
    </ClCompile>
    <ClCompile Include="src\Managers\LightManager.cpp">
      <Filter>Source Files</Filter>
    </ClCompile>
    <ClCompile Include="src\spine\Animation.cpp">
      <Filter>Source Files</Filter>
    </ClCompile>
    <ClCompile Include="src\spine\AnimationState.cpp">
      <Filter>Source Files</Filter>
    </ClCompile>
    <ClCompile Include="src\spine\AnimationStateData.cpp">
      <Filter>Source Files</Filter>
    </ClCompile>
    <ClCompile Include="src\spine\Atlas.cpp">
      <Filter>Source Files</Filter>
    </ClCompile>
    <ClCompile Include="src\spine\AtlasAttachmentLoader.cpp">
      <Filter>Source Files</Filter>
    </ClCompile>
    <ClCompile Include="src\spine\Attachment.cpp">
      <Filter>Source Files</Filter>
    </ClCompile>
    <ClCompile Include="src\spine\AttachmentLoader.cpp">
      <Filter>Source Files</Filter>
    </ClCompile>
    <ClCompile Include="src\spine\AttachmentTimeline.cpp">
      <Filter>Source Files</Filter>
    </ClCompile>
    <ClCompile Include="src\spine\Bone.cpp">
      <Filter>Source Files</Filter>
    </ClCompile>
    <ClCompile Include="src\spine\BoneData.cpp">
      <Filter>Source Files</Filter>
    </ClCompile>
    <ClCompile Include="src\spine\BoundingBoxAttachment.cpp">
      <Filter>Source Files</Filter>
    </ClCompile>
    <ClCompile Include="src\spine\ClippingAttachment.cpp">
      <Filter>Source Files</Filter>
    </ClCompile>
    <ClCompile Include="src\spine\ColorTimeline.cpp">
      <Filter>Source Files</Filter>
    </ClCompile>
    <ClCompile Include="src\spine\ConstraintData.cpp">
      <Filter>Source Files</Filter>
    </ClCompile>
    <ClCompile Include="src\spine\CurveTimeline.cpp">
      <Filter>Source Files</Filter>
    </ClCompile>
    <ClCompile Include="src\spine\DeformTimeline.cpp">
      <Filter>Source Files</Filter>
    </ClCompile>
    <ClCompile Include="src\spine\DrawOrderTimeline.cpp">
      <Filter>Source Files</Filter>
    </ClCompile>
    <ClCompile Include="src\spine\Event.cpp">
      <Filter>Source Files</Filter>
    </ClCompile>
    <ClCompile Include="src\spine\EventData.cpp">
      <Filter>Source Files</Filter>
    </ClCompile>
    <ClCompile Include="src\spine\EventTimeline.cpp">
      <Filter>Source Files</Filter>
    </ClCompile>
    <ClCompile Include="src\spine\Extension.cpp">
      <Filter>Source Files</Filter>
    </ClCompile>
    <ClCompile Include="src\spine\IkConstraint.cpp">
      <Filter>Source Files</Filter>
    </ClCompile>
    <ClCompile Include="src\spine\IkConstraintData.cpp">
      <Filter>Source Files</Filter>
    </ClCompile>
    <ClCompile Include="src\spine\IkConstraintTimeline.cpp">
      <Filter>Source Files</Filter>
    </ClCompile>
    <ClCompile Include="src\spine\InheritTimeline.cpp">
      <Filter>Source Files</Filter>
    </ClCompile>
    <ClCompile Include="src\spine\Json.cpp">
      <Filter>Source Files</Filter>
    </ClCompile>
    <ClCompile Include="src\spine\LinkedMesh.cpp">
      <Filter>Source Files</Filter>
    </ClCompile>
    <ClCompile Include="src\spine\Log.cpp">
      <Filter>Source Files</Filter>
    </ClCompile>
    <ClCompile Include="src\spine\MathUtil.cpp">
      <Filter>Source Files</Filter>
    </ClCompile>
    <ClCompile Include="src\spine\MeshAttachment.cpp">
      <Filter>Source Files</Filter>
    </ClCompile>
    <ClCompile Include="src\spine\PathAttachment.cpp">
      <Filter>Source Files</Filter>
    </ClCompile>
    <ClCompile Include="src\spine\PathConstraint.cpp">
      <Filter>Source Files</Filter>
    </ClCompile>
    <ClCompile Include="src\spine\PathConstraintData.cpp">
      <Filter>Source Files</Filter>
    </ClCompile>
    <ClCompile Include="src\spine\PathConstraintMixTimeline.cpp">
      <Filter>Source Files</Filter>
    </ClCompile>
    <ClCompile Include="src\spine\PathConstraintPositionTimeline.cpp">
      <Filter>Source Files</Filter>
    </ClCompile>
    <ClCompile Include="src\spine\PathConstraintSpacingTimeline.cpp">
      <Filter>Source Files</Filter>
    </ClCompile>
    <ClCompile Include="src\spine\PhysicsConstraint.cpp">
      <Filter>Source Files</Filter>
    </ClCompile>
    <ClCompile Include="src\spine\PhysicsConstraintData.cpp">
      <Filter>Source Files</Filter>
    </ClCompile>
    <ClCompile Include="src\spine\PhysicsConstraintTimeline.cpp">
      <Filter>Source Files</Filter>
    </ClCompile>
    <ClCompile Include="src\spine\PointAttachment.cpp">
      <Filter>Source Files</Filter>
    </ClCompile>
    <ClCompile Include="src\spine\RegionAttachment.cpp">
      <Filter>Source Files</Filter>
    </ClCompile>
    <ClCompile Include="src\spine\RotateTimeline.cpp">
      <Filter>Source Files</Filter>
    </ClCompile>
    <ClCompile Include="src\spine\RTTI.cpp">
      <Filter>Source Files</Filter>
    </ClCompile>
    <ClCompile Include="src\spine\ScaleTimeline.cpp">
      <Filter>Source Files</Filter>
    </ClCompile>
    <ClCompile Include="src\spine\Sequence.cpp">
      <Filter>Source Files</Filter>
    </ClCompile>
    <ClCompile Include="src\spine\SequenceTimeline.cpp">
      <Filter>Source Files</Filter>
    </ClCompile>
    <ClCompile Include="src\spine\ShearTimeline.cpp">
      <Filter>Source Files</Filter>
    </ClCompile>
    <ClCompile Include="src\spine\Skeleton.cpp">
      <Filter>Source Files</Filter>
    </ClCompile>
    <ClCompile Include="src\spine\SkeletonBinary.cpp">
      <Filter>Source Files</Filter>
    </ClCompile>
    <ClCompile Include="src\spine\SkeletonBounds.cpp">
      <Filter>Source Files</Filter>
    </ClCompile>
    <ClCompile Include="src\spine\SkeletonClipping.cpp">
      <Filter>Source Files</Filter>
    </ClCompile>
    <ClCompile Include="src\spine\SkeletonData.cpp">
      <Filter>Source Files</Filter>
    </ClCompile>
    <ClCompile Include="src\spine\SkeletonJson.cpp">
      <Filter>Source Files</Filter>
    </ClCompile>
    <ClCompile Include="src\spine\SkeletonRenderer.cpp">
      <Filter>Source Files</Filter>
    </ClCompile>
    <ClCompile Include="src\spine\Skin.cpp">
      <Filter>Source Files</Filter>
    </ClCompile>
    <ClCompile Include="src\spine\Slot.cpp">
      <Filter>Source Files</Filter>
    </ClCompile>
    <ClCompile Include="src\spine\SlotData.cpp">
      <Filter>Source Files</Filter>
    </ClCompile>
    <ClCompile Include="src\spine\SpineObject.cpp">
      <Filter>Source Files</Filter>
    </ClCompile>
    <ClCompile Include="src\spine\TextureLoader.cpp">
      <Filter>Source Files</Filter>
    </ClCompile>
    <ClCompile Include="src\spine\Timeline.cpp">
      <Filter>Source Files</Filter>
    </ClCompile>
    <ClCompile Include="src\spine\TransformConstraint.cpp">
      <Filter>Source Files</Filter>
    </ClCompile>
    <ClCompile Include="src\spine\TransformConstraintData.cpp">
      <Filter>Source Files</Filter>
    </ClCompile>
    <ClCompile Include="src\spine\TransformConstraintTimeline.cpp">
      <Filter>Source Files</Filter>
    </ClCompile>
    <ClCompile Include="src\spine\TranslateTimeline.cpp">
      <Filter>Source Files</Filter>
    </ClCompile>
    <ClCompile Include="src\spine\Triangulator.cpp">
      <Filter>Source Files</Filter>
    </ClCompile>
    <ClCompile Include="src\spine\Updatable.cpp">
      <Filter>Source Files</Filter>
    </ClCompile>
    <ClCompile Include="src\spine\VertexAttachment.cpp">
      <Filter>Source Files</Filter>
    </ClCompile>
    <ClCompile Include="src\ResourceSystem\ModelLoader.cpp">
      <Filter>Source Files</Filter>
    </ClCompile>
    <ClCompile Include="src\ResourceSystem\FTMeshData.cpp">
      <Filter>Source Files</Filter>
    </ClCompile>
    <ClCompile Include="include\assimp\Common\AssertHandler.cpp">
      <Filter>Source Files</Filter>
    </ClCompile>
    <ClCompile Include="include\assimp\Common\Assimp.cpp">
      <Filter>Source Files</Filter>
    </ClCompile>
    <ClCompile Include="include\assimp\Common\Base64.cpp">
      <Filter>Source Files</Filter>
    </ClCompile>
    <ClCompile Include="include\assimp\Common\BaseImporter.cpp">
      <Filter>Source Files</Filter>
    </ClCompile>
    <ClCompile Include="include\assimp\Common\BaseProcess.cpp">
      <Filter>Source Files</Filter>
    </ClCompile>
    <ClCompile Include="include\assimp\Common\Bitmap.cpp">
      <Filter>Source Files</Filter>
    </ClCompile>
    <ClCompile Include="include\assimp\Common\Compression.cpp">
      <Filter>Source Files</Filter>
    </ClCompile>
    <ClCompile Include="include\assimp\Common\CreateAnimMesh.cpp">
      <Filter>Source Files</Filter>
    </ClCompile>
    <ClCompile Include="include\assimp\Common\DefaultIOStream.cpp">
      <Filter>Source Files</Filter>
    </ClCompile>
    <ClCompile Include="include\assimp\Common\DefaultIOSystem.cpp">
      <Filter>Source Files</Filter>
    </ClCompile>
    <ClCompile Include="include\assimp\Common\DefaultLogger.cpp">
      <Filter>Source Files</Filter>
    </ClCompile>
    <ClCompile Include="include\assimp\Common\Exceptional.cpp">
      <Filter>Source Files</Filter>
    </ClCompile>
    <ClCompile Include="include\assimp\Common\Exporter.cpp">
      <Filter>Source Files</Filter>
    </ClCompile>
    <ClCompile Include="include\assimp\Common\Importer.cpp">
      <Filter>Source Files</Filter>
    </ClCompile>
    <ClCompile Include="include\assimp\Common\ImporterRegistry.cpp">
      <Filter>Source Files</Filter>
    </ClCompile>
    <ClCompile Include="include\assimp\Common\IOSystem.cpp">
      <Filter>Source Files</Filter>
    </ClCompile>
    <ClCompile Include="include\assimp\Common\material.cpp">
      <Filter>Source Files</Filter>
    </ClCompile>
    <ClCompile Include="include\assimp\Common\PostStepRegistry.cpp">
      <Filter>Source Files</Filter>
    </ClCompile>
    <ClCompile Include="include\assimp\Common\RemoveComments.cpp">
      <Filter>Source Files</Filter>
    </ClCompile>
    <ClCompile Include="include\assimp\Common\scene.cpp">
      <Filter>Source Files</Filter>
    </ClCompile>
    <ClCompile Include="include\assimp\Common\SceneCombiner.cpp">
      <Filter>Source Files</Filter>
    </ClCompile>
    <ClCompile Include="include\assimp\Common\ScenePreprocessor.cpp">
      <Filter>Source Files</Filter>
    </ClCompile>
    <ClCompile Include="include\assimp\Common\SGSpatialSort.cpp">
      <Filter>Source Files</Filter>
    </ClCompile>
    <ClCompile Include="include\assimp\Common\simd.cpp">
      <Filter>Source Files</Filter>
    </ClCompile>
    <ClCompile Include="include\assimp\Common\SkeletonMeshBuilder.cpp">
      <Filter>Source Files</Filter>
    </ClCompile>
    <ClCompile Include="include\assimp\Common\SpatialSort.cpp">
      <Filter>Source Files</Filter>
    </ClCompile>
    <ClCompile Include="include\assimp\Common\StandardShapes.cpp">
      <Filter>Source Files</Filter>
    </ClCompile>
    <ClCompile Include="include\assimp\Common\Subdivision.cpp">
      <Filter>Source Files</Filter>
    </ClCompile>
    <ClCompile Include="include\assimp\Common\TargetAnimation.cpp">
      <Filter>Source Files</Filter>
    </ClCompile>
    <ClCompile Include="include\assimp\Common\Version.cpp">
      <Filter>Source Files</Filter>
    </ClCompile>
    <ClCompile Include="include\assimp\Common\VertexTriangleAdjacency.cpp">
      <Filter>Source Files</Filter>
    </ClCompile>
    <ClCompile Include="include\assimp\Common\ZipArchiveIOSystem.cpp">
      <Filter>Source Files</Filter>
    </ClCompile>
    <ClCompile Include="include\assimp\AssetLib\3DS\3DSConverter.cpp">
      <Filter>Source Files</Filter>
    </ClCompile>
    <ClCompile Include="include\assimp\AssetLib\3DS\3DSExporter.cpp">
      <Filter>Source Files</Filter>
    </ClCompile>
    <ClCompile Include="include\assimp\AssetLib\3DS\3DSLoader.cpp">
      <Filter>Source Files</Filter>
    </ClCompile>
    <ClCompile Include="include\assimp\AssetLib\3MF\D3MFExporter.cpp">
      <Filter>Source Files</Filter>
    </ClCompile>
    <ClCompile Include="include\assimp\AssetLib\3MF\D3MFImporter.cpp">
      <Filter>Source Files</Filter>
    </ClCompile>
    <ClCompile Include="include\assimp\AssetLib\3MF\D3MFOpcPackage.cpp">
      <Filter>Source Files</Filter>
    </ClCompile>
    <ClCompile Include="include\assimp\AssetLib\3MF\XmlSerializer.cpp">
      <Filter>Source Files</Filter>
    </ClCompile>
    <ClCompile Include="include\assimp\AssetLib\AC\ACLoader.cpp">
      <Filter>Source Files</Filter>
    </ClCompile>
    <ClCompile Include="include\assimp\AssetLib\AMF\AMFImporter.cpp">
      <Filter>Source Files</Filter>
    </ClCompile>
    <ClCompile Include="include\assimp\AssetLib\AMF\AMFImporter_Geometry.cpp">
      <Filter>Source Files</Filter>
    </ClCompile>
    <ClCompile Include="include\assimp\AssetLib\AMF\AMFImporter_Material.cpp">
      <Filter>Source Files</Filter>
    </ClCompile>
    <ClCompile Include="include\assimp\AssetLib\AMF\AMFImporter_Postprocess.cpp">
      <Filter>Source Files</Filter>
    </ClCompile>
    <ClCompile Include="include\assimp\AssetLib\ASE\ASELoader.cpp">
      <Filter>Source Files</Filter>
    </ClCompile>
    <ClCompile Include="include\assimp\AssetLib\ASE\ASEParser.cpp">
      <Filter>Source Files</Filter>
    </ClCompile>
    <ClCompile Include="include\assimp\AssetLib\Assbin\AssbinExporter.cpp">
      <Filter>Source Files</Filter>
    </ClCompile>
    <ClCompile Include="include\assimp\AssetLib\Assbin\AssbinFileWriter.cpp">
      <Filter>Source Files</Filter>
    </ClCompile>
    <ClCompile Include="include\assimp\AssetLib\Assbin\AssbinLoader.cpp">
      <Filter>Source Files</Filter>
    </ClCompile>
    <ClCompile Include="include\assimp\AssetLib\Assjson\cencode.c">
      <Filter>Source Files</Filter>
    </ClCompile>
    <ClCompile Include="include\assimp\AssetLib\Assjson\json_exporter.cpp">
      <Filter>Source Files</Filter>
    </ClCompile>
    <ClCompile Include="include\assimp\AssetLib\Assjson\mesh_splitter.cpp">
      <Filter>Source Files</Filter>
    </ClCompile>
    <ClCompile Include="include\assimp\AssetLib\Assxml\AssxmlExporter.cpp">
      <Filter>Source Files</Filter>
    </ClCompile>
    <ClCompile Include="include\assimp\AssetLib\Assxml\AssxmlFileWriter.cpp">
      <Filter>Source Files</Filter>
    </ClCompile>
    <ClCompile Include="include\assimp\AssetLib\B3D\B3DImporter.cpp">
      <Filter>Source Files</Filter>
    </ClCompile>
    <ClCompile Include="include\assimp\AssetLib\Blender\BlenderBMesh.cpp">
      <Filter>Source Files</Filter>
    </ClCompile>
    <ClCompile Include="include\assimp\AssetLib\Blender\BlenderCustomData.cpp">
      <Filter>Source Files</Filter>
    </ClCompile>
    <ClCompile Include="include\assimp\AssetLib\Blender\BlenderDNA.cpp">
      <Filter>Source Files</Filter>
    </ClCompile>
    <ClCompile Include="include\assimp\AssetLib\Blender\BlenderLoader.cpp">
      <Filter>Source Files</Filter>
    </ClCompile>
    <ClCompile Include="include\assimp\AssetLib\Blender\BlenderModifier.cpp">
      <Filter>Source Files</Filter>
    </ClCompile>
    <ClCompile Include="include\assimp\AssetLib\Blender\BlenderScene.cpp">
      <Filter>Source Files</Filter>
    </ClCompile>
    <ClCompile Include="include\assimp\AssetLib\Blender\BlenderTessellator.cpp">
      <Filter>Source Files</Filter>
    </ClCompile>
    <ClCompile Include="include\assimp\AssetLib\BVH\BVHLoader.cpp">
      <Filter>Source Files</Filter>
    </ClCompile>
    <ClCompile Include="include\assimp\AssetLib\C4D\C4DImporter.cpp">
      <Filter>Source Files</Filter>
    </ClCompile>
    <ClCompile Include="include\assimp\AssetLib\COB\COBLoader.cpp">
      <Filter>Source Files</Filter>
    </ClCompile>
    <ClCompile Include="include\assimp\AssetLib\Collada\ColladaExporter.cpp">
      <Filter>Source Files</Filter>
    </ClCompile>
    <ClCompile Include="include\assimp\AssetLib\Collada\ColladaHelper.cpp">
      <Filter>Source Files</Filter>
    </ClCompile>
    <ClCompile Include="include\assimp\AssetLib\Collada\ColladaLoader.cpp">
      <Filter>Source Files</Filter>
    </ClCompile>
    <ClCompile Include="include\assimp\AssetLib\Collada\ColladaParser.cpp">
      <Filter>Source Files</Filter>
    </ClCompile>
    <ClCompile Include="include\assimp\AssetLib\CSM\CSMLoader.cpp">
      <Filter>Source Files</Filter>
    </ClCompile>
    <ClCompile Include="include\assimp\AssetLib\DXF\DXFLoader.cpp">
      <Filter>Source Files</Filter>
    </ClCompile>
    <ClCompile Include="include\assimp\AssetLib\FBX\FBXAnimation.cpp">
      <Filter>Source Files</Filter>
    </ClCompile>
    <ClCompile Include="include\assimp\AssetLib\FBX\FBXBinaryTokenizer.cpp">
      <Filter>Source Files</Filter>
    </ClCompile>
    <ClCompile Include="include\assimp\AssetLib\FBX\FBXConverter.cpp">
      <Filter>Source Files</Filter>
    </ClCompile>
    <ClCompile Include="include\assimp\AssetLib\FBX\FBXDeformer.cpp">
      <Filter>Source Files</Filter>
    </ClCompile>
    <ClCompile Include="include\assimp\AssetLib\FBX\FBXDocument.cpp">
      <Filter>Source Files</Filter>
    </ClCompile>
    <ClCompile Include="include\assimp\AssetLib\FBX\FBXDocumentUtil.cpp">
      <Filter>Source Files</Filter>
    </ClCompile>
    <ClCompile Include="include\assimp\AssetLib\FBX\FBXExporter.cpp">
      <Filter>Source Files</Filter>
    </ClCompile>
    <ClCompile Include="include\assimp\AssetLib\FBX\FBXExportNode.cpp">
      <Filter>Source Files</Filter>
    </ClCompile>
    <ClCompile Include="include\assimp\AssetLib\FBX\FBXExportProperty.cpp">
      <Filter>Source Files</Filter>
    </ClCompile>
    <ClCompile Include="include\assimp\AssetLib\FBX\FBXImporter.cpp">
      <Filter>Source Files</Filter>
    </ClCompile>
    <ClCompile Include="include\assimp\AssetLib\FBX\FBXMaterial.cpp">
      <Filter>Source Files</Filter>
    </ClCompile>
    <ClCompile Include="include\assimp\AssetLib\FBX\FBXMeshGeometry.cpp">
      <Filter>Source Files</Filter>
    </ClCompile>
    <ClCompile Include="include\assimp\AssetLib\FBX\FBXModel.cpp">
      <Filter>Source Files</Filter>
    </ClCompile>
    <ClCompile Include="include\assimp\AssetLib\FBX\FBXNodeAttribute.cpp">
      <Filter>Source Files</Filter>
    </ClCompile>
    <ClCompile Include="include\assimp\AssetLib\FBX\FBXParser.cpp">
      <Filter>Source Files</Filter>
    </ClCompile>
    <ClCompile Include="include\assimp\AssetLib\FBX\FBXProperties.cpp">
      <Filter>Source Files</Filter>
    </ClCompile>
    <ClCompile Include="include\assimp\AssetLib\FBX\FBXTokenizer.cpp">
      <Filter>Source Files</Filter>
    </ClCompile>
    <ClCompile Include="include\assimp\AssetLib\FBX\FBXUtil.cpp">
      <Filter>Source Files</Filter>
    </ClCompile>
    <ClCompile Include="include\assimp\AssetLib\glTF\glTFCommon.cpp">
      <Filter>Source Files</Filter>
    </ClCompile>
    <ClCompile Include="include\assimp\AssetLib\glTF\glTFExporter.cpp">
      <Filter>Source Files</Filter>
    </ClCompile>
    <ClCompile Include="include\assimp\AssetLib\glTF\glTFImporter.cpp">
      <Filter>Source Files</Filter>
    </ClCompile>
    <ClCompile Include="include\assimp\AssetLib\glTF2\glTF2Exporter.cpp">
      <Filter>Source Files</Filter>
    </ClCompile>
    <ClCompile Include="include\assimp\AssetLib\glTF2\glTF2Importer.cpp">
      <Filter>Source Files</Filter>
    </ClCompile>
    <ClCompile Include="include\assimp\AssetLib\HMP\HMPLoader.cpp">
      <Filter>Source Files</Filter>
    </ClCompile>
    <ClCompile Include="include\assimp\AssetLib\IFC\IFCBoolean.cpp">
      <Filter>Source Files</Filter>
    </ClCompile>
    <ClCompile Include="include\assimp\AssetLib\IFC\IFCCurve.cpp">
      <Filter>Source Files</Filter>
    </ClCompile>
    <ClCompile Include="include\assimp\AssetLib\IFC\IFCGeometry.cpp">
      <Filter>Source Files</Filter>
    </ClCompile>
    <ClCompile Include="include\assimp\AssetLib\IFC\IFCLoader.cpp">
      <Filter>Source Files</Filter>
    </ClCompile>
    <ClCompile Include="include\assimp\AssetLib\IFC\IFCMaterial.cpp">
      <Filter>Source Files</Filter>
    </ClCompile>
    <ClCompile Include="include\assimp\AssetLib\IFC\IFCOpenings.cpp">
      <Filter>Source Files</Filter>
    </ClCompile>
    <ClCompile Include="include\assimp\AssetLib\IFC\IFCProfile.cpp">
      <Filter>Source Files</Filter>
    </ClCompile>
    <ClCompile Include="include\assimp\AssetLib\IFC\IFCReaderGen_4.cpp">
      <Filter>Source Files</Filter>
    </ClCompile>
    <ClCompile Include="include\assimp\AssetLib\IFC\IFCReaderGen1_2x3.cpp">
      <Filter>Source Files</Filter>
    </ClCompile>
    <ClCompile Include="include\assimp\AssetLib\IFC\IFCReaderGen2_2x3.cpp">
      <Filter>Source Files</Filter>
    </ClCompile>
    <ClCompile Include="include\assimp\AssetLib\IFC\IFCUtil.cpp">
      <Filter>Source Files</Filter>
    </ClCompile>
    <ClCompile Include="include\assimp\AssetLib\IQM\IQMImporter.cpp">
      <Filter>Source Files</Filter>
    </ClCompile>
    <ClCompile Include="include\assimp\AssetLib\Irr\IRRLoader.cpp">
      <Filter>Source Files</Filter>
    </ClCompile>
    <ClCompile Include="include\assimp\AssetLib\Irr\IRRMeshLoader.cpp">
      <Filter>Source Files</Filter>
    </ClCompile>
    <ClCompile Include="include\assimp\AssetLib\Irr\IRRShared.cpp">
      <Filter>Source Files</Filter>
    </ClCompile>
    <ClCompile Include="include\assimp\AssetLib\LWO\LWOAnimation.cpp">
      <Filter>Source Files</Filter>
    </ClCompile>
    <ClCompile Include="include\assimp\AssetLib\LWO\LWOBLoader.cpp">
      <Filter>Source Files</Filter>
    </ClCompile>
    <ClCompile Include="include\assimp\AssetLib\LWO\LWOLoader.cpp">
      <Filter>Source Files</Filter>
    </ClCompile>
    <ClCompile Include="include\assimp\AssetLib\LWO\LWOMaterial.cpp">
      <Filter>Source Files</Filter>
    </ClCompile>
    <ClCompile Include="include\assimp\AssetLib\LWS\LWSLoader.cpp">
      <Filter>Source Files</Filter>
    </ClCompile>
    <ClCompile Include="include\assimp\AssetLib\M3D\M3DExporter.cpp">
      <Filter>Source Files</Filter>
    </ClCompile>
    <ClCompile Include="include\assimp\AssetLib\M3D\M3DImporter.cpp">
      <Filter>Source Files</Filter>
    </ClCompile>
    <ClCompile Include="include\assimp\AssetLib\M3D\M3DWrapper.cpp">
      <Filter>Source Files</Filter>
    </ClCompile>
    <ClCompile Include="include\assimp\AssetLib\MD2\MD2Loader.cpp">
      <Filter>Source Files</Filter>
    </ClCompile>
    <ClCompile Include="include\assimp\AssetLib\MD3\MD3Loader.cpp">
      <Filter>Source Files</Filter>
    </ClCompile>
    <ClCompile Include="include\assimp\AssetLib\MD5\MD5Loader.cpp">
      <Filter>Source Files</Filter>
    </ClCompile>
    <ClCompile Include="include\assimp\AssetLib\MD5\MD5Parser.cpp">
      <Filter>Source Files</Filter>
    </ClCompile>
    <ClCompile Include="include\assimp\AssetLib\MDC\MDCLoader.cpp">
      <Filter>Source Files</Filter>
    </ClCompile>
    <ClCompile Include="include\assimp\AssetLib\MDL\HalfLife\HL1MDLLoader.cpp">
      <Filter>Source Files</Filter>
    </ClCompile>
    <ClCompile Include="include\assimp\AssetLib\MDL\HalfLife\UniqueNameGenerator.cpp">
      <Filter>Source Files</Filter>
    </ClCompile>
    <ClCompile Include="include\assimp\AssetLib\MDL\MDLLoader.cpp">
      <Filter>Source Files</Filter>
    </ClCompile>
    <ClCompile Include="include\assimp\AssetLib\MDL\MDLMaterialLoader.cpp">
      <Filter>Source Files</Filter>
    </ClCompile>
    <ClCompile Include="include\assimp\AssetLib\MMD\MMDImporter.cpp">
      <Filter>Source Files</Filter>
    </ClCompile>
    <ClCompile Include="include\assimp\AssetLib\MMD\MMDPmxParser.cpp">
      <Filter>Source Files</Filter>
    </ClCompile>
    <ClCompile Include="include\assimp\AssetLib\MS3D\MS3DLoader.cpp">
      <Filter>Source Files</Filter>
    </ClCompile>
    <ClCompile Include="include\assimp\AssetLib\NDO\NDOLoader.cpp">
      <Filter>Source Files</Filter>
    </ClCompile>
    <ClCompile Include="include\assimp\AssetLib\NFF\NFFLoader.cpp">
      <Filter>Source Files</Filter>
    </ClCompile>
    <ClCompile Include="include\assimp\AssetLib\Obj\ObjExporter.cpp">
      <Filter>Source Files</Filter>
    </ClCompile>
    <ClCompile Include="include\assimp\AssetLib\Obj\ObjFileImporter.cpp">
      <Filter>Source Files</Filter>
    </ClCompile>
    <ClCompile Include="include\assimp\AssetLib\Obj\ObjFileMtlImporter.cpp">
      <Filter>Source Files</Filter>
    </ClCompile>
    <ClCompile Include="include\assimp\AssetLib\Obj\ObjFileParser.cpp">
      <Filter>Source Files</Filter>
    </ClCompile>
    <ClCompile Include="include\assimp\AssetLib\OFF\OFFLoader.cpp">
      <Filter>Source Files</Filter>
    </ClCompile>
    <ClCompile Include="include\assimp\AssetLib\Ogre\OgreBinarySerializer.cpp">
      <Filter>Source Files</Filter>
    </ClCompile>
    <ClCompile Include="include\assimp\AssetLib\Ogre\OgreImporter.cpp">
      <Filter>Source Files</Filter>
    </ClCompile>
    <ClCompile Include="include\assimp\AssetLib\Ogre\OgreMaterial.cpp">
      <Filter>Source Files</Filter>
    </ClCompile>
    <ClCompile Include="include\assimp\AssetLib\Ogre\OgreStructs.cpp">
      <Filter>Source Files</Filter>
    </ClCompile>
    <ClCompile Include="include\assimp\AssetLib\Ogre\OgreXmlSerializer.cpp">
      <Filter>Source Files</Filter>
    </ClCompile>
    <ClCompile Include="include\assimp\AssetLib\OpenGEX\OpenGEXExporter.cpp">
      <Filter>Source Files</Filter>
    </ClCompile>
    <ClCompile Include="include\assimp\AssetLib\OpenGEX\OpenGEXImporter.cpp">
      <Filter>Source Files</Filter>
    </ClCompile>
    <ClCompile Include="include\assimp\AssetLib\Ply\PlyExporter.cpp">
      <Filter>Source Files</Filter>
    </ClCompile>
    <ClCompile Include="include\assimp\AssetLib\Ply\PlyLoader.cpp">
      <Filter>Source Files</Filter>
    </ClCompile>
    <ClCompile Include="include\assimp\AssetLib\Ply\PlyParser.cpp">
      <Filter>Source Files</Filter>
    </ClCompile>
    <ClCompile Include="include\assimp\AssetLib\Q3BSP\Q3BSPFileImporter.cpp">
      <Filter>Source Files</Filter>
    </ClCompile>
    <ClCompile Include="include\assimp\AssetLib\Q3BSP\Q3BSPFileParser.cpp">
      <Filter>Source Files</Filter>
    </ClCompile>
    <ClCompile Include="include\assimp\AssetLib\Q3D\Q3DLoader.cpp">
      <Filter>Source Files</Filter>
    </ClCompile>
    <ClCompile Include="include\assimp\AssetLib\Raw\RawLoader.cpp">
      <Filter>Source Files</Filter>
    </ClCompile>
    <ClCompile Include="include\assimp\AssetLib\SIB\SIBImporter.cpp">
      <Filter>Source Files</Filter>
    </ClCompile>
    <ClCompile Include="include\assimp\AssetLib\SMD\SMDLoader.cpp">
      <Filter>Source Files</Filter>
    </ClCompile>
    <ClCompile Include="include\assimp\AssetLib\Step\StepExporter.cpp">
      <Filter>Source Files</Filter>
    </ClCompile>
    <ClCompile Include="include\assimp\AssetLib\STEPParser\STEPFileEncoding.cpp">
      <Filter>Source Files</Filter>
    </ClCompile>
    <ClCompile Include="include\assimp\AssetLib\STEPParser\STEPFileReader.cpp">
      <Filter>Source Files</Filter>
    </ClCompile>
    <ClCompile Include="include\assimp\AssetLib\STL\STLExporter.cpp">
      <Filter>Source Files</Filter>
    </ClCompile>
    <ClCompile Include="include\assimp\AssetLib\STL\STLLoader.cpp">
      <Filter>Source Files</Filter>
    </ClCompile>
    <ClCompile Include="include\assimp\AssetLib\Terragen\TerragenLoader.cpp">
      <Filter>Source Files</Filter>
    </ClCompile>
    <ClCompile Include="include\assimp\AssetLib\Unreal\UnrealLoader.cpp">
      <Filter>Source Files</Filter>
    </ClCompile>
    <ClCompile Include="include\assimp\AssetLib\USD\USDLoader.cpp">
      <Filter>Source Files</Filter>
    </ClCompile>
    <ClCompile Include="include\assimp\AssetLib\USD\USDLoaderImplTinyusdz.cpp">
      <Filter>Source Files</Filter>
    </ClCompile>
    <ClCompile Include="include\assimp\AssetLib\USD\USDLoaderImplTinyusdzHelper.cpp">
      <Filter>Source Files</Filter>
    </ClCompile>
    <ClCompile Include="include\assimp\AssetLib\USD\USDLoaderUtil.cpp">
      <Filter>Source Files</Filter>
    </ClCompile>
    <ClCompile Include="include\assimp\AssetLib\VRML\VrmlConverter.cpp">
      <Filter>Source Files</Filter>
    </ClCompile>
    <ClCompile Include="include\assimp\AssetLib\X\XFileExporter.cpp">
      <Filter>Source Files</Filter>
    </ClCompile>
    <ClCompile Include="include\assimp\AssetLib\X\XFileImporter.cpp">
      <Filter>Source Files</Filter>
    </ClCompile>
    <ClCompile Include="include\assimp\AssetLib\X\XFileParser.cpp">
      <Filter>Source Files</Filter>
    </ClCompile>
    <ClCompile Include="include\assimp\AssetLib\X3D\X3DExporter.cpp">
      <Filter>Source Files</Filter>
    </ClCompile>
    <ClCompile Include="include\assimp\AssetLib\X3D\X3DGeoHelper.cpp">
      <Filter>Source Files</Filter>
    </ClCompile>
    <ClCompile Include="include\assimp\AssetLib\X3D\X3DImporter.cpp">
      <Filter>Source Files</Filter>
    </ClCompile>
    <ClCompile Include="include\assimp\AssetLib\X3D\X3DImporter_Geometry2D.cpp">
      <Filter>Source Files</Filter>
    </ClCompile>
    <ClCompile Include="include\assimp\AssetLib\X3D\X3DImporter_Geometry3D.cpp">
      <Filter>Source Files</Filter>
    </ClCompile>
    <ClCompile Include="include\assimp\AssetLib\X3D\X3DImporter_Group.cpp">
      <Filter>Source Files</Filter>
    </ClCompile>
    <ClCompile Include="include\assimp\AssetLib\X3D\X3DImporter_Light.cpp">
      <Filter>Source Files</Filter>
    </ClCompile>
    <ClCompile Include="include\assimp\AssetLib\X3D\X3DImporter_Metadata.cpp">
      <Filter>Source Files</Filter>
    </ClCompile>
    <ClCompile Include="include\assimp\AssetLib\X3D\X3DImporter_Networking.cpp">
      <Filter>Source Files</Filter>
    </ClCompile>
    <ClCompile Include="include\assimp\AssetLib\X3D\X3DImporter_Postprocess.cpp">
      <Filter>Source Files</Filter>
    </ClCompile>
    <ClCompile Include="include\assimp\AssetLib\X3D\X3DImporter_Rendering.cpp">
      <Filter>Source Files</Filter>
    </ClCompile>
    <ClCompile Include="include\assimp\AssetLib\X3D\X3DImporter_Shape.cpp">
      <Filter>Source Files</Filter>
    </ClCompile>
    <ClCompile Include="include\assimp\AssetLib\X3D\X3DImporter_Texturing.cpp">
      <Filter>Source Files</Filter>
    </ClCompile>
    <ClCompile Include="include\assimp\AssetLib\X3D\X3DXmlHelper.cpp">
      <Filter>Source Files</Filter>
    </ClCompile>
    <ClCompile Include="include\assimp\AssetLib\XGL\XGLLoader.cpp">
      <Filter>Source Files</Filter>
    </ClCompile>
    <ClCompile Include="include\assimp\CApi\AssimpCExport.cpp">
      <Filter>Source Files</Filter>
    </ClCompile>
    <ClCompile Include="include\assimp\CApi\CInterfaceIOWrapper.cpp">
      <Filter>Source Files</Filter>
    </ClCompile>
    <ClCompile Include="include\assimp\Geometry\GeometryUtils.cpp">
      <Filter>Source Files</Filter>
    </ClCompile>
    <ClCompile Include="include\assimp\Material\MaterialSystem.cpp">
      <Filter>Source Files</Filter>
    </ClCompile>
    <ClCompile Include="include\assimp\Pbrt\PbrtExporter.cpp">
      <Filter>Source Files</Filter>
    </ClCompile>
    <ClCompile Include="include\assimp\PostProcessing\ArmaturePopulate.cpp">
      <Filter>Source Files</Filter>
    </ClCompile>
    <ClCompile Include="include\assimp\PostProcessing\CalcTangentsProcess.cpp">
      <Filter>Source Files</Filter>
    </ClCompile>
    <ClCompile Include="include\assimp\PostProcessing\ComputeUVMappingProcess.cpp">
      <Filter>Source Files</Filter>
    </ClCompile>
    <ClCompile Include="include\assimp\PostProcessing\ConvertToLHProcess.cpp">
      <Filter>Source Files</Filter>
    </ClCompile>
    <ClCompile Include="include\assimp\PostProcessing\DeboneProcess.cpp">
      <Filter>Source Files</Filter>
    </ClCompile>
    <ClCompile Include="include\assimp\PostProcessing\DropFaceNormalsProcess.cpp">
      <Filter>Source Files</Filter>
    </ClCompile>
    <ClCompile Include="include\assimp\PostProcessing\EmbedTexturesProcess.cpp">
      <Filter>Source Files</Filter>
    </ClCompile>
    <ClCompile Include="include\assimp\PostProcessing\FindDegenerates.cpp">
      <Filter>Source Files</Filter>
    </ClCompile>
    <ClCompile Include="include\assimp\PostProcessing\FindInstancesProcess.cpp">
      <Filter>Source Files</Filter>
    </ClCompile>
    <ClCompile Include="include\assimp\PostProcessing\FindInvalidDataProcess.cpp">
      <Filter>Source Files</Filter>
    </ClCompile>
    <ClCompile Include="include\assimp\PostProcessing\FixNormalsStep.cpp">
      <Filter>Source Files</Filter>
    </ClCompile>
    <ClCompile Include="include\assimp\PostProcessing\GenBoundingBoxesProcess.cpp">
      <Filter>Source Files</Filter>
    </ClCompile>
    <ClCompile Include="include\assimp\PostProcessing\GenFaceNormalsProcess.cpp">
      <Filter>Source Files</Filter>
    </ClCompile>
    <ClCompile Include="include\assimp\PostProcessing\GenVertexNormalsProcess.cpp">
      <Filter>Source Files</Filter>
    </ClCompile>
    <ClCompile Include="include\assimp\PostProcessing\ImproveCacheLocality.cpp">
      <Filter>Source Files</Filter>
    </ClCompile>
    <ClCompile Include="include\assimp\PostProcessing\JoinVerticesProcess.cpp">
      <Filter>Source Files</Filter>
    </ClCompile>
    <ClCompile Include="include\assimp\PostProcessing\LimitBoneWeightsProcess.cpp">
      <Filter>Source Files</Filter>
    </ClCompile>
    <ClCompile Include="include\assimp\PostProcessing\MakeVerboseFormat.cpp">
      <Filter>Source Files</Filter>
    </ClCompile>
    <ClCompile Include="include\assimp\PostProcessing\OptimizeGraph.cpp">
      <Filter>Source Files</Filter>
    </ClCompile>
    <ClCompile Include="include\assimp\PostProcessing\OptimizeMeshes.cpp">
      <Filter>Source Files</Filter>
    </ClCompile>
    <ClCompile Include="include\assimp\PostProcessing\PretransformVertices.cpp">
      <Filter>Source Files</Filter>
    </ClCompile>
    <ClCompile Include="include\assimp\PostProcessing\ProcessHelper.cpp">
      <Filter>Source Files</Filter>
    </ClCompile>
    <ClCompile Include="include\assimp\PostProcessing\RemoveRedundantMaterials.cpp">
      <Filter>Source Files</Filter>
    </ClCompile>
    <ClCompile Include="include\assimp\PostProcessing\RemoveVCProcess.cpp">
      <Filter>Source Files</Filter>
    </ClCompile>
    <ClCompile Include="include\assimp\PostProcessing\ScaleProcess.cpp">
      <Filter>Source Files</Filter>
    </ClCompile>
    <ClCompile Include="include\assimp\PostProcessing\SortByPTypeProcess.cpp">
      <Filter>Source Files</Filter>
    </ClCompile>
    <ClCompile Include="include\assimp\PostProcessing\SplitByBoneCountProcess.cpp">
      <Filter>Source Files</Filter>
    </ClCompile>
    <ClCompile Include="include\assimp\PostProcessing\SplitLargeMeshes.cpp">
      <Filter>Source Files</Filter>
    </ClCompile>
    <ClCompile Include="include\assimp\PostProcessing\TextureTransform.cpp">
      <Filter>Source Files</Filter>
    </ClCompile>
    <ClCompile Include="include\assimp\PostProcessing\TriangulateProcess.cpp">
      <Filter>Source Files</Filter>
    </ClCompile>
    <ClCompile Include="include\assimp\PostProcessing\ValidateDataStructure.cpp">
      <Filter>Source Files</Filter>
    </ClCompile>
  </ItemGroup>
  <ItemGroup>
    <ClInclude Include="src\Actors\Actor.h">
      <Filter>Header Files</Filter>
    </ClInclude>
    <ClInclude Include="src\Actors\ActorGroup.h">
      <Filter>Header Files</Filter>
    </ClInclude>
    <ClInclude Include="src\Actors\Transform.h">
      <Filter>Header Files</Filter>
    </ClInclude>
    <ClInclude Include="src\Components\AIState.h">
      <Filter>Header Files</Filter>
    </ClInclude>
    <ClInclude Include="src\Components\Component.h">
      <Filter>Header Files</Filter>
    </ClInclude>
    <ClInclude Include="src\Components\GunFiringBehavior.h">
      <Filter>Header Files</Filter>
    </ClInclude>
    <ClInclude Include="src\Components\SpriteComponent.h">
      <Filter>Header Files</Filter>
    </ClInclude>
    <ClInclude Include="src\Core\EventFunctions.h">
      <Filter>Header Files</Filter>
    </ClInclude>
    <ClInclude Include="src\Core\EventType.h">
      <Filter>Header Files</Filter>
    </ClInclude>
    <ClInclude Include="src\Core\FTCore.h">
      <Filter>Header Files</Filter>
    </ClInclude>
    <ClInclude Include="src\Core\SingletonMacro.h">
      <Filter>Header Files</Filter>
    </ClInclude>
    <ClInclude Include="src\Core\TemplateFunctions.h">
      <Filter>Header Files</Filter>
    </ClInclude>
    <ClInclude Include="src\Core\Timer.h">
      <Filter>Header Files</Filter>
    </ClInclude>
    <ClInclude Include="src\Core\TypeDefinitions.h">
      <Filter>Header Files</Filter>
    </ClInclude>
    <ClInclude Include="src\Core\UnitDefinitions.h">
      <Filter>Header Files</Filter>
    </ClInclude>
    <ClInclude Include="src\Core\WindowProcess.h">
      <Filter>Header Files</Filter>
    </ClInclude>
    <ClInclude Include="src\FileSystem\ChunkLoader.h">
      <Filter>Header Files</Filter>
    </ClInclude>
    <ClInclude Include="src\Managers\EventManager.h">
      <Filter>Header Files</Filter>
    </ClInclude>
    <ClInclude Include="src\Managers\KeyInputManager.h">
      <Filter>Header Files</Filter>
    </ClInclude>
    <ClInclude Include="src\Managers\ResourceManager.h">
      <Filter>Header Files</Filter>
    </ClInclude>
    <ClInclude Include="src\Managers\SceneManager.h">
      <Filter>Header Files</Filter>
    </ClInclude>
    <ClInclude Include="src\Managers\UIManager.h">
      <Filter>Header Files</Filter>
    </ClInclude>
    <ClInclude Include="src\Math\FTMath.h">
      <Filter>Header Files</Filter>
    </ClInclude>
    <ClInclude Include="src\Math\Random.h">
      <Filter>Header Files</Filter>
    </ClInclude>
    <ClInclude Include="src\Physics\ParticleSystem.h">
      <Filter>Header Files</Filter>
    </ClInclude>
    <ClInclude Include="src\Physics\Physics2D.h">
      <Filter>Header Files</Filter>
    </ClInclude>
    <ClInclude Include="src\Physics\Ray.h">
      <Filter>Header Files</Filter>
    </ClInclude>
    <ClInclude Include="src\Physics\RayCastHit2D.h">
      <Filter>Header Files</Filter>
    </ClInclude>
    <ClInclude Include="src\Renderer\Camera.h">
      <Filter>Header Files</Filter>
    </ClInclude>
    <ClInclude Include="src\Renderer\D3D11Utils.h">
      <Filter>Header Files</Filter>
    </ClInclude>
    <ClInclude Include="src\Renderer\FoxtrotRenderer.h">
      <Filter>Header Files</Filter>
    </ClInclude>
    <ClInclude Include="src\Renderer\FTRect.h">
      <Filter>Header Files</Filter>
    </ClInclude>
    <ClInclude Include="src\ResourceSystem\FTBasicMeshGroup.h">
      <Filter>Header Files</Filter>
    </ClInclude>
    <ClInclude Include="src\ResourceSystem\FTResource.h">
      <Filter>Header Files</Filter>
    </ClInclude>
    <ClInclude Include="src\ResourceSystem\FTSpriteAnimation.h">
      <Filter>Header Files</Filter>
    </ClInclude>
    <ClInclude Include="src\ResourceSystem\FTTexture.h">
      <Filter>Header Files</Filter>
    </ClInclude>
    <ClInclude Include="src\ResourceSystem\FTTileMap.h">
      <Filter>Header Files</Filter>
    </ClInclude>
    <ClInclude Include="src\ResourceSystem\GeometryGenerator.h">
      <Filter>Header Files</Filter>
    </ClInclude>
    <ClInclude Include="src\ResourceSystem\Mesh.h">
      <Filter>Header Files</Filter>
    </ClInclude>
    <ClInclude Include="src\ResourceSystem\MeshConstantData.h">
      <Filter>Header Files</Filter>
    </ClInclude>
    <ClInclude Include="src\ResourceSystem\Tile.h">
      <Filter>Header Files</Filter>
    </ClInclude>
    <ClInclude Include="src\ResourceSystem\Vertex.h">
      <Filter>Header Files</Filter>
    </ClInclude>
    <ClInclude Include="src\Scenes\Scene.h">
      <Filter>Header Files</Filter>
    </ClInclude>
    <ClInclude Include="src\FileSystem\ChunkFileKeys.h">
      <Filter>Header Files</Filter>
    </ClInclude>
    <ClInclude Include="src\ResourceSystem\FTPremade.h">
      <Filter>Header Files</Filter>
    </ClInclude>
    <ClInclude Include="src\FileSystem\FileIOHelper.h">
      <Filter>Header Files</Filter>
    </ClInclude>
    <ClInclude Include="src\Debugging\DebugMemAlloc.h">
      <Filter>Header Files</Filter>
    </ClInclude>
    <ClInclude Include="src\ResourceSystem\FTShape.h">
      <Filter>Header Files</Filter>
    </ClInclude>
    <ClInclude Include="src\Managers\CollisionManager.h">
      <Filter>Header Files</Filter>
    </ClInclude>
    <ClInclude Include="src\Components\ActorBehaviors\Bullet\BulletBehavior.h">
      <Filter>Header Files</Filter>
    </ClInclude>
    <ClInclude Include="src\Components\CharacterAI\Steering.h">
      <Filter>Header Files</Filter>
    </ClInclude>
    <ClInclude Include="src\Components\CharacterAI\AgentBehavior.h">
      <Filter>Header Files</Filter>
    </ClInclude>
    <ClInclude Include="src\Components\CharacterAI\Seek.h">
      <Filter>Header Files</Filter>
    </ClInclude>
    <ClInclude Include="src\Components\CharacterAI\Flee.h">
      <Filter>Header Files</Filter>
    </ClInclude>
    <ClInclude Include="src\Components\CharacterAI\Pursue.h">
      <Filter>Header Files</Filter>
    </ClInclude>
    <ClInclude Include="src\Components\UIs\ButtonUI.h">
      <Filter>Header Files</Filter>
    </ClInclude>
    <ClInclude Include="src\Components\UIs\PanelUI.h">
      <Filter>Header Files</Filter>
    </ClInclude>
    <ClInclude Include="src\Components\UIs\UI.h">
      <Filter>Header Files</Filter>
    </ClInclude>
    <ClInclude Include="src\Components\AI.h">
      <Filter>Header Files</Filter>
    </ClInclude>
    <ClInclude Include="src\Components\Animator.h">
      <Filter>Header Files</Filter>
    </ClInclude>
    <ClInclude Include="src\Components\BatchHeaders.h">
      <Filter>Header Files</Filter>
    </ClInclude>
    <ClInclude Include="src\Components\BoxCollider2D.h">
      <Filter>Header Files</Filter>
    </ClInclude>
    <ClInclude Include="src\Components\CircleCollider2D.h">
      <Filter>Header Files</Filter>
    </ClInclude>
    <ClInclude Include="src\Components\Collider2D.h">
      <Filter>Header Files</Filter>
    </ClInclude>
    <ClInclude Include="src\Components\InputMove.h">
      <Filter>Header Files</Filter>
    </ClInclude>
    <ClInclude Include="src\Components\MeshRenderer.h">
      <Filter>Header Files</Filter>
    </ClInclude>
    <ClInclude Include="src\Components\Move.h">
      <Filter>Header Files</Filter>
    </ClInclude>
    <ClInclude Include="src\Components\Rigidbody2D.h">
      <Filter>Header Files</Filter>
    </ClInclude>
    <ClInclude Include="src\Components\SpriteRenderer.h">
      <Filter>Header Files</Filter>
    </ClInclude>
    <ClInclude Include="src\Components\TileMapRenderer.h">
      <Filter>Header Files</Filter>
    </ClInclude>
    <ClInclude Include="src\Components\UIs\TextRenderer.h">
      <Filter>Header Files</Filter>
    </ClInclude>
    <ClInclude Include="src\ResourceSystem\FTFontMap.h">
      <Filter>Header Files</Filter>
    </ClInclude>
    <ClInclude Include="src\ResourceSystem\TextAttribute.h">
      <Filter>Header Files</Filter>
    </ClInclude>
    <ClInclude Include="src\Behaviors\FTBehavior.h">
      <Filter>Header Files</Filter>
    </ClInclude>
    <ClInclude Include="src\Renderer\FTSpineTextureLoader.h">
      <Filter>Header Files</Filter>
    </ClInclude>
    <ClInclude Include="src\ResourceSystem\Light.h">
      <Filter>Header Files</Filter>
    </ClInclude>
    <ClInclude Include="src\ResourceSystem\Material.h">
      <Filter>Header Files</Filter>
    </ClInclude>
    <ClInclude Include="src\FileSystem\MaterialFileKeys.h">
      <Filter>Header Files</Filter>
    </ClInclude>
    <ClInclude Include="src\Managers\LightManager.h">
      <Filter>Header Files</Filter>
    </ClInclude>
    <ClInclude Include="include\spine\Animation.h">
      <Filter>Header Files</Filter>
    </ClInclude>
    <ClInclude Include="include\spine\AnimationState.h">
      <Filter>Header Files</Filter>
    </ClInclude>
    <ClInclude Include="include\spine\AnimationStateData.h">
      <Filter>Header Files</Filter>
    </ClInclude>
    <ClInclude Include="include\spine\Atlas.h">
      <Filter>Header Files</Filter>
    </ClInclude>
    <ClInclude Include="include\spine\AtlasAttachmentLoader.h">
      <Filter>Header Files</Filter>
    </ClInclude>
    <ClInclude Include="include\spine\Attachment.h">
      <Filter>Header Files</Filter>
    </ClInclude>
    <ClInclude Include="include\spine\AttachmentLoader.h">
      <Filter>Header Files</Filter>
    </ClInclude>
    <ClInclude Include="include\spine\AttachmentTimeline.h">
      <Filter>Header Files</Filter>
    </ClInclude>
    <ClInclude Include="include\spine\AttachmentType.h">
      <Filter>Header Files</Filter>
    </ClInclude>
    <ClInclude Include="include\spine\BlendMode.h">
      <Filter>Header Files</Filter>
    </ClInclude>
    <ClInclude Include="include\spine\BlockAllocator.h">
      <Filter>Header Files</Filter>
    </ClInclude>
    <ClInclude Include="include\spine\Bone.h">
      <Filter>Header Files</Filter>
    </ClInclude>
    <ClInclude Include="include\spine\BoneData.h">
      <Filter>Header Files</Filter>
    </ClInclude>
    <ClInclude Include="include\spine\BoundingBoxAttachment.h">
      <Filter>Header Files</Filter>
    </ClInclude>
    <ClInclude Include="include\spine\ClippingAttachment.h">
      <Filter>Header Files</Filter>
    </ClInclude>
    <ClInclude Include="include\spine\Color.h">
      <Filter>Header Files</Filter>
    </ClInclude>
    <ClInclude Include="include\spine\ColorTimeline.h">
      <Filter>Header Files</Filter>
    </ClInclude>
    <ClInclude Include="include\spine\ConstraintData.h">
      <Filter>Header Files</Filter>
    </ClInclude>
    <ClInclude Include="include\spine\ContainerUtil.h">
      <Filter>Header Files</Filter>
    </ClInclude>
    <ClInclude Include="include\spine\CurveTimeline.h">
      <Filter>Header Files</Filter>
    </ClInclude>
    <ClInclude Include="include\spine\Debug.h">
      <Filter>Header Files</Filter>
    </ClInclude>
    <ClInclude Include="include\spine\DeformTimeline.h">
      <Filter>Header Files</Filter>
    </ClInclude>
    <ClInclude Include="include\spine\dll.h">
      <Filter>Header Files</Filter>
    </ClInclude>
    <ClInclude Include="include\spine\DrawOrderTimeline.h">
      <Filter>Header Files</Filter>
    </ClInclude>
    <ClInclude Include="include\spine\Event.h">
      <Filter>Header Files</Filter>
    </ClInclude>
    <ClInclude Include="include\spine\EventData.h">
      <Filter>Header Files</Filter>
    </ClInclude>
    <ClInclude Include="include\spine\EventTimeline.h">
      <Filter>Header Files</Filter>
    </ClInclude>
    <ClInclude Include="include\spine\Extension.h">
      <Filter>Header Files</Filter>
    </ClInclude>
    <ClInclude Include="include\spine\HashMap.h">
      <Filter>Header Files</Filter>
    </ClInclude>
    <ClInclude Include="include\spine\HasRendererObject.h">
      <Filter>Header Files</Filter>
    </ClInclude>
    <ClInclude Include="include\spine\IkConstraint.h">
      <Filter>Header Files</Filter>
    </ClInclude>
    <ClInclude Include="include\spine\IkConstraintData.h">
      <Filter>Header Files</Filter>
    </ClInclude>
    <ClInclude Include="include\spine\IkConstraintTimeline.h">
      <Filter>Header Files</Filter>
    </ClInclude>
    <ClInclude Include="include\spine\Inherit.h">
      <Filter>Header Files</Filter>
    </ClInclude>
    <ClInclude Include="include\spine\InheritTimeline.h">
      <Filter>Header Files</Filter>
    </ClInclude>
    <ClInclude Include="include\spine\Json.h">
      <Filter>Header Files</Filter>
    </ClInclude>
    <ClInclude Include="include\spine\LinkedMesh.h">
      <Filter>Header Files</Filter>
    </ClInclude>
    <ClInclude Include="include\spine\Log.h">
      <Filter>Header Files</Filter>
    </ClInclude>
    <ClInclude Include="include\spine\MathUtil.h">
      <Filter>Header Files</Filter>
    </ClInclude>
    <ClInclude Include="include\spine\MeshAttachment.h">
      <Filter>Header Files</Filter>
    </ClInclude>
    <ClInclude Include="include\spine\MixBlend.h">
      <Filter>Header Files</Filter>
    </ClInclude>
    <ClInclude Include="include\spine\MixDirection.h">
      <Filter>Header Files</Filter>
    </ClInclude>
    <ClInclude Include="include\spine\PathAttachment.h">
      <Filter>Header Files</Filter>
    </ClInclude>
    <ClInclude Include="include\spine\PathConstraint.h">
      <Filter>Header Files</Filter>
    </ClInclude>
    <ClInclude Include="include\spine\PathConstraintData.h">
      <Filter>Header Files</Filter>
    </ClInclude>
    <ClInclude Include="include\spine\PathConstraintMixTimeline.h">
      <Filter>Header Files</Filter>
    </ClInclude>
    <ClInclude Include="include\spine\PathConstraintPositionTimeline.h">
      <Filter>Header Files</Filter>
    </ClInclude>
    <ClInclude Include="include\spine\PathConstraintSpacingTimeline.h">
      <Filter>Header Files</Filter>
    </ClInclude>
    <ClInclude Include="include\spine\Physics.h">
      <Filter>Header Files</Filter>
    </ClInclude>
    <ClInclude Include="include\spine\PhysicsConstraint.h">
      <Filter>Header Files</Filter>
    </ClInclude>
    <ClInclude Include="include\spine\PhysicsConstraintData.h">
      <Filter>Header Files</Filter>
    </ClInclude>
    <ClInclude Include="include\spine\PhysicsConstraintTimeline.h">
      <Filter>Header Files</Filter>
    </ClInclude>
    <ClInclude Include="include\spine\PointAttachment.h">
      <Filter>Header Files</Filter>
    </ClInclude>
    <ClInclude Include="include\spine\Pool.h">
      <Filter>Header Files</Filter>
    </ClInclude>
    <ClInclude Include="include\spine\PositionMode.h">
      <Filter>Header Files</Filter>
    </ClInclude>
    <ClInclude Include="include\spine\Property.h">
      <Filter>Header Files</Filter>
    </ClInclude>
    <ClInclude Include="include\spine\RegionAttachment.h">
      <Filter>Header Files</Filter>
    </ClInclude>
    <ClInclude Include="include\spine\RotateMode.h">
      <Filter>Header Files</Filter>
    </ClInclude>
    <ClInclude Include="include\spine\RotateTimeline.h">
      <Filter>Header Files</Filter>
    </ClInclude>
    <ClInclude Include="include\spine\RTTI.h">
      <Filter>Header Files</Filter>
    </ClInclude>
    <ClInclude Include="include\spine\ScaleTimeline.h">
      <Filter>Header Files</Filter>
    </ClInclude>
    <ClInclude Include="include\spine\Sequence.h">
      <Filter>Header Files</Filter>
    </ClInclude>
    <ClInclude Include="include\spine\SequenceTimeline.h">
      <Filter>Header Files</Filter>
    </ClInclude>
    <ClInclude Include="include\spine\ShearTimeline.h">
      <Filter>Header Files</Filter>
    </ClInclude>
    <ClInclude Include="include\spine\Skeleton.h">
      <Filter>Header Files</Filter>
    </ClInclude>
    <ClInclude Include="include\spine\SkeletonBinary.h">
      <Filter>Header Files</Filter>
    </ClInclude>
    <ClInclude Include="include\spine\SkeletonBounds.h">
      <Filter>Header Files</Filter>
    </ClInclude>
    <ClInclude Include="include\spine\SkeletonClipping.h">
      <Filter>Header Files</Filter>
    </ClInclude>
    <ClInclude Include="include\spine\SkeletonData.h">
      <Filter>Header Files</Filter>
    </ClInclude>
    <ClInclude Include="include\spine\SkeletonJson.h">
      <Filter>Header Files</Filter>
    </ClInclude>
    <ClInclude Include="include\spine\SkeletonRenderer.h">
      <Filter>Header Files</Filter>
    </ClInclude>
    <ClInclude Include="include\spine\Skin.h">
      <Filter>Header Files</Filter>
    </ClInclude>
    <ClInclude Include="include\spine\Slot.h">
      <Filter>Header Files</Filter>
    </ClInclude>
    <ClInclude Include="include\spine\SlotData.h">
      <Filter>Header Files</Filter>
    </ClInclude>
    <ClInclude Include="include\spine\SpacingMode.h">
      <Filter>Header Files</Filter>
    </ClInclude>
    <ClInclude Include="include\spine\spine.h">
      <Filter>Header Files</Filter>
    </ClInclude>
    <ClInclude Include="include\spine\SpineObject.h">
      <Filter>Header Files</Filter>
    </ClInclude>
    <ClInclude Include="include\spine\SpineString.h">
      <Filter>Header Files</Filter>
    </ClInclude>
    <ClInclude Include="include\spine\TextureLoader.h">
      <Filter>Header Files</Filter>
    </ClInclude>
    <ClInclude Include="include\spine\TextureRegion.h">
      <Filter>Header Files</Filter>
    </ClInclude>
    <ClInclude Include="include\spine\Timeline.h">
      <Filter>Header Files</Filter>
    </ClInclude>
    <ClInclude Include="include\spine\TransformConstraint.h">
      <Filter>Header Files</Filter>
    </ClInclude>
    <ClInclude Include="include\spine\TransformConstraintData.h">
      <Filter>Header Files</Filter>
    </ClInclude>
    <ClInclude Include="include\spine\TransformConstraintTimeline.h">
      <Filter>Header Files</Filter>
    </ClInclude>
    <ClInclude Include="include\spine\TranslateTimeline.h">
      <Filter>Header Files</Filter>
    </ClInclude>
    <ClInclude Include="include\spine\Triangulator.h">
      <Filter>Header Files</Filter>
    </ClInclude>
    <ClInclude Include="include\spine\Updatable.h">
      <Filter>Header Files</Filter>
    </ClInclude>
    <ClInclude Include="include\spine\Vector.h">
      <Filter>Header Files</Filter>
    </ClInclude>
    <ClInclude Include="include\spine\Version.h">
      <Filter>Header Files</Filter>
    </ClInclude>
    <ClInclude Include="include\spine\VertexAttachment.h">
      <Filter>Header Files</Filter>
    </ClInclude>
    <ClInclude Include="include\spine\Vertices.h">
      <Filter>Header Files</Filter>
    </ClInclude>
    <ClInclude Include="src\ResourceSystem\ModelLoader.h">
      <Filter>Header Files</Filter>
    </ClInclude>
    <ClInclude Include="src\ResourceSystem\FTMeshData.h">
      <Filter>Header Files</Filter>
    </ClInclude>
    <ClInclude Include="include\assimp\Common\assbin_chunks.h">
      <Filter>Header Files</Filter>
    </ClInclude>
    <ClInclude Include="include\assimp\Common\BaseProcess.h">
      <Filter>Header Files</Filter>
    </ClInclude>
    <ClInclude Include="include\assimp\Common\Compression.h">
      <Filter>Header Files</Filter>
    </ClInclude>
    <ClInclude Include="include\assimp\Common\DefaultProgressHandler.h">
      <Filter>Header Files</Filter>
    </ClInclude>
    <ClInclude Include="include\assimp\Common\FileLogStream.h">
      <Filter>Header Files</Filter>
    </ClInclude>
    <ClInclude Include="include\assimp\Common\FileSystemFilter.h">
      <Filter>Header Files</Filter>
    </ClInclude>
    <ClInclude Include="include\assimp\Common\IFF.h">
      <Filter>Header Files</Filter>
    </ClInclude>
    <ClInclude Include="include\assimp\Common\Importer.h">
      <Filter>Header Files</Filter>
    </ClInclude>
    <ClInclude Include="include\assimp\Common\Maybe.h">
      <Filter>Header Files</Filter>
    </ClInclude>
    <ClInclude Include="include\assimp\Common\PolyTools.h">
      <Filter>Header Files</Filter>
    </ClInclude>
    <ClInclude Include="include\assimp\Common\ScenePreprocessor.h">
      <Filter>Header Files</Filter>
    </ClInclude>
    <ClInclude Include="include\assimp\Common\ScenePrivate.h">
      <Filter>Header Files</Filter>
    </ClInclude>
    <ClInclude Include="include\assimp\Common\simd.h">
      <Filter>Header Files</Filter>
    </ClInclude>
    <ClInclude Include="include\assimp\Common\StackAllocator.h">
      <Filter>Header Files</Filter>
    </ClInclude>
    <ClInclude Include="include\assimp\Common\StbCommon.h">
      <Filter>Header Files</Filter>
    </ClInclude>
    <ClInclude Include="include\assimp\Common\StdOStreamLogStream.h">
      <Filter>Header Files</Filter>
    </ClInclude>
    <ClInclude Include="include\assimp\Common\TargetAnimation.h">
      <Filter>Header Files</Filter>
    </ClInclude>
    <ClInclude Include="include\assimp\Common\VertexTriangleAdjacency.h">
      <Filter>Header Files</Filter>
    </ClInclude>
    <ClInclude Include="include\assimp\Common\Win32DebugLogStream.h">
      <Filter>Header Files</Filter>
    </ClInclude>
    <ClInclude Include="include\assimp\AssetLib\3DS\3DSExporter.h">
      <Filter>Header Files</Filter>
    </ClInclude>
    <ClInclude Include="include\assimp\AssetLib\3DS\3DSHelper.h">
      <Filter>Header Files</Filter>
    </ClInclude>
    <ClInclude Include="include\assimp\AssetLib\3DS\3DSLoader.h">
      <Filter>Header Files</Filter>
    </ClInclude>
    <ClInclude Include="include\assimp\AssetLib\3MF\3MFTypes.h">
      <Filter>Header Files</Filter>
    </ClInclude>
    <ClInclude Include="include\assimp\AssetLib\3MF\3MFXmlTags.h">
      <Filter>Header Files</Filter>
    </ClInclude>
    <ClInclude Include="include\assimp\AssetLib\3MF\D3MFExporter.h">
      <Filter>Header Files</Filter>
    </ClInclude>
    <ClInclude Include="include\assimp\AssetLib\3MF\D3MFImporter.h">
      <Filter>Header Files</Filter>
    </ClInclude>
    <ClInclude Include="include\assimp\AssetLib\3MF\D3MFOpcPackage.h">
      <Filter>Header Files</Filter>
    </ClInclude>
    <ClInclude Include="include\assimp\AssetLib\3MF\XmlSerializer.h">
      <Filter>Header Files</Filter>
    </ClInclude>
    <ClInclude Include="include\assimp\AssetLib\AC\ACLoader.h">
      <Filter>Header Files</Filter>
    </ClInclude>
    <ClInclude Include="include\assimp\AssetLib\AMF\AMFImporter.hpp">
      <Filter>Header Files</Filter>
    </ClInclude>
    <ClInclude Include="include\assimp\AssetLib\AMF\AMFImporter_Node.hpp">
      <Filter>Header Files</Filter>
    </ClInclude>
    <ClInclude Include="include\assimp\AssetLib\ASE\ASELoader.h">
      <Filter>Header Files</Filter>
    </ClInclude>
    <ClInclude Include="include\assimp\AssetLib\ASE\ASEParser.h">
      <Filter>Header Files</Filter>
    </ClInclude>
    <ClInclude Include="include\assimp\AssetLib\Assbin\AssbinExporter.h">
      <Filter>Header Files</Filter>
    </ClInclude>
    <ClInclude Include="include\assimp\AssetLib\Assbin\AssbinFileWriter.h">
      <Filter>Header Files</Filter>
    </ClInclude>
    <ClInclude Include="include\assimp\AssetLib\Assbin\AssbinLoader.h">
      <Filter>Header Files</Filter>
    </ClInclude>
    <ClInclude Include="include\assimp\AssetLib\Assjson\cencode.h">
      <Filter>Header Files</Filter>
    </ClInclude>
    <ClInclude Include="include\assimp\AssetLib\Assjson\mesh_splitter.h">
      <Filter>Header Files</Filter>
    </ClInclude>
    <ClInclude Include="include\assimp\AssetLib\Assxml\AssxmlExporter.h">
      <Filter>Header Files</Filter>
    </ClInclude>
    <ClInclude Include="include\assimp\AssetLib\Assxml\AssxmlFileWriter.h">
      <Filter>Header Files</Filter>
    </ClInclude>
    <ClInclude Include="include\assimp\AssetLib\B3D\B3DImporter.h">
      <Filter>Header Files</Filter>
    </ClInclude>
    <ClInclude Include="include\assimp\AssetLib\Blender\BlenderBMesh.h">
      <Filter>Header Files</Filter>
    </ClInclude>
    <ClInclude Include="include\assimp\AssetLib\Blender\BlenderCustomData.h">
      <Filter>Header Files</Filter>
    </ClInclude>
    <ClInclude Include="include\assimp\AssetLib\Blender\BlenderDNA.h">
      <Filter>Header Files</Filter>
    </ClInclude>
    <ClInclude Include="include\assimp\AssetLib\Blender\BlenderIntermediate.h">
      <Filter>Header Files</Filter>
    </ClInclude>
    <ClInclude Include="include\assimp\AssetLib\Blender\BlenderLoader.h">
      <Filter>Header Files</Filter>
    </ClInclude>
    <ClInclude Include="include\assimp\AssetLib\Blender\BlenderModifier.h">
      <Filter>Header Files</Filter>
    </ClInclude>
    <ClInclude Include="include\assimp\AssetLib\Blender\BlenderScene.h">
      <Filter>Header Files</Filter>
    </ClInclude>
    <ClInclude Include="include\assimp\AssetLib\Blender\BlenderSceneGen.h">
      <Filter>Header Files</Filter>
    </ClInclude>
    <ClInclude Include="include\assimp\AssetLib\Blender\BlenderTessellator.h">
      <Filter>Header Files</Filter>
    </ClInclude>
    <ClInclude Include="include\assimp\AssetLib\BVH\BVHLoader.h">
      <Filter>Header Files</Filter>
    </ClInclude>
    <ClInclude Include="include\assimp\AssetLib\C4D\C4DImporter.h">
      <Filter>Header Files</Filter>
    </ClInclude>
    <ClInclude Include="include\assimp\AssetLib\COB\COBLoader.h">
      <Filter>Header Files</Filter>
    </ClInclude>
    <ClInclude Include="include\assimp\AssetLib\COB\COBScene.h">
      <Filter>Header Files</Filter>
    </ClInclude>
    <ClInclude Include="include\assimp\AssetLib\Collada\ColladaExporter.h">
      <Filter>Header Files</Filter>
    </ClInclude>
    <ClInclude Include="include\assimp\AssetLib\Collada\ColladaHelper.h">
      <Filter>Header Files</Filter>
    </ClInclude>
    <ClInclude Include="include\assimp\AssetLib\Collada\ColladaLoader.h">
      <Filter>Header Files</Filter>
    </ClInclude>
    <ClInclude Include="include\assimp\AssetLib\Collada\ColladaParser.h">
      <Filter>Header Files</Filter>
    </ClInclude>
    <ClInclude Include="include\assimp\AssetLib\CSM\CSMLoader.h">
      <Filter>Header Files</Filter>
    </ClInclude>
    <ClInclude Include="include\assimp\AssetLib\DXF\DXFHelper.h">
      <Filter>Header Files</Filter>
    </ClInclude>
    <ClInclude Include="include\assimp\AssetLib\DXF\DXFLoader.h">
      <Filter>Header Files</Filter>
    </ClInclude>
    <ClInclude Include="include\assimp\AssetLib\FBX\FBXCommon.h">
      <Filter>Header Files</Filter>
    </ClInclude>
    <ClInclude Include="include\assimp\AssetLib\FBX\FBXCompileConfig.h">
      <Filter>Header Files</Filter>
    </ClInclude>
    <ClInclude Include="include\assimp\AssetLib\FBX\FBXConverter.h">
      <Filter>Header Files</Filter>
    </ClInclude>
    <ClInclude Include="include\assimp\AssetLib\FBX\FBXDocument.h">
      <Filter>Header Files</Filter>
    </ClInclude>
    <ClInclude Include="include\assimp\AssetLib\FBX\FBXDocumentUtil.h">
      <Filter>Header Files</Filter>
    </ClInclude>
    <ClInclude Include="include\assimp\AssetLib\FBX\FBXExporter.h">
      <Filter>Header Files</Filter>
    </ClInclude>
    <ClInclude Include="include\assimp\AssetLib\FBX\FBXExportNode.h">
      <Filter>Header Files</Filter>
    </ClInclude>
    <ClInclude Include="include\assimp\AssetLib\FBX\FBXExportProperty.h">
      <Filter>Header Files</Filter>
    </ClInclude>
    <ClInclude Include="include\assimp\AssetLib\FBX\FBXImporter.h">
      <Filter>Header Files</Filter>
    </ClInclude>
    <ClInclude Include="include\assimp\AssetLib\FBX\FBXImportSettings.h">
      <Filter>Header Files</Filter>
    </ClInclude>
    <ClInclude Include="include\assimp\AssetLib\FBX\FBXMeshGeometry.h">
      <Filter>Header Files</Filter>
    </ClInclude>
    <ClInclude Include="include\assimp\AssetLib\FBX\FBXParser.h">
      <Filter>Header Files</Filter>
    </ClInclude>
    <ClInclude Include="include\assimp\AssetLib\FBX\FBXProperties.h">
      <Filter>Header Files</Filter>
    </ClInclude>
    <ClInclude Include="include\assimp\AssetLib\FBX\FBXTokenizer.h">
      <Filter>Header Files</Filter>
    </ClInclude>
    <ClInclude Include="include\assimp\AssetLib\FBX\FBXUtil.h">
      <Filter>Header Files</Filter>
    </ClInclude>
    <ClInclude Include="include\assimp\AssetLib\glTF\glTFAsset.h">
      <Filter>Header Files</Filter>
    </ClInclude>
    <ClInclude Include="include\assimp\AssetLib\glTF\glTFAssetWriter.h">
      <Filter>Header Files</Filter>
    </ClInclude>
    <ClInclude Include="include\assimp\AssetLib\glTF\glTFCommon.h">
      <Filter>Header Files</Filter>
    </ClInclude>
    <ClInclude Include="include\assimp\AssetLib\glTF\glTFExporter.h">
      <Filter>Header Files</Filter>
    </ClInclude>
    <ClInclude Include="include\assimp\AssetLib\glTF\glTFImporter.h">
      <Filter>Header Files</Filter>
    </ClInclude>
    <ClInclude Include="include\assimp\AssetLib\glTF2\glTF2Asset.h">
      <Filter>Header Files</Filter>
    </ClInclude>
    <ClInclude Include="include\assimp\AssetLib\glTF2\glTF2AssetWriter.h">
      <Filter>Header Files</Filter>
    </ClInclude>
    <ClInclude Include="include\assimp\AssetLib\glTF2\glTF2Exporter.h">
      <Filter>Header Files</Filter>
    </ClInclude>
    <ClInclude Include="include\assimp\AssetLib\glTF2\glTF2Importer.h">
      <Filter>Header Files</Filter>
    </ClInclude>
    <ClInclude Include="include\assimp\AssetLib\HMP\HalfLifeFileData.h">
      <Filter>Header Files</Filter>
    </ClInclude>
    <ClInclude Include="include\assimp\AssetLib\HMP\HMPFileData.h">
      <Filter>Header Files</Filter>
    </ClInclude>
    <ClInclude Include="include\assimp\AssetLib\HMP\HMPLoader.h">
      <Filter>Header Files</Filter>
    </ClInclude>
    <ClInclude Include="include\assimp\AssetLib\IFC\IFCLoader.h">
      <Filter>Header Files</Filter>
    </ClInclude>
    <ClInclude Include="include\assimp\AssetLib\IFC\IFCReaderGen_2x3.h">
      <Filter>Header Files</Filter>
    </ClInclude>
    <ClInclude Include="include\assimp\AssetLib\IFC\IFCReaderGen_4.h">
      <Filter>Header Files</Filter>
    </ClInclude>
    <ClInclude Include="include\assimp\AssetLib\IFC\IFCUtil.h">
      <Filter>Header Files</Filter>
    </ClInclude>
    <ClInclude Include="include\assimp\AssetLib\IQM\iqm.h">
      <Filter>Header Files</Filter>
    </ClInclude>
    <ClInclude Include="include\assimp\AssetLib\IQM\IQMImporter.h">
      <Filter>Header Files</Filter>
    </ClInclude>
    <ClInclude Include="include\assimp\AssetLib\Irr\IRRLoader.h">
      <Filter>Header Files</Filter>
    </ClInclude>
    <ClInclude Include="include\assimp\AssetLib\Irr\IRRMeshLoader.h">
      <Filter>Header Files</Filter>
    </ClInclude>
    <ClInclude Include="include\assimp\AssetLib\Irr\IRRShared.h">
      <Filter>Header Files</Filter>
    </ClInclude>
    <ClInclude Include="include\assimp\AssetLib\LWO\LWOAnimation.h">
      <Filter>Header Files</Filter>
    </ClInclude>
    <ClInclude Include="include\assimp\AssetLib\LWO\LWOFileData.h">
      <Filter>Header Files</Filter>
    </ClInclude>
    <ClInclude Include="include\assimp\AssetLib\LWO\LWOLoader.h">
      <Filter>Header Files</Filter>
    </ClInclude>
    <ClInclude Include="include\assimp\AssetLib\LWS\LWSLoader.h">
      <Filter>Header Files</Filter>
    </ClInclude>
    <ClInclude Include="include\assimp\AssetLib\M3D\m3d.h">
      <Filter>Header Files</Filter>
    </ClInclude>
    <ClInclude Include="include\assimp\AssetLib\M3D\M3DExporter.h">
      <Filter>Header Files</Filter>
    </ClInclude>
    <ClInclude Include="include\assimp\AssetLib\M3D\M3DImporter.h">
      <Filter>Header Files</Filter>
    </ClInclude>
    <ClInclude Include="include\assimp\AssetLib\M3D\M3DMaterials.h">
      <Filter>Header Files</Filter>
    </ClInclude>
    <ClInclude Include="include\assimp\AssetLib\M3D\M3DWrapper.h">
      <Filter>Header Files</Filter>
    </ClInclude>
    <ClInclude Include="include\assimp\AssetLib\MD2\MD2FileData.h">
      <Filter>Header Files</Filter>
    </ClInclude>
    <ClInclude Include="include\assimp\AssetLib\MD2\MD2Loader.h">
      <Filter>Header Files</Filter>
    </ClInclude>
    <ClInclude Include="include\assimp\AssetLib\MD2\MD2NormalTable.h">
      <Filter>Header Files</Filter>
    </ClInclude>
    <ClInclude Include="include\assimp\AssetLib\MD3\MD3FileData.h">
      <Filter>Header Files</Filter>
    </ClInclude>
    <ClInclude Include="include\assimp\AssetLib\MD3\MD3Loader.h">
      <Filter>Header Files</Filter>
    </ClInclude>
    <ClInclude Include="include\assimp\AssetLib\MD4\MD4FileData.h">
      <Filter>Header Files</Filter>
    </ClInclude>
    <ClInclude Include="include\assimp\AssetLib\MD5\MD5Loader.h">
      <Filter>Header Files</Filter>
    </ClInclude>
    <ClInclude Include="include\assimp\AssetLib\MD5\MD5Parser.h">
      <Filter>Header Files</Filter>
    </ClInclude>
    <ClInclude Include="include\assimp\AssetLib\MDC\MDCFileData.h">
      <Filter>Header Files</Filter>
    </ClInclude>
    <ClInclude Include="include\assimp\AssetLib\MDC\MDCLoader.h">
      <Filter>Header Files</Filter>
    </ClInclude>
    <ClInclude Include="include\assimp\AssetLib\MDC\MDCNormalTable.h">
      <Filter>Header Files</Filter>
    </ClInclude>
    <ClInclude Include="include\assimp\AssetLib\MDL\HalfLife\HalfLifeMDLBaseHeader.h">
      <Filter>Header Files</Filter>
    </ClInclude>
    <ClInclude Include="include\assimp\AssetLib\MDL\HalfLife\HL1FileData.h">
      <Filter>Header Files</Filter>
    </ClInclude>
    <ClInclude Include="include\assimp\AssetLib\MDL\HalfLife\HL1ImportDefinitions.h">
      <Filter>Header Files</Filter>
    </ClInclude>
    <ClInclude Include="include\assimp\AssetLib\MDL\HalfLife\HL1ImportSettings.h">
      <Filter>Header Files</Filter>
    </ClInclude>
    <ClInclude Include="include\assimp\AssetLib\MDL\HalfLife\HL1MDLLoader.h">
      <Filter>Header Files</Filter>
    </ClInclude>
    <ClInclude Include="include\assimp\AssetLib\MDL\HalfLife\HL1MeshTrivert.h">
      <Filter>Header Files</Filter>
    </ClInclude>
    <ClInclude Include="include\assimp\AssetLib\MDL\HalfLife\LogFunctions.h">
      <Filter>Header Files</Filter>
    </ClInclude>
    <ClInclude Include="include\assimp\AssetLib\MDL\HalfLife\UniqueNameGenerator.h">
      <Filter>Header Files</Filter>
    </ClInclude>
    <ClInclude Include="include\assimp\AssetLib\MDL\MDLDefaultColorMap.h">
      <Filter>Header Files</Filter>
    </ClInclude>
    <ClInclude Include="include\assimp\AssetLib\MDL\MDLFileData.h">
      <Filter>Header Files</Filter>
    </ClInclude>
    <ClInclude Include="include\assimp\AssetLib\MDL\MDLLoader.h">
      <Filter>Header Files</Filter>
    </ClInclude>
    <ClInclude Include="include\assimp\AssetLib\MMD\MMDCpp14.h">
      <Filter>Header Files</Filter>
    </ClInclude>
    <ClInclude Include="include\assimp\AssetLib\MMD\MMDImporter.h">
      <Filter>Header Files</Filter>
    </ClInclude>
    <ClInclude Include="include\assimp\AssetLib\MMD\MMDPmdParser.h">
      <Filter>Header Files</Filter>
    </ClInclude>
    <ClInclude Include="include\assimp\AssetLib\MMD\MMDPmxParser.h">
      <Filter>Header Files</Filter>
    </ClInclude>
    <ClInclude Include="include\assimp\AssetLib\MMD\MMDVmdParser.h">
      <Filter>Header Files</Filter>
    </ClInclude>
    <ClInclude Include="include\assimp\AssetLib\MS3D\MS3DLoader.h">
      <Filter>Header Files</Filter>
    </ClInclude>
    <ClInclude Include="include\assimp\AssetLib\NDO\NDOLoader.h">
      <Filter>Header Files</Filter>
    </ClInclude>
    <ClInclude Include="include\assimp\AssetLib\NFF\NFFLoader.h">
      <Filter>Header Files</Filter>
    </ClInclude>
    <ClInclude Include="include\assimp\AssetLib\Obj\ObjExporter.h">
      <Filter>Header Files</Filter>
    </ClInclude>
    <ClInclude Include="include\assimp\AssetLib\Obj\ObjFileData.h">
      <Filter>Header Files</Filter>
    </ClInclude>
    <ClInclude Include="include\assimp\AssetLib\Obj\ObjFileImporter.h">
      <Filter>Header Files</Filter>
    </ClInclude>
    <ClInclude Include="include\assimp\AssetLib\Obj\ObjFileMtlImporter.h">
      <Filter>Header Files</Filter>
    </ClInclude>
    <ClInclude Include="include\assimp\AssetLib\Obj\ObjFileParser.h">
      <Filter>Header Files</Filter>
    </ClInclude>
    <ClInclude Include="include\assimp\AssetLib\Obj\ObjTools.h">
      <Filter>Header Files</Filter>
    </ClInclude>
    <ClInclude Include="include\assimp\AssetLib\OFF\OFFLoader.h">
      <Filter>Header Files</Filter>
    </ClInclude>
    <ClInclude Include="include\assimp\AssetLib\Ogre\OgreBinarySerializer.h">
      <Filter>Header Files</Filter>
    </ClInclude>
    <ClInclude Include="include\assimp\AssetLib\Ogre\OgreImporter.h">
      <Filter>Header Files</Filter>
    </ClInclude>
    <ClInclude Include="include\assimp\AssetLib\Ogre\OgreParsingUtils.h">
      <Filter>Header Files</Filter>
    </ClInclude>
    <ClInclude Include="include\assimp\AssetLib\Ogre\OgreStructs.h">
      <Filter>Header Files</Filter>
    </ClInclude>
    <ClInclude Include="include\assimp\AssetLib\Ogre\OgreXmlSerializer.h">
      <Filter>Header Files</Filter>
    </ClInclude>
    <ClInclude Include="include\assimp\AssetLib\OpenGEX\OpenGEXExporter.h">
      <Filter>Header Files</Filter>
    </ClInclude>
    <ClInclude Include="include\assimp\AssetLib\OpenGEX\OpenGEXImporter.h">
      <Filter>Header Files</Filter>
    </ClInclude>
    <ClInclude Include="include\assimp\AssetLib\OpenGEX\OpenGEXStructs.h">
      <Filter>Header Files</Filter>
    </ClInclude>
    <ClInclude Include="include\assimp\AssetLib\Ply\PlyExporter.h">
      <Filter>Header Files</Filter>
    </ClInclude>
    <ClInclude Include="include\assimp\AssetLib\Ply\PlyLoader.h">
      <Filter>Header Files</Filter>
    </ClInclude>
    <ClInclude Include="include\assimp\AssetLib\Ply\PlyParser.h">
      <Filter>Header Files</Filter>
    </ClInclude>
    <ClInclude Include="include\assimp\AssetLib\Q3BSP\Q3BSPFileData.h">
      <Filter>Header Files</Filter>
    </ClInclude>
    <ClInclude Include="include\assimp\AssetLib\Q3BSP\Q3BSPFileImporter.h">
      <Filter>Header Files</Filter>
    </ClInclude>
    <ClInclude Include="include\assimp\AssetLib\Q3BSP\Q3BSPFileParser.h">
      <Filter>Header Files</Filter>
    </ClInclude>
    <ClInclude Include="include\assimp\AssetLib\Q3D\Q3DLoader.h">
      <Filter>Header Files</Filter>
    </ClInclude>
    <ClInclude Include="include\assimp\AssetLib\Raw\RawLoader.h">
      <Filter>Header Files</Filter>
    </ClInclude>
    <ClInclude Include="include\assimp\AssetLib\SIB\SIBImporter.h">
      <Filter>Header Files</Filter>
    </ClInclude>
    <ClInclude Include="include\assimp\AssetLib\SMD\SMDLoader.h">
      <Filter>Header Files</Filter>
    </ClInclude>
    <ClInclude Include="include\assimp\AssetLib\Step\StepExporter.h">
      <Filter>Header Files</Filter>
    </ClInclude>
    <ClInclude Include="include\assimp\AssetLib\Step\STEPFile.h">
      <Filter>Header Files</Filter>
    </ClInclude>
    <ClInclude Include="include\assimp\AssetLib\STEPParser\STEPFileEncoding.h">
      <Filter>Header Files</Filter>
    </ClInclude>
    <ClInclude Include="include\assimp\AssetLib\STEPParser\STEPFileReader.h">
      <Filter>Header Files</Filter>
    </ClInclude>
    <ClInclude Include="include\assimp\AssetLib\STL\STLExporter.h">
      <Filter>Header Files</Filter>
    </ClInclude>
    <ClInclude Include="include\assimp\AssetLib\STL\STLLoader.h">
      <Filter>Header Files</Filter>
    </ClInclude>
    <ClInclude Include="include\assimp\AssetLib\Terragen\TerragenLoader.h">
      <Filter>Header Files</Filter>
    </ClInclude>
    <ClInclude Include="include\assimp\AssetLib\Unreal\UnrealLoader.h">
      <Filter>Header Files</Filter>
    </ClInclude>
    <ClInclude Include="include\assimp\AssetLib\USD\USDLoader.h">
      <Filter>Header Files</Filter>
    </ClInclude>
    <ClInclude Include="include\assimp\AssetLib\USD\USDLoaderImplTinyusdz.h">
      <Filter>Header Files</Filter>
    </ClInclude>
    <ClInclude Include="include\assimp\AssetLib\USD\USDLoaderImplTinyusdzHelper.h">
      <Filter>Header Files</Filter>
    </ClInclude>
    <ClInclude Include="include\assimp\AssetLib\USD\USDLoaderUtil.h">
      <Filter>Header Files</Filter>
    </ClInclude>
    <ClInclude Include="include\assimp\AssetLib\USD\USDPreprocessor.h">
      <Filter>Header Files</Filter>
    </ClInclude>
    <ClInclude Include="include\assimp\AssetLib\VRML\VrmlConverter.hpp">
      <Filter>Header Files</Filter>
    </ClInclude>
    <ClInclude Include="include\assimp\AssetLib\X\XFileExporter.h">
      <Filter>Header Files</Filter>
    </ClInclude>
    <ClInclude Include="include\assimp\AssetLib\X\XFileHelper.h">
      <Filter>Header Files</Filter>
    </ClInclude>
    <ClInclude Include="include\assimp\AssetLib\X\XFileImporter.h">
      <Filter>Header Files</Filter>
    </ClInclude>
    <ClInclude Include="include\assimp\AssetLib\X\XFileParser.h">
      <Filter>Header Files</Filter>
    </ClInclude>
    <ClInclude Include="include\assimp\AssetLib\X3D\X3DExporter.hpp">
      <Filter>Header Files</Filter>
    </ClInclude>
    <ClInclude Include="include\assimp\AssetLib\X3D\X3DGeoHelper.h">
      <Filter>Header Files</Filter>
    </ClInclude>
    <ClInclude Include="include\assimp\AssetLib\X3D\X3DImporter.hpp">
      <Filter>Header Files</Filter>
    </ClInclude>
    <ClInclude Include="include\assimp\AssetLib\X3D\X3DImporter_Macro.hpp">
      <Filter>Header Files</Filter>
    </ClInclude>
    <ClInclude Include="include\assimp\AssetLib\X3D\X3DImporter_Node.hpp">
      <Filter>Header Files</Filter>
    </ClInclude>
    <ClInclude Include="include\assimp\AssetLib\X3D\X3DXmlHelper.h">
      <Filter>Header Files</Filter>
    </ClInclude>
    <ClInclude Include="include\assimp\AssetLib\XGL\XGLLoader.h">
      <Filter>Header Files</Filter>
    </ClInclude>
    <ClInclude Include="include\assimp\CApi\CInterfaceIOWrapper.h">
      <Filter>Header Files</Filter>
    </ClInclude>
    <ClInclude Include="include\assimp\Compiler\poppack1.h">
      <Filter>Header Files</Filter>
    </ClInclude>
    <ClInclude Include="include\assimp\Compiler\pstdint.h">
      <Filter>Header Files</Filter>
    </ClInclude>
    <ClInclude Include="include\assimp\Compiler\pushpack1.h">
      <Filter>Header Files</Filter>
    </ClInclude>
    <ClInclude Include="include\assimp\Geometry\GeometryUtils.h">
      <Filter>Header Files</Filter>
    </ClInclude>
    <ClInclude Include="include\assimp\Material\MaterialSystem.h">
      <Filter>Header Files</Filter>
    </ClInclude>
    <ClInclude Include="include\assimp\Pbrt\PbrtExporter.h">
      <Filter>Header Files</Filter>
    </ClInclude>
    <ClInclude Include="include\assimp\port\AndroidJNI\AndroidJNIIOSystem.h">
      <Filter>Header Files</Filter>
    </ClInclude>
    <ClInclude Include="include\assimp\port\AndroidJNI\BundledAssetIOSystem.h">
      <Filter>Header Files</Filter>
    </ClInclude>
    <ClInclude Include="include\assimp\PostProcessing\ArmaturePopulate.h">
      <Filter>Header Files</Filter>
    </ClInclude>
    <ClInclude Include="include\assimp\PostProcessing\CalcTangentsProcess.h">
      <Filter>Header Files</Filter>
    </ClInclude>
    <ClInclude Include="include\assimp\PostProcessing\ComputeUVMappingProcess.h">
      <Filter>Header Files</Filter>
    </ClInclude>
    <ClInclude Include="include\assimp\PostProcessing\ConvertToLHProcess.h">
      <Filter>Header Files</Filter>
    </ClInclude>
    <ClInclude Include="include\assimp\PostProcessing\DeboneProcess.h">
      <Filter>Header Files</Filter>
    </ClInclude>
    <ClInclude Include="include\assimp\PostProcessing\DropFaceNormalsProcess.h">
      <Filter>Header Files</Filter>
    </ClInclude>
    <ClInclude Include="include\assimp\PostProcessing\EmbedTexturesProcess.h">
      <Filter>Header Files</Filter>
    </ClInclude>
    <ClInclude Include="include\assimp\PostProcessing\FindDegenerates.h">
      <Filter>Header Files</Filter>
    </ClInclude>
    <ClInclude Include="include\assimp\PostProcessing\FindInstancesProcess.h">
      <Filter>Header Files</Filter>
    </ClInclude>
    <ClInclude Include="include\assimp\PostProcessing\FindInvalidDataProcess.h">
      <Filter>Header Files</Filter>
    </ClInclude>
    <ClInclude Include="include\assimp\PostProcessing\FixNormalsStep.h">
      <Filter>Header Files</Filter>
    </ClInclude>
    <ClInclude Include="include\assimp\PostProcessing\GenBoundingBoxesProcess.h">
      <Filter>Header Files</Filter>
    </ClInclude>
    <ClInclude Include="include\assimp\PostProcessing\GenFaceNormalsProcess.h">
      <Filter>Header Files</Filter>
    </ClInclude>
    <ClInclude Include="include\assimp\PostProcessing\GenVertexNormalsProcess.h">
      <Filter>Header Files</Filter>
    </ClInclude>
    <ClInclude Include="include\assimp\PostProcessing\ImproveCacheLocality.h">
      <Filter>Header Files</Filter>
    </ClInclude>
    <ClInclude Include="include\assimp\PostProcessing\JoinVerticesProcess.h">
      <Filter>Header Files</Filter>
    </ClInclude>
    <ClInclude Include="include\assimp\PostProcessing\LimitBoneWeightsProcess.h">
      <Filter>Header Files</Filter>
    </ClInclude>
    <ClInclude Include="include\assimp\PostProcessing\MakeVerboseFormat.h">
      <Filter>Header Files</Filter>
    </ClInclude>
    <ClInclude Include="include\assimp\PostProcessing\OptimizeGraph.h">
      <Filter>Header Files</Filter>
    </ClInclude>
    <ClInclude Include="include\assimp\PostProcessing\OptimizeMeshes.h">
      <Filter>Header Files</Filter>
    </ClInclude>
    <ClInclude Include="include\assimp\PostProcessing\PretransformVertices.h">
      <Filter>Header Files</Filter>
    </ClInclude>
    <ClInclude Include="include\assimp\PostProcessing\ProcessHelper.h">
      <Filter>Header Files</Filter>
    </ClInclude>
    <ClInclude Include="include\assimp\PostProcessing\RemoveRedundantMaterials.h">
      <Filter>Header Files</Filter>
    </ClInclude>
    <ClInclude Include="include\assimp\PostProcessing\RemoveVCProcess.h">
      <Filter>Header Files</Filter>
    </ClInclude>
    <ClInclude Include="include\assimp\PostProcessing\ScaleProcess.h">
      <Filter>Header Files</Filter>
    </ClInclude>
    <ClInclude Include="include\assimp\PostProcessing\SortByPTypeProcess.h">
      <Filter>Header Files</Filter>
    </ClInclude>
    <ClInclude Include="include\assimp\PostProcessing\SplitByBoneCountProcess.h">
      <Filter>Header Files</Filter>
    </ClInclude>
    <ClInclude Include="include\assimp\PostProcessing\SplitLargeMeshes.h">
      <Filter>Header Files</Filter>
    </ClInclude>
    <ClInclude Include="include\assimp\PostProcessing\TextureTransform.h">
      <Filter>Header Files</Filter>
    </ClInclude>
    <ClInclude Include="include\assimp\PostProcessing\TriangulateProcess.h">
      <Filter>Header Files</Filter>
    </ClInclude>
    <ClInclude Include="include\assimp\PostProcessing\ValidateDataStructure.h">
      <Filter>Header Files</Filter>
    </ClInclude>
    <ClInclude Include="include\assimp\aabb.h">
      <Filter>Header Files</Filter>
    </ClInclude>
    <ClInclude Include="include\assimp\ai_assert.h">
      <Filter>Header Files</Filter>
    </ClInclude>
    <ClInclude Include="include\assimp\anim.h">
      <Filter>Header Files</Filter>
    </ClInclude>
    <ClInclude Include="include\assimp\AssertHandler.h">
      <Filter>Header Files</Filter>
    </ClInclude>
    <ClInclude Include="include\assimp\Base64.hpp">
      <Filter>Header Files</Filter>
    </ClInclude>
    <ClInclude Include="include\assimp\BaseImporter.h">
      <Filter>Header Files</Filter>
    </ClInclude>
    <ClInclude Include="include\assimp\Bitmap.h">
      <Filter>Header Files</Filter>
    </ClInclude>
    <ClInclude Include="include\assimp\BlobIOSystem.h">
      <Filter>Header Files</Filter>
    </ClInclude>
    <ClInclude Include="include\assimp\ByteSwapper.h">
      <Filter>Header Files</Filter>
    </ClInclude>
    <ClInclude Include="include\assimp\camera.h">
      <Filter>Header Files</Filter>
    </ClInclude>
    <ClInclude Include="include\assimp\cexport.h">
      <Filter>Header Files</Filter>
    </ClInclude>
    <ClInclude Include="include\assimp\cfileio.h">
      <Filter>Header Files</Filter>
    </ClInclude>
    <ClInclude Include="include\assimp\cimport.h">
      <Filter>Header Files</Filter>
    </ClInclude>
    <ClInclude Include="include\assimp\ColladaMetaData.h">
      <Filter>Header Files</Filter>
    </ClInclude>
    <ClInclude Include="include\assimp\color4.h">
      <Filter>Header Files</Filter>
    </ClInclude>
    <ClInclude Include="include\assimp\commonMetaData.h">
      <Filter>Header Files</Filter>
    </ClInclude>
    <ClInclude Include="include\assimp\config.h">
      <Filter>Header Files</Filter>
    </ClInclude>
    <ClInclude Include="include\assimp\CreateAnimMesh.h">
      <Filter>Header Files</Filter>
    </ClInclude>
    <ClInclude Include="include\assimp\DefaultIOStream.h">
      <Filter>Header Files</Filter>
    </ClInclude>
    <ClInclude Include="include\assimp\DefaultIOSystem.h">
      <Filter>Header Files</Filter>
    </ClInclude>
    <ClInclude Include="include\assimp\DefaultLogger.hpp">
      <Filter>Header Files</Filter>
    </ClInclude>
    <ClInclude Include="include\assimp\defs.h">
      <Filter>Header Files</Filter>
    </ClInclude>
    <ClInclude Include="include\assimp\Exceptional.h">
      <Filter>Header Files</Filter>
    </ClInclude>
    <ClInclude Include="include\assimp\Exporter.hpp">
      <Filter>Header Files</Filter>
    </ClInclude>
    <ClInclude Include="include\assimp\fast_atof.h">
      <Filter>Header Files</Filter>
    </ClInclude>
    <ClInclude Include="include\assimp\GenericProperty.h">
      <Filter>Header Files</Filter>
    </ClInclude>
    <ClInclude Include="include\assimp\GltfMaterial.h">
      <Filter>Header Files</Filter>
    </ClInclude>
    <ClInclude Include="include\assimp\Hash.h">
      <Filter>Header Files</Filter>
    </ClInclude>
    <ClInclude Include="include\assimp\Importer.hpp">
      <Filter>Header Files</Filter>
    </ClInclude>
    <ClInclude Include="include\assimp\importerdesc.h">
      <Filter>Header Files</Filter>
    </ClInclude>
    <ClInclude Include="include\assimp\IOStream.hpp">
      <Filter>Header Files</Filter>
    </ClInclude>
    <ClInclude Include="include\assimp\IOStreamBuffer.h">
      <Filter>Header Files</Filter>
    </ClInclude>
    <ClInclude Include="include\assimp\IOSystem.hpp">
      <Filter>Header Files</Filter>
    </ClInclude>
    <ClInclude Include="include\assimp\light.h">
      <Filter>Header Files</Filter>
    </ClInclude>
    <ClInclude Include="include\assimp\LineSplitter.h">
      <Filter>Header Files</Filter>
    </ClInclude>
    <ClInclude Include="include\assimp\LogAux.h">
      <Filter>Header Files</Filter>
    </ClInclude>
    <ClInclude Include="include\assimp\Logger.hpp">
      <Filter>Header Files</Filter>
    </ClInclude>
    <ClInclude Include="include\assimp\LogStream.hpp">
      <Filter>Header Files</Filter>
    </ClInclude>
    <ClInclude Include="include\assimp\material.h">
      <Filter>Header Files</Filter>
    </ClInclude>
    <ClInclude Include="include\assimp\MathFunctions.h">
      <Filter>Header Files</Filter>
    </ClInclude>
    <ClInclude Include="include\assimp\matrix3x3.h">
      <Filter>Header Files</Filter>
    </ClInclude>
    <ClInclude Include="include\assimp\matrix4x4.h">
      <Filter>Header Files</Filter>
    </ClInclude>
    <ClInclude Include="include\assimp\MemoryIOWrapper.h">
      <Filter>Header Files</Filter>
    </ClInclude>
    <ClInclude Include="include\assimp\mesh.h">
      <Filter>Header Files</Filter>
    </ClInclude>
    <ClInclude Include="include\assimp\metadata.h">
      <Filter>Header Files</Filter>
    </ClInclude>
    <ClInclude Include="include\assimp\NullLogger.hpp">
      <Filter>Header Files</Filter>
    </ClInclude>
    <ClInclude Include="include\assimp\ObjMaterial.h">
      <Filter>Header Files</Filter>
    </ClInclude>
    <ClInclude Include="include\assimp\ParsingUtils.h">
      <Filter>Header Files</Filter>
    </ClInclude>
    <ClInclude Include="include\assimp\pbrmaterial.h">
      <Filter>Header Files</Filter>
    </ClInclude>
    <ClInclude Include="include\assimp\postprocess.h">
      <Filter>Header Files</Filter>
    </ClInclude>
    <ClInclude Include="include\assimp\Profiler.h">
      <Filter>Header Files</Filter>
    </ClInclude>
    <ClInclude Include="include\assimp\ProgressHandler.hpp">
      <Filter>Header Files</Filter>
    </ClInclude>
    <ClInclude Include="include\assimp\qnan.h">
      <Filter>Header Files</Filter>
    </ClInclude>
    <ClInclude Include="include\assimp\quaternion.h">
      <Filter>Header Files</Filter>
    </ClInclude>
    <ClInclude Include="include\assimp\RemoveComments.h">
      <Filter>Header Files</Filter>
    </ClInclude>
    <ClInclude Include="include\assimp\revision.h">
      <Filter>Header Files</Filter>
    </ClInclude>
    <ClInclude Include="include\assimp\scene.h">
      <Filter>Header Files</Filter>
    </ClInclude>
    <ClInclude Include="include\assimp\SceneCombiner.h">
      <Filter>Header Files</Filter>
    </ClInclude>
    <ClInclude Include="include\assimp\SGSpatialSort.h">
      <Filter>Header Files</Filter>
    </ClInclude>
    <ClInclude Include="include\assimp\SkeletonMeshBuilder.h">
      <Filter>Header Files</Filter>
    </ClInclude>
    <ClInclude Include="include\assimp\SmallVector.h">
      <Filter>Header Files</Filter>
    </ClInclude>
    <ClInclude Include="include\assimp\SmoothingGroups.h">
      <Filter>Header Files</Filter>
    </ClInclude>
    <ClInclude Include="include\assimp\SpatialSort.h">
      <Filter>Header Files</Filter>
    </ClInclude>
    <ClInclude Include="include\assimp\StandardShapes.h">
      <Filter>Header Files</Filter>
    </ClInclude>
    <ClInclude Include="include\assimp\StreamReader.h">
      <Filter>Header Files</Filter>
    </ClInclude>
    <ClInclude Include="include\assimp\StreamWriter.h">
      <Filter>Header Files</Filter>
    </ClInclude>
    <ClInclude Include="include\assimp\StringComparison.h">
      <Filter>Header Files</Filter>
    </ClInclude>
    <ClInclude Include="include\assimp\StringUtils.h">
      <Filter>Header Files</Filter>
    </ClInclude>
    <ClInclude Include="include\assimp\Subdivision.h">
      <Filter>Header Files</Filter>
    </ClInclude>
    <ClInclude Include="include\assimp\texture.h">
      <Filter>Header Files</Filter>
    </ClInclude>
    <ClInclude Include="include\assimp\TinyFormatter.h">
      <Filter>Header Files</Filter>
    </ClInclude>
    <ClInclude Include="include\assimp\types.h">
      <Filter>Header Files</Filter>
    </ClInclude>
    <ClInclude Include="include\assimp\vector2.h">
      <Filter>Header Files</Filter>
    </ClInclude>
    <ClInclude Include="include\assimp\vector3.h">
      <Filter>Header Files</Filter>
    </ClInclude>
    <ClInclude Include="include\assimp\version.h">
      <Filter>Header Files</Filter>
    </ClInclude>
    <ClInclude Include="include\assimp\Vertex.h">
      <Filter>Header Files</Filter>
    </ClInclude>
    <ClInclude Include="include\assimp\XmlParser.h">
      <Filter>Header Files</Filter>
    </ClInclude>
    <ClInclude Include="include\assimp\XMLTools.h">
      <Filter>Header Files</Filter>
    </ClInclude>
    <ClInclude Include="include\assimp\ZipArchiveIOSystem.h">
      <Filter>Header Files</Filter>
    </ClInclude>
    <ClInclude Include="src\FileSystem\BufferSizes.h">
      <Filter>Header Files</Filter>
    </ClInclude>
    <ClInclude Include="src\FileSystem\FileTypes.h">
      <Filter>Header Files</Filter>
    </ClInclude>
    <ClInclude Include="src\FileSystem\MaterialKeys.h">
      <Filter>Header Files</Filter>
    </ClInclude>
    <ClInclude Include="src\FileSystem\NullKeys.h">
      <Filter>Header Files</Filter>
    </ClInclude>
  </ItemGroup>
  <ItemGroup>
    <None Include="vcpkg.json" />
    <None Include=".clang-format" />
    <None Include="include\assimp\Common\StackAllocator.inl">
      <Filter>Header Files</Filter>
    </None>
    <None Include="include\assimp\AssetLib\Blender\BlenderDNA.inl">
      <Filter>Header Files</Filter>
    </None>
    <None Include="include\assimp\AssetLib\glTF\glTFAsset.inl">
      <Filter>Header Files</Filter>
    </None>
    <None Include="include\assimp\AssetLib\glTF\glTFAssetWriter.inl">
      <Filter>Header Files</Filter>
    </None>
    <None Include="include\assimp\AssetLib\glTF2\glTF2Asset.inl">
      <Filter>Header Files</Filter>
    </None>
    <None Include="include\assimp\AssetLib\glTF2\glTF2AssetWriter.inl">
      <Filter>Header Files</Filter>
    </None>
    <None Include="include\assimp\color4.inl">
      <Filter>Header Files</Filter>
    </None>
    <None Include="include\assimp\material.inl">
      <Filter>Header Files</Filter>
    </None>
    <None Include="include\assimp\matrix3x3.inl">
      <Filter>Header Files</Filter>
    </None>
    <None Include="include\assimp\matrix4x4.inl">
      <Filter>Header Files</Filter>
    </None>
    <None Include="include\assimp\quaternion.inl">
      <Filter>Header Files</Filter>
    </None>
    <None Include="include\assimp\SmoothingGroups.inl">
      <Filter>Header Files</Filter>
    </None>
    <None Include="include\assimp\vector2.inl">
      <Filter>Header Files</Filter>
    </None>
    <None Include="include\assimp\vector3.inl">
      <Filter>Header Files</Filter>
    </None>
  </ItemGroup>
  <ItemGroup>
    <ResourceCompile Include="include\assimp\res\assimp.rc">
      <Filter>Resource Files</Filter>
    </ResourceCompile>
  </ItemGroup>
</Project>