<?xml version="1.0" encoding="utf-8"?>
<Project xmlns="http://schemas.microsoft.com/developer/msbuild/2003" ToolsVersion="4.0">
  <ItemGroup>
    <ClCompile Include="src\CoreApi.cpp">
      <Filter>Source Files</Filter>
    </ClCompile>
    <ClCompile Include="src\FileSystem\FileIOHelper.cpp">
      <Filter>Source Files</Filter>
    </ClCompile>
    <ClInclude Include="include\Debugging\DebugFuncs.h">
      <Filter>Header Files</Filter>
    </ClInclude>
    <ClInclude Include="include\Debugging\DebugMemAlloc.h">
      <Filter>Header Files</Filter>
    </ClInclude>
    <ClInclude Include="include\FileSystem\BufferSizes.h">
      <Filter>Header Files</Filter>
    </ClInclude>
    <ClInclude Include="include\FileSystem\FileIOHelper.h">
      <Filter>Header Files</Filter>
    </ClInclude>
    <ClInclude Include="include\FileSystem\FileTypes.h">
      <Filter>Header Files</Filter>
    </ClInclude>
    <ClInclude Include="include\FileSystem\NullKeys.h">
      <Filter>Header Files</Filter>
    </ClInclude>
    <ClInclude Include="include\Foxtrot\Core\CoreApi.h">
      <Filter>Header Files</Filter>
    </ClInclude>
    <ClInclude Include="include\Foxtrot\Core\ModuleApi.h">
      <Filter>Header Files</Filter>
    </ClInclude>
    <ClInclude Include="include\FTDS\Dynamic\BinaryNode.h">
      <Filter>Header Files</Filter>
    </ClInclude>
    <ClInclude Include="include\FTDS\Dynamic\BinSrchTree.h">
      <Filter>Header Files</Filter>
    </ClInclude>
    <ClInclude Include="include\FTDS\Dynamic\BinTree.h">
      <Filter>Header Files</Filter>
    </ClInclude>
    <ClInclude Include="include\FTDS\Dynamic\DynamicArray.h">
      <Filter>Header Files</Filter>
    </ClInclude>
    <ClInclude Include="include\FTDS\Dynamic\LinkedList.h">
      <Filter>Header Files</Filter>
    </ClInclude>
    <ClInclude Include="include\FTDS\Dynamic\LinkedQueue.h">
      <Filter>Header Files</Filter>
    </ClInclude>
    <ClInclude Include="include\FTDS\Dynamic\LinkedStack.h">
      <Filter>Header Files</Filter>
    </ClInclude>
    <ClInclude Include="include\FTDS\Dynamic\Node.h">
      <Filter>Header Files</Filter>
    </ClInclude>
    <ClInclude Include="include\FTDS\Dynamic\RecordNode.h">
      <Filter>Header Files</Filter>
    </ClInclude>
    <ClInclude Include="include\FTDS\Iterator\FTIterator.h">
      <Filter>Header Files</Filter>
    </ClInclude>
    <ClInclude Include="include\FTDS\Node\HeapNode.h">
      <Filter>Header Files</Filter>
    </ClInclude>
    <ClInclude Include="include\FTDS\Search\BinarySearch.h">
      <Filter>Header Files</Filter>
    </ClInclude>
    <ClInclude Include="include\FTDS\Search\DepthFirstSearch.h">
      <Filter>Header Files</Filter>
    </ClInclude>
    <ClInclude Include="include\FTDS\Sort\InsertionSort.h">
      <Filter>Header Files</Filter>
    </ClInclude>
    <ClInclude Include="include\FTDS\Static\Array.h">
      <Filter>Header Files</Filter>
    </ClInclude>
    <ClInclude Include="include\FTDS\Static\ArrayStack.h">
      <Filter>Header Files</Filter>
    </ClInclude>
    <ClInclude Include="include\FTDS\Static\CircularQueue.h">
      <Filter>Header Files</Filter>
    </ClInclude>
    <ClInclude Include="include\FTDS\Static\CircularStack.h">
      <Filter>Header Files</Filter>
    </ClInclude>
    <ClInclude Include="include\FTDS\Static\FTString.h">
      <Filter>Header Files</Filter>
    </ClInclude>
    <ClInclude Include="include\FTDS\Static\HashMap.h">
      <Filter>Header Files</Filter>
    </ClInclude>
    <ClInclude Include="include\FTDS\Static\Heap.h">
      <Filter>Header Files</Filter>
    </ClInclude>
    <ClInclude Include="include\FTDS\Static\Record.h">
      <Filter>Header Files</Filter>
    </ClInclude>
    <ClInclude Include="include\FTDS\Utils\DSLogs.h">
      <Filter>Header Files</Filter>
    </ClInclude>
    <ClInclude Include="include\FTDS\Utils\StrAssign.h">
      <Filter>Header Files</Filter>
    </ClInclude>
    <ClInclude Include="include\ResourceSystem\CoreResource.h">
      <Filter>Header Files</Filter>
    </ClInclude>
    <ClInclude Include="include\ResourceSystem\FTResource.h">
      <Filter>Header Files</Filter>
    </ClInclude>
    <ClInclude Include="include\ResourceSystem\IResource.h">
      <Filter>Header Files</Filter>
    </ClInclude>
    <ClInclude Include="include\TemplateFunctions.h">
      <Filter>Header Files</Filter>
    </ClInclude>
  </ItemGroup>
  <ItemGroup>
    <Filter Include="Source Files" />
    <Filter Include="Header Files" />
    <Filter Include="Other Files" />
  </ItemGroup>
  <ItemGroup>
    <None Include="src\ResourceSystem\FTResource.cpp">
      <Filter>Other Files</Filter>
    </None>
    <None Include="src\FTDS\Dynamic\RecordNode">
      <Filter>Other Files</Filter>
    </None>
    <None Include="include\FTDS\Dynamic\RecordNode">
      <Filter>Other Files</Filter>
    </None>
  </ItemGroup>
</Project>